github.com/Rican7/conjson v0.1.0 h1:8dNZzdy1mzwo9LOideWcOyY3PbKdsJPF7hj31/mrIiw=
github.com/Rican7/conjson v0.1.0/go.mod h1:CL1oWzzC9Ox36F2ghCPmtNpdW/ZKRunAc4dEoCL4Qyc=
github.com/alexflint/go-arg v1.5.1 h1:nBuWUCpuRy0snAG+uIJ6N0UvYxpxA0/ghA/AaHxlT8Y=
github.com/alexflint/go-arg v1.5.1/go.mod h1:A7vTJzvjoaSTypg4biM5uYNTkJ27SkNTArtYXnlqVO8=
github.com/alexflint/go-scalar v1.2.0 h1:WR7JPKkeNpnYIOfHRa7ivM21aWAdHD0gEWHCx+WQBRw=
github.com/alexflint/go-scalar v1.2.0/go.mod h1:LoFvNMqS1CPrMVltza4LvnGKhaSpc3oyLEBUZVhhS2o=
github.com/davecgh/go-spew v1.1.1/go.mod h1:J7Y8YcW2NihsgmVo/mv3lAwl/skON4iLHjSsI+c5H38=
github.com/davecgh/go-spew v1.1.2-0.20180830191138-d8f796af33cc h1:U9qPSI2PIWSS1VwoXQT9A3Wy9MM3WgvqSxFWenqJduM=
github.com/davecgh/go-spew v1.1.2-0.20180830191138-d8f796af33cc/go.mod h1:J7Y8YcW2NihsgmVo/mv3lAwl/skON4iLHjSsI+c5H38=
github.com/pmezard/go-difflib v1.0.0/go.mod h1:iKH77koFhYxTK1pcRnkKkqfTogsbg7gZNVY4sRDYZ/4=
github.com/pmezard/go-difflib v1.0.1-0.20181226105442-5d4384ee4fb2 h1:Jamvg5psRIccs7FGNTlIRMkT8wgtp5eCXdBlqhYGL6U=
github.com/pmezard/go-difflib v1.0.1-0.20181226105442-5d4384ee4fb2/go.mod h1:iKH77koFhYxTK1pcRnkKkqfTogsbg7gZNVY4sRDYZ/4=
github.com/stretchr/testify v1.2.2/go.mod h1:a8OnRcib4nhh0OaRAV+Yts87kKdq0PP7pXfy6kDkUVs=
github.com/stretchr/testify v1.10.0 h1:Xv5erBjTwe/5IxqUQTdXv5kgmIvbHo3QQyRwhJsOfJA=
github.com/stretchr/testify v1.10.0/go.mod h1:r2ic/lqez/lEtzL7wO/rwa5dbSLXVDPFyf8C91i36aY=
github.com/teejays/gokutil/clog v0.0.0-20250327182246-7e4e9489b49e h1:SZS1qAcCvjOaemSMHFfw2ReS+UMj1oedOoO81bioC+A=
github.com/teejays/gokutil/clog v0.0.0-20250327182246-7e4e9489b49e/go.mod h1:hNo+kINeDBD0TFAXy3xxB3c9u8C2Wp4U+ZrZ8lMXp+s=
github.com/teejays/gokutil/ctxutil v0.0.0-20250327182246-7e4e9489b49e h1:B3EkYKbQH9upe+2AhXtwBcE0BUcPNrgi0ElMk4zt8MA=
github.com/teejays/gokutil/ctxutil v0.0.0-20250327182246-7e4e9489b49e/go.mod h1:kYS51qfE6OEQVrHIAuQ5/IXr8OmblJCMHfTmNQfMSy8=
github.com/teejays/gokutil/env v0.0.0-20250327182246-7e4e9489b49e h1:BNhTwH/aKSrvPLG8QMvX+CfjshFElHX0eRhP66NuQRA=
github.com/teejays/gokutil/env v0.0.0-20250327182246-7e4e9489b49e/go.mod h1:KPxsTrw8yS8mkQVb47/An/7LLhJRbM18+uIzNajqIPE=
github.com/teejays/gokutil/errutil v0.0.0-20250327182246-7e4e9489b49e h1:CnMOH3Npqz2pI5P/LrbXhBkTlKRmLEdAHPOdsA3x1+o=
github.com/teejays/gokutil/errutil v0.0.0-20250327182246-7e4e9489b49e/go.mod h1:dUdO74zPEuyamdP9vkGxLfuONllFIvnPexY04/S284M=
github.com/teejays/gokutil/gopi v0.0.0-20250327182246-7e4e9489b49e h1:w7Ccj13ruQ6Ub2+srcdEDRfm91YxVhDDng4T6N9Y4JE=
github.com/teejays/gokutil/gopi v0.0.0-20250327182246-7e4e9489b49e/go.mod h1:k4PgCIOIaQbbIPTtC/CII8BOzdCndFM55GpNi3ZVOag=
github.com/teejays/gokutil/log v0.0.0-20250327182246-7e4e9489b49e h1:ctG91nkhaateCzo1aTPl3dLJiakVKW7sM7H0DDFeMtU=
github.com/teejays/gokutil/log v0.0.0-20250327182246-7e4e9489b49e/go.mod h1:k1KlgpP/c659+yorsv0QHQcRHAW9xVfBb0cGk6qVGLk=
github.com/teejays/gokutil/panics v0.0.0-20250327182246-7e4e9489b49e h1:4a9EeAjpGwbslS2IxEfDHViob++/wo4vodB9I+eGkPM=
github.com/teejays/gokutil/panics v0.0.0-20250327182246-7e4e9489b49e/go.mod h1:02LGenLAbivQzXEl9ZHh+9ZdfrMEbJSHtChh5U4S+w4=
github.com/teejays/gokutil/sclog v0.0.0-20250327182246-7e4e9489b49e h1:OyUI6UJJ/McW0hZD978/VA/7j4ZN/BGdSCh2UFWH05o=
github.com/teejays/gokutil/sclog v0.0.0-20250327182246-7e4e9489b49e/go.mod h1:an2BeO5H9ybaKqVwaGC+QtIaUKUavGoNVMgiGYDH0Ac=
gopkg.in/yaml.v3 v3.0.1 h1:fxVm/GzAzEWqLHuvctI91KS9hhNmmWOoWu0XTYJS7CA=
gopkg.in/yaml.v3 v3.0.1/go.mod h1:K4uyk7z7BCEPqu6E+C64Yfv1cQ7kz7rIZviUmN+EgEM=
