github.com/Rican7/conjson v0.1.0 h1:8dNZzdy1mzwo9LOideWcOyY3PbKdsJPF7hj31/mrIiw=
github.com/Rican7/conjson v0.1.0/go.mod h1:CL1oWzzC9Ox36F2ghCPmtNpdW/ZKRunAc4dEoCL4Qyc=
github.com/alexflint/go-arg v1.5.1 h1:nBuWUCpuRy0snAG+uIJ6N0UvYxpxA0/ghA/AaHxlT8Y=
github.com/alexflint/go-arg v1.5.1/go.mod h1:A7vTJzvjoaSTypg4biM5uYNTkJ27SkNTArtYXnlqVO8=
github.com/alexflint/go-scalar v1.2.0 h1:WR7JPKkeNpnYIOfHRa7ivM21aWAdHD0gEWHCx+WQBRw=
github.com/alexflint/go-scalar v1.2.0/go.mod h1:LoFvNMqS1CPrMVltza4LvnGKhaSpc3oyLEBUZVhhS2o=
github.com/davecgh/go-spew v1.1.1/go.mod h1:J7Y8YcW2NihsgmVo/mv3lAwl/skON4iLHjSsI+c5H38=
github.com/davecgh/go-spew v1.1.2-0.20180830191138-d8f796af33cc h1:U9qPSI2PIWSS1VwoXQT9A3Wy9MM3WgvqSxFWenqJduM=
github.com/davecgh/go-spew v1.1.2-0.20180830191138-d8f796af33cc/go.mod h1:J7Y8YcW2NihsgmVo/mv3lAwl/skON4iLHjSsI+c5H38=
github.com/pmezard/go-difflib v1.0.0/go.mod h1:iKH77koFhYxTK1pcRnkKkqfTogsbg7gZNVY4sRDYZ/4=
github.com/pmezard/go-difflib v1.0.1-0.20181226105442-5d4384ee4fb2 h1:Jamvg5psRIccs7FGNTlIRMkT8wgtp5eCXdBlqhYGL6U=
github.com/pmezard/go-difflib v1.0.1-0.20181226105442-5d4384ee4fb2/go.mod h1:iKH77koFhYxTK1pcRnkKkqfTogsbg7gZNVY4sRDYZ/4=
github.com/stretchr/testify v1.2.2/go.mod h1:a8OnRcib4nhh0OaRAV+Yts87kKdq0PP7pXfy6kDkUVs=
github.com/stretchr/testify v1.10.0 h1:Xv5erBjTwe/5IxqUQTdXv5kgmIvbHo3QQyRwhJsOfJA=
github.com/stretchr/testify v1.10.0/go.mod h1:r2ic/lqez/lEtzL7wO/rwa5dbSLXVDPFyf8C91i36aY=
github.com/teejays/gokutil/clog v0.0.0-20250110183657-b8d5cbde594a h1:92Sq65YPs54vdJZ7JCZQj71Zz7SiDi5aRXDSeI/kVZ0=
github.com/teejays/gokutil/clog v0.0.0-20250110183657-b8d5cbde594a/go.mod h1:hNo+kINeDBD0TFAXy3xxB3c9u8C2Wp4U+ZrZ8lMXp+s=
github.com/teejays/gokutil/ctxutil v0.0.0-20250110183657-b8d5cbde594a h1:4Ru8MFoh/K6sko6tPEQn3tTPwtSOB0tMm/6vTBfrxmc=
github.com/teejays/gokutil/ctxutil v0.0.0-20250110183657-b8d5cbde594a/go.mod h1:wbH5wNXXPHnU19Er8YKK7s8Eo8Dj6chkhHyvQPStuZw=
github.com/teejays/gokutil/env v0.0.0-20250110183657-b8d5cbde594a h1:/pSYed0kTCmJ7VD8aIV28GgAKUz7wKqiKf+ptxtvefo=
github.com/teejays/gokutil/env v0.0.0-20250110183657-b8d5cbde594a/go.mod h1:LmjCSyIfALUlKuAEW+kVsMYkP3Pg5OFUKGb3Hl3xpCM=
github.com/teejays/gokutil/errutil v0.0.0-20250110183657-b8d5cbde594a h1:GNDk37AdHjdSQfBRWO3odoxERoFmMafOqOwu3NUzbB8=
github.com/teejays/gokutil/errutil v0.0.0-20250110183657-b8d5cbde594a/go.mod h1:A+zmzZdr/SFMfSFbyJRL4o25sMtyHsBR7++OZRJXzik=
github.com/teejays/gokutil/gopi v0.0.0-20250110183657-b8d5cbde594a h1:hlrChnv9eBO1NaUrtmF9UNOz/sMkcQBWN90Ib3ox8hU=
github.com/teejays/gokutil/gopi v0.0.0-20250110183657-b8d5cbde594a/go.mod h1:O3Ax2ELDkqBHVeQ8h5SDiW42SegZRW+DgJU6C/IO+3s=
github.com/teejays/gokutil/log v0.0.0-20250110183657-b8d5cbde594a h1:ndOHQBcAhotTEzxkSXuxL19h9a5vYOK5sY3RDE27sag=
github.com/teejays/gokutil/log v0.0.0-20250110183657-b8d5cbde594a/go.mod h1:1HrXYOsxJqJk4uEKpnECHhkXXkc9yCdy1pqXqjfhb7Y=
github.com/teejays/gokutil/panics v0.0.0-20250110183657-b8d5cbde594a h1:8U+T7h8olBfIQuRUIONDs1+5DKv5mmL6iSQrT5FRrHM=
github.com/teejays/gokutil/panics v0.0.0-20250110183657-b8d5cbde594a/go.mod h1:02LGenLAbivQzXEl9ZHh+9ZdfrMEbJSHtChh5U4S+w4=
github.com/teejays/gokutil/sclog v0.0.0-20250110183657-b8d5cbde594a h1:V+X8c1+yiMfomMj/jYGxtZZgMHgEuCY7pFo4lc0NTls=
github.com/teejays/gokutil/sclog v0.0.0-20250110183657-b8d5cbde594a/go.mod h1:eAnG4v8ucYbRh51PxnkU2Ys1oIWaoWXD+L3ohjn8fXw=
gopkg.in/yaml.v3 v3.0.1 h1:fxVm/GzAzEWqLHuvctI91KS9hhNmmWOoWu0XTYJS7CA=
gopkg.in/yaml.v3 v3.0.1/go.mod h1:K4uyk7z7BCEPqu6E+C64Yfv1cQ7kz7rIZviUmN+EgEM=
