github.com/Rican7/conjson v0.1.0 h1:8dNZzdy1mzwo9LOideWcOyY3PbKdsJPF7hj31/mrIiw=
github.com/Rican7/conjson v0.1.0/go.mod h1:CL1oWzzC9Ox36F2ghCPmtNpdW/ZKRunAc4dEoCL4Qyc=
github.com/alexflint/go-arg v1.5.1 h1:nBuWUCpuRy0snAG+uIJ6N0UvYxpxA0/ghA/AaHxlT8Y=
github.com/alexflint/go-arg v1.5.1/go.mod h1:A7vTJzvjoaSTypg4biM5uYNTkJ27SkNTArtYXnlqVO8=
github.com/alexflint/go-scalar v1.2.0 h1:WR7JPKkeNpnYIOfHRa7ivM21aWAdHD0gEWHCx+WQBRw=
github.com/alexflint/go-scalar v1.2.0/go.mod h1:LoFvNMqS1CPrMVltza4LvnGKhaSpc3oyLEBUZVhhS2o=
github.com/davecgh/go-spew v1.1.1/go.mod h1:J7Y8YcW2NihsgmVo/mv3lAwl/skON4iLHjSsI+c5H38=
github.com/davecgh/go-spew v1.1.2-0.20180830191138-d8f796af33cc h1:U9qPSI2PIWSS1VwoXQT9A3Wy9MM3WgvqSxFWenqJduM=
github.com/davecgh/go-spew v1.1.2-0.20180830191138-d8f796af33cc/go.mod h1:J7Y8YcW2NihsgmVo/mv3lAwl/skON4iLHjSsI+c5H38=
github.com/pmezard/go-difflib v1.0.0/go.mod h1:iKH77koFhYxTK1pcRnkKkqfTogsbg7gZNVY4sRDYZ/4=
github.com/pmezard/go-difflib v1.0.1-0.20181226105442-5d4384ee4fb2 h1:Jamvg5psRIccs7FGNTlIRMkT8wgtp5eCXdBlqhYGL6U=
github.com/pmezard/go-difflib v1.0.1-0.20181226105442-5d4384ee4fb2/go.mod h1:iKH77koFhYxTK1pcRnkKkqfTogsbg7gZNVY4sRDYZ/4=
github.com/stretchr/testify v1.2.2/go.mod h1:a8OnRcib4nhh0OaRAV+Yts87kKdq0PP7pXfy6kDkUVs=
github.com/stretchr/testify v1.10.0 h1:Xv5erBjTwe/5IxqUQTdXv5kgmIvbHo3QQyRwhJsOfJA=
github.com/stretchr/testify v1.10.0/go.mod h1:r2ic/lqez/lEtzL7wO/rwa5dbSLXVDPFyf8C91i36aY=
github.com/teejays/gokutil/clog v0.0.0-20250219150958-66256d2aea1e h1:ibhx/h2DdOoTGNFoTUcl4k6pAlNRndUx68HCdyvJaEI=
github.com/teejays/gokutil/clog v0.0.0-20250219150958-66256d2aea1e/go.mod h1:hNo+kINeDBD0TFAXy3xxB3c9u8C2Wp4U+ZrZ8lMXp+s=
github.com/teejays/gokutil/ctxutil v0.0.0-20250219150958-66256d2aea1e h1:T2DeCBNaCv0x9yPJ1FOsoAeO0wmR2ozKVhlOYpZJuB8=
github.com/teejays/gokutil/ctxutil v0.0.0-20250219150958-66256d2aea1e/go.mod h1:/zrxyus98D1vTkGi01KUGJgd6IYBt6Rv8yLGG42eEx4=
github.com/teejays/gokutil/env v0.0.0-20250219150958-66256d2aea1e h1:PB29yfj68PfJT/+AfZc2CuGfmd56oTnewkcS1jrMHHo=
github.com/teejays/gokutil/env v0.0.0-20250219150958-66256d2aea1e/go.mod h1:mX0bBj/CqO5MY3rzGfCb2kFwDG4ERkKzB0UtWCxElIY=
github.com/teejays/gokutil/errutil v0.0.0-20250219150958-66256d2aea1e h1:rXYil5ZQEnjF0aL3g0Z7THqcjl2KxPFw5Fec7Zno//k=
github.com/teejays/gokutil/errutil v0.0.0-20250219150958-66256d2aea1e/go.mod h1:ri1fzSsyTGLKYuTyRXMXhtFewrv5usJC1DYPJocGcIo=
github.com/teejays/gokutil/gopi v0.0.0-20250219150958-66256d2aea1e h1:/PBdUfFDyai2L5E7GELNVfCnA10O7ek4oCwj8ucnvJs=
github.com/teejays/gokutil/gopi v0.0.0-20250219150958-66256d2aea1e/go.mod h1:0Hdoolqy43Wi5+YLi+viq0av3of5hcfor/s5r+OHqYU=
github.com/teejays/gokutil/log v0.0.0-20250219150958-66256d2aea1e h1:p0/aF2EPHvXIdELVjY6t2XqsV1wSEKW/98oS8A+WGkg=
github.com/teejays/gokutil/log v0.0.0-20250219150958-66256d2aea1e/go.mod h1:kMSzIgVYo7AR5eb7Wvit9wFlLLjKdd8MxMzZ3ggBgKw=
github.com/teejays/gokutil/panics v0.0.0-20250219150958-66256d2aea1e h1:tck+3euIOR7teQ9X5iOoyL226ebPcW+6fhXK0gSyiJY=
github.com/teejays/gokutil/panics v0.0.0-20250219150958-66256d2aea1e/go.mod h1:02LGenLAbivQzXEl9ZHh+9ZdfrMEbJSHtChh5U4S+w4=
github.com/teejays/gokutil/sclog v0.0.0-20250219150958-66256d2aea1e h1:3jqmUJOe/3ApBvv/l/aIQGfMLkjGgYEShntWNDLqrro=
github.com/teejays/gokutil/sclog v0.0.0-20250219150958-66256d2aea1e/go.mod h1:rryZ/o9FiEtiuZ7cT/rz/LcMR6O9mcfdtFIrUcDiPJg=
gopkg.in/yaml.v3 v3.0.1 h1:fxVm/GzAzEWqLHuvctI91KS9hhNmmWOoWu0XTYJS7CA=
gopkg.in/yaml.v3 v3.0.1/go.mod h1:K4uyk7z7BCEPqu6E+C64Yfv1cQ7kz7rIZviUmN+EgEM=
