github.com/teejays/gokutil/clog v0.0.0-20250319033709-dfd2699fbc65 h1:oi5msKrybcxbv7JHEO2z+EFuIgwm1L2EyTPCwVF/7T8=
github.com/teejays/gokutil/clog v0.0.0-20250319033709-dfd2699fbc65/go.mod h1:hNo+kINeDBD0TFAXy3xxB3c9u8C2Wp4U+ZrZ8lMXp+s=
github.com/teejays/gokutil/ctxutil v0.0.0-20250319033709-dfd2699fbc65 h1:DtnBFXZlplOzZ55EMAPWTGxtWBL10nqgoqrRVx/2ncg=
github.com/teejays/gokutil/ctxutil v0.0.0-20250319033709-dfd2699fbc65/go.mod h1:tneEdTRbW8Lv7PmFwxqHRVR3UGGTyREhfZSqLHy95/0=
github.com/teejays/gokutil/env v0.0.0-20250319033709-dfd2699fbc65 h1:QcYMRTBFk9kqz8sF5QYxquesa1D/9rfrweeqYkSgoLw=
github.com/teejays/gokutil/env v0.0.0-20250319033709-dfd2699fbc65/go.mod h1:I/6kp7gct4VJUX7YeHNLX7Unp/Dj8N+/h0JcV/qzbo0=
github.com/teejays/gokutil/panics v0.0.0-20250319033709-dfd2699fbc65 h1:W0odwgOXfkaYccej/V7XTNXYmRg30MIqN7UN3cWh21E=
github.com/teejays/gokutil/panics v0.0.0-20250319033709-dfd2699fbc65/go.mod h1:02LGenLAbivQzXEl9ZHh+9ZdfrMEbJSHtChh5U4S+w4=
github.com/teejays/gokutil/sclog v0.0.0-20250319033709-dfd2699fbc65 h1:fr2vQzVCmOvf06FFWWsZBohUS0jfZKWQxqhYoWNYozI=
github.com/teejays/gokutil/sclog v0.0.0-20250319033709-dfd2699fbc65/go.mod h1:FUBuplxLvGToTrK97B3kpMi3OB+zMaLyi/Ii1xO3wIQ=
