github.com/teejays/gokutil/clog v0.0.0-20241129080937-a3d0cf712dbd h1:4SfCrdZRrqBg/L3s3LWqGFhBSNXM+Peo77Zs/U/yYWg=
github.com/teejays/gokutil/clog v0.0.0-20241129080937-a3d0cf712dbd/go.mod h1:Util6ES8k79mUEL3LoB/RkrbzoXnsW+e2BoN7ItLGSk=
github.com/teejays/gokutil/ctxutil v0.0.0-20241129080937-a3d0cf712dbd h1:6eVSVbmwjRg7mUxqVrC4MVd9Za2R1MfJH/gfO9e3J3Q=
github.com/teejays/gokutil/ctxutil v0.0.0-20241129080937-a3d0cf712dbd/go.mod h1:a/cgVgvgdK6hHg4/qRFGjIYT5/CYQZ6t0IZYaEbKClE=
github.com/teejays/gokutil/env v0.0.0-20241129080937-a3d0cf712dbd h1:V+3WwSOJyfeewPGtbsvMFqNtxYohgRwjVMCFRq4QJ9w=
github.com/teejays/gokutil/env v0.0.0-20241129080937-a3d0cf712dbd/go.mod h1:ocZK9igqJ2mBqMXTDRG34oPM8uWdYC39LcY11JVwX9I=
github.com/teejays/gokutil/panics v0.0.0-20241129080937-a3d0cf712dbd h1:M5ELFqVD+z0b+Dvx7H2zrlf/tpbvVimXVcnxrTbb3r8=
github.com/teejays/gokutil/panics v0.0.0-20241129080937-a3d0cf712dbd/go.mod h1:ozbKMbDGOPikGWQ5byY801Jv2s1P1gaNxAdtJIQQGRo=
github.com/teejays/gokutil/sclog v0.0.0-20241129080937-a3d0cf712dbd h1:78DPGdv8AoXl21qxVRMqeoRaHPTPFXpVurZrIt4iTZc=
github.com/teejays/gokutil/sclog v0.0.0-20241129080937-a3d0cf712dbd/go.mod h1:nSTupgPfeqpAgKMk9SG8ynDJpEVtBK1nSCaEB92yWc0=
