github.com/teejays/gokutil/clog v0.0.0-20250205165855-9fd5642b1ddd h1:h78L/QNvDONWaeqGfNAbg/UqdoRDGYZzghU0daWLJSE=
github.com/teejays/gokutil/clog v0.0.0-20250205165855-9fd5642b1ddd/go.mod h1:hNo+kINeDBD0TFAXy3xxB3c9u8C2Wp4U+ZrZ8lMXp+s=
github.com/teejays/gokutil/ctxutil v0.0.0-20250205165855-9fd5642b1ddd h1:wTVJLmSY9va65mm46UR88T9HErELF9vqPy/Y08tg4SQ=
github.com/teejays/gokutil/ctxutil v0.0.0-20250205165855-9fd5642b1ddd/go.mod h1:x1r9EcKHSAN3FPn1/N7d24GwohBN/LqwHllFV6auYhY=
github.com/teejays/gokutil/env v0.0.0-20250205165855-9fd5642b1ddd h1:n66/8TjbZYFUmtifLZnuXtHQayMGsoa2/pljSCNhBYU=
github.com/teejays/gokutil/env v0.0.0-20250205165855-9fd5642b1ddd/go.mod h1:yxWm5qnFMbBSKiXSCGZHhaPSWN2XqAeCnEfuf0rXQfk=
github.com/teejays/gokutil/panics v0.0.0-20250205165855-9fd5642b1ddd h1:aIS9ta42ux8BWVeUZObIVYTcPc8qgAeOYdZwUPer9CU=
github.com/teejays/gokutil/panics v0.0.0-20250205165855-9fd5642b1ddd/go.mod h1:02LGenLAbivQzXEl9ZHh+9ZdfrMEbJSHtChh5U4S+w4=
github.com/teejays/gokutil/sclog v0.0.0-20250205165855-9fd5642b1ddd h1:D2w6p3T42CW7bkk88i+e6Fu9pVlh4s+M7UaBDCAtQaY=
github.com/teejays/gokutil/sclog v0.0.0-20250205165855-9fd5642b1ddd/go.mod h1:2FDvULFuEDlxejnNl2d6kRy6mqL7YpoSoqf229v/U6o=
