github.com/DATA-DOG/go-sqlmock v1.5.0 h1:Shsta01QNfFxHCfpW6YH2STWB0MudeXXEWMr20OEh60=
github.com/DATA-DOG/go-sqlmock v1.5.0/go.mod h1:f/Ixk793poVmq4qj/V1dPUg2JEAKC73Q5eFN3EC/SaM=
github.com/Rican7/conjson v0.1.0 h1:8dNZzdy1mzwo9LOideWcOyY3PbKdsJPF7hj31/mrIiw=
github.com/Rican7/conjson v0.1.0/go.mod h1:CL1oWzzC9Ox36F2ghCPmtNpdW/ZKRunAc4dEoCL4Qyc=
github.com/bahlo/generic-list-go v0.2.0 h1:5sz/EEAK+ls5wF+NeqDpk5+iNdMDXrh3z3nPnH1Wvgk=
github.com/bahlo/generic-list-go v0.2.0/go.mod h1:2KvAjgMlE5NNynlg/5iLrrCCZ2+5xWbdbCW3pNTGyYg=
github.com/buger/jsonparser v1.1.1 h1:2PnMjfWD7wBILjqQbt530v576A/cAbQvEW9gGIpYMUs=
github.com/buger/jsonparser v1.1.1/go.mod h1:6RYKKt7H4d4+iWqouImQ9R2FZql3VbhNgx27UK13J/0=
github.com/davecgh/go-spew v1.1.0/go.mod h1:J7Y8YcW2NihsgmVo/mv3lAwl/skON4iLHjSsI+c5H38=
github.com/davecgh/go-spew v1.1.1/go.mod h1:J7Y8YcW2NihsgmVo/mv3lAwl/skON4iLHjSsI+c5H38=
github.com/davecgh/go-spew v1.1.2-0.20180830191138-d8f796af33cc h1:U9qPSI2PIWSS1VwoXQT9A3Wy9MM3WgvqSxFWenqJduM=
github.com/davecgh/go-spew v1.1.2-0.20180830191138-d8f796af33cc/go.mod h1:J7Y8YcW2NihsgmVo/mv3lAwl/skON4iLHjSsI+c5H38=
github.com/denisenkom/go-mssqldb v0.10.0/go.mod h1:xbL0rPBG9cCiLr28tMa8zpbdarY27NDyej4t/EjAShU=
github.com/doug-martin/goqu/v9 v9.19.0 h1:PD7t1X3tRcUiSdc5TEyOFKujZA5gs3VSA7wxSvBx7qo=
github.com/doug-martin/goqu/v9 v9.19.0/go.mod h1:nf0Wc2/hV3gYK9LiyqIrzBEVGlI8qW3GuDCEobC4wBQ=
github.com/gabriel-vasile/mimetype v1.4.7 h1:SKFKl7kD0RiPdbht0s7hFtjl489WcQ1VyPW8ZzUMYCA=
github.com/gabriel-vasile/mimetype v1.4.7/go.mod h1:GDlAgAyIRT27BhFl53XNAFtfjzOkLaF35JdEG0P7LtU=
github.com/go-logr/logr v1.2.2/go.mod h1:jdQByPbusPIv2/zmleS9BjJVeZ6kBagPoEUsqbVz/1A=
github.com/go-logr/logr v1.2.3/go.mod h1:jdQByPbusPIv2/zmleS9BjJVeZ6kBagPoEUsqbVz/1A=
github.com/go-logr/stdr v1.2.2/go.mod h1:mMo/vtBO5dYbehREoey6XUKy/eSumjCCveDpRre4VKE=
github.com/go-playground/assert/v2 v2.2.0 h1:JvknZsQTYeFEAhQwI4qEt9cyV5ONwRHC+lYKSsYSR8s=
github.com/go-playground/assert/v2 v2.2.0/go.mod h1:VDjEfimB/XKnb+ZQfWdccd7VUvScMdVu0Titje2rxJ4=
github.com/go-playground/locales v0.14.1 h1:EWaQ/wswjilfKLTECiXz7Rh+3BjFhfDFKv/oXslEjJA=
github.com/go-playground/locales v0.14.1/go.mod h1:hxrqLVvrK65+Rwrd5Fc6F2O76J/NuW9t0sjnWqG1slY=
github.com/go-playground/universal-translator v0.18.1 h1:Bcnm0ZwsGyWbCzImXv+pAJnYK9S473LQFuzCbDbfSFY=
github.com/go-playground/universal-translator v0.18.1/go.mod h1:xekY+UJKNuX9WP91TpwSH2VMlDf28Uj24BCp08ZFTUY=
github.com/go-playground/validator/v10 v10.23.0 h1:/PwmTwZhS0dPkav3cdK9kV1FsAmrL8sThn8IHr/sO+o=
github.com/go-playground/validator/v10 v10.23.0/go.mod h1:dbuPbCMFw/DrkbEynArYaCwl3amGuJotoKCe95atGMM=
github.com/go-sql-driver/mysql v1.6.0/go.mod h1:DCzpHaOWr8IXmIStZouvnhqoel9Qv2LBy8hT2VhHyBg=
github.com/golang-sql/civil v0.0.0-20190719163853-cb61b32ac6fe/go.mod h1:8vg3r2VgvsThLBIFL93Qb5yWzgyZWhEmBwUJWevAkK0=
github.com/google/go-cmp v0.5.7/go.mod h1:n+brtR0CgQNWTVd5ZUFpTBC8YFBDLK/h/bpaJ8/DtOE=
github.com/google/uuid v1.6.0 h1:NIvaJDMOsjHA8n1jAhLSgzrAzy1Hgr+hNrb57e+94F0=
github.com/google/uuid v1.6.0/go.mod h1:TIyPZe4MgqvfeYDBFedMoGGpEw/LqOeaOT+nhxU+yHo=
github.com/graph-gophers/graphql-go v1.5.0 h1:fDqblo50TEpD0LY7RXk/LFVYEVqo3+tXMNMPSVXA1yc=
github.com/graph-gophers/graphql-go v1.5.0/go.mod h1:YtmJZDLbF1YYNrlNAuiO5zAStUWc3XZT07iGsVqe1Os=
github.com/iancoleman/strcase v0.3.0 h1:nTXanmYxhfFAMjZL34Ov6gkzEsSJZ5DbhxWjvSASxEI=
github.com/iancoleman/strcase v0.3.0/go.mod h1:iwCmte+B7n89clKwxIoIXy/HfoL7AsD47ZCWhYzw7ho=
github.com/invopop/jsonschema v0.12.0 h1:6ovsNSuvn9wEQVOyc72aycBMVQFKz7cPdMJn10CvzRI=
github.com/invopop/jsonschema v0.12.0/go.mod h1:ffZ5Km5SWWRAIN6wbDXItl95euhFz2uON45H2qjYt+0=
github.com/kr/pretty v0.3.1 h1:flRD4NNwYAUpkphVc1HcthR4KEIFJ65n8Mw5qdRn3LE=
github.com/kr/pretty v0.3.1/go.mod h1:hoEshYVHaxMs3cyo3Yncou5ZscifuDolrwPKZanG3xk=
github.com/kr/text v0.2.0 h1:5Nx0Ya0ZqY2ygV366QzturHI13Jq95ApcVaJBhpS+AY=
github.com/kr/text v0.2.0/go.mod h1:eLer722TekiGuMkidMxC/pM04lWEeraHUUmBw8l2grE=
github.com/leodido/go-urn v1.4.0 h1:WT9HwE9SGECu3lg4d/dIA+jxlljEa1/ffXKmRjqdmIQ=
github.com/leodido/go-urn v1.4.0/go.mod h1:bvxc+MVxLKB4z00jd1z+Dvzr47oO32F/QSNjSBOlFxI=
github.com/lib/pq v1.10.1/go.mod h1:AlVN5x4E4T544tWzH6hKfbfQvm3HdbOxrmggDNAPY9o=
github.com/lib/pq v1.10.9 h1:YXG7RB+JIjhP29X+OtkiDnYaXQwpS4JEWq7dtCCRUEw=
github.com/lib/pq v1.10.9/go.mod h1:AlVN5x4E4T544tWzH6hKfbfQvm3HdbOxrmggDNAPY9o=
github.com/mailru/easyjson v0.9.0 h1:PrnmzHw7262yW8sTBwxi1PdJA3Iw/EKBa8psRf7d9a4=
github.com/mailru/easyjson v0.9.0/go.mod h1:1+xMtQp2MRNVL/V1bOzuP3aP8VNwRW55fQUto+XFtTU=
github.com/mattn/go-sqlite3 v1.14.7/go.mod h1:NyWgC/yNuGj7Q9rpYnZvas74GogHl5/Z4A/KQRfk6bU=
github.com/opentracing/opentracing-go v1.2.0/go.mod h1:GxEUsuufX4nBwe+T+Wl9TAgYrxe9dPLANfrWvHYVTgc=
github.com/pmezard/go-difflib v1.0.0/go.mod h1:iKH77koFhYxTK1pcRnkKkqfTogsbg7gZNVY4sRDYZ/4=
github.com/pmezard/go-difflib v1.0.1-0.20181226105442-5d4384ee4fb2 h1:Jamvg5psRIccs7FGNTlIRMkT8wgtp5eCXdBlqhYGL6U=
github.com/pmezard/go-difflib v1.0.1-0.20181226105442-5d4384ee4fb2/go.mod h1:iKH77koFhYxTK1pcRnkKkqfTogsbg7gZNVY4sRDYZ/4=
github.com/rogpeppe/go-internal v1.13.1 h1:KvO1DLK/DRN07sQ1LQKScxyZJuNnedQ5/wKSR38lUII=
github.com/rogpeppe/go-internal v1.13.1/go.mod h1:uMEvuHeurkdAXX61udpOXGD/AzZDWNMNyH2VO9fmH0o=
github.com/stretchr/objx v0.1.0/go.mod h1:HFkY916IF+rwdDfMAkV7OtwuqBVzrE8GR6GFx+wExME=
github.com/stretchr/objx v0.5.2 h1:xuMeJ0Sdp5ZMRXx/aWO6RZxdr3beISkG5/G/aIRr3pY=
github.com/stretchr/objx v0.5.2/go.mod h1:FRsXN1f5AsAjCGJKqEizvkpNtU+EGNCLh3NxZ/8L+MA=
github.com/stretchr/testify v1.3.0/go.mod h1:M5WIy9Dh21IEIfnGCwXGc5bZfKNJtfHm1UVUgZn+9EI=
github.com/stretchr/testify v1.7.0/go.mod h1:6Fq8oRcR53rry900zMqJjRRixrwX3KX962/h/Wwjteg=
github.com/stretchr/testify v1.7.1/go.mod h1:6Fq8oRcR53rry900zMqJjRRixrwX3KX962/h/Wwjteg=
github.com/stretchr/testify v1.10.0 h1:Xv5erBjTwe/5IxqUQTdXv5kgmIvbHo3QQyRwhJsOfJA=
github.com/stretchr/testify v1.10.0/go.mod h1:r2ic/lqez/lEtzL7wO/rwa5dbSLXVDPFyf8C91i36aY=
github.com/teejays/gokutil/client/db v0.0.0-20241226043601-855c42247dbc h1:qJJszDgRphgc2CWyLO0cySuSer617pppPKXhsgixf88=
github.com/teejays/gokutil/client/db v0.0.0-20241226043601-855c42247dbc/go.mod h1:hRhdRobu21jkpoU2Ti2tftgkci3sKx8ErA4kec19BEc=
github.com/teejays/gokutil/clog v0.0.0-20241226043601-855c42247dbc h1:4gCnFYiscT34nZA/5d2uCXozPUdUpJNpY9N9uYTJUeo=
github.com/teejays/gokutil/clog v0.0.0-20241226043601-855c42247dbc/go.mod h1:hNo+kINeDBD0TFAXy3xxB3c9u8C2Wp4U+ZrZ8lMXp+s=
github.com/teejays/gokutil/ctxutil v0.0.0-20241226043601-855c42247dbc h1:zbrjbX0K5GbCsrSjJeA6M9CpiaoPb5KfjWkDneekIPk=
github.com/teejays/gokutil/ctxutil v0.0.0-20241226043601-855c42247dbc/go.mod h1:iXyTY6v5Qv1cm+ilvwgTsfg63Z1s5/fZwYw4wQw2Nsk=
github.com/teejays/gokutil/env v0.0.0-20241226043601-855c42247dbc h1:tJs0oPpCtSW4y2G6Jox0HM+jfso9VsTrZFNWCsIEPRM=
github.com/teejays/gokutil/env v0.0.0-20241226043601-855c42247dbc/go.mod h1:ZT0zoZBo3uj5dKVnHi2n4exHRNroG7Ws3+fUnU2ygmc=
github.com/teejays/gokutil/errutil v0.0.0-20241226043601-855c42247dbc h1:z+Yo4zdsSQypoUOoN3dDRUqNeVQTbcSH2rtdX3Z/bzo=
github.com/teejays/gokutil/errutil v0.0.0-20241226043601-855c42247dbc/go.mod h1:IrAIhkgwnvflQ/dP+8AC3Eo7EqJ4h4h4sECKddtmPQE=
github.com/teejays/gokutil/gopi v0.0.0-20241226043601-855c42247dbc h1:zk3JiopxmUUOsDy9Wf618YnN7oEnVvK0KrjL91tVWZA=
github.com/teejays/gokutil/gopi v0.0.0-20241226043601-855c42247dbc/go.mod h1:eUb3Rfo9JcdicXYThmA8+6nGcGX9JHhF5XaFbV229VQ=
github.com/teejays/gokutil/log v0.0.0-20241226043601-855c42247dbc h1:5LMlc0g8uq+iknUTHhLEZEXMRJ5tfGgsUCc9mDIWoXg=
github.com/teejays/gokutil/log v0.0.0-20241226043601-855c42247dbc/go.mod h1:4ihAVu7mnSgpsz6EuiwPZvVyDD1IbVnES2Kmifw9m9o=
github.com/teejays/gokutil/naam v0.0.0-20241226043601-855c42247dbc h1:NQvN4o5FlZD8O5QaxhvPzhntjTisESthhvYkupUL4So=
github.com/teejays/gokutil/naam v0.0.0-20241226043601-855c42247dbc/go.mod h1:8jONNygwRfo0A6AehunGw63ozlpFXZ2f8/YUPFRb22c=
github.com/teejays/gokutil/panics v0.0.0-20241226043601-855c42247dbc h1:eMxSuCDpVWkeM01VQweC7F6U/v6qDHLH5/LQcJ+48Sk=
github.com/teejays/gokutil/panics v0.0.0-20241226043601-855c42247dbc/go.mod h1:02LGenLAbivQzXEl9ZHh+9ZdfrMEbJSHtChh5U4S+w4=
github.com/teejays/gokutil/scalars v0.0.0-20241226043601-855c42247dbc h1:CdJphDPDLAVo13iy5COjyxXw8kPSk5pe2e/G055sGuA=
github.com/teejays/gokutil/scalars v0.0.0-20241226043601-855c42247dbc/go.mod h1:VBoGV4VkLFG8Q/VGDkX88PsC7KqlnKreqQkNTICEu/o=
github.com/teejays/gokutil/sclog v0.0.0-20241226043601-855c42247dbc h1:Ewm27BlCoHrgQ1c6vEmVjdQzsEEUE1jV1IJRAb1TPYY=
github.com/teejays/gokutil/sclog v0.0.0-20241226043601-855c42247dbc/go.mod h1:zIwghvTmtF1uqYTwCKNWkKVOfTmnTyWgE85Er8zdxb4=
github.com/teejays/gokutil/strcase v0.0.0-20241226043601-855c42247dbc h1:EXc7tgcHK+B/El6gaZCitjuUdLqOvRW86WbUVHswioA=
github.com/teejays/gokutil/strcase v0.0.0-20241226043601-855c42247dbc/go.mod h1:qN81bQUqOi9RQR+wwNQsioEXkXdQ5tzw0QFCEBYDjjE=
github.com/teejays/gokutil/types v0.0.0-20241226043601-855c42247dbc h1:tKOtWhq55v8m0w7ZjmUSlgVt0xwu8uJAmmK6xFCBMUU=
github.com/teejays/gokutil/types v0.0.0-20241226043601-855c42247dbc/go.mod h1:j0scKf+uifbEngMsSQbdK9OtDZeXIcj2JIc2c3Ja6l0=
github.com/teejays/gokutil/validate v0.0.0-20241226043601-855c42247dbc h1:LaohiUHspqzgR05sIoSCSF8GKNNJDqv9kktevFM5chM=
github.com/teejays/gokutil/validate v0.0.0-20241226043601-855c42247dbc/go.mod h1:Rrdf5nEEsMA7NvPb1MEBzFdSuFo63ZkigQoBYH1CEV0=
github.com/wk8/go-ordered-map/v2 v2.1.8 h1:5h/BUHu93oj4gIdvHHHGsScSTMijfx5PeYkE/fJgbpc=
github.com/wk8/go-ordered-map/v2 v2.1.8/go.mod h1:5nJHM5DyteebpVlHnWMV0rPz6Zp7+xBAnxjb1X5vnTw=
go.opentelemetry.io/otel v1.6.3/go.mod h1:7BgNga5fNlF/iZjG06hM3yofffp0ofKCDwSXx1GC4dI=
go.opentelemetry.io/otel/trace v1.6.3/go.mod h1:GNJQusJlUgZl9/TQBPKU/Y/ty+0iVB5fjhKeJGZPGFs=
golang.org/x/crypto v0.0.0-20190308221718-c2843e01d9a2/go.mod h1:djNgcEr1/C05ACkg1iLfiJU5Ep61QUkGW8qpdssI0+w=
golang.org/x/crypto v0.0.0-20190325154230-a5d413f7728c/go.mod h1:djNgcEr1/C05ACkg1iLfiJU5Ep61QUkGW8qpdssI0+w=
golang.org/x/crypto v0.0.0-20190605123033-f99c8df09eb5/go.mod h1:yigFU9vqHzYiE8UmvKecakEJjdnWj3jj499lnFckfCI=
golang.org/x/crypto v0.31.0 h1:ihbySMvVjLAeSH1IbfcRTkD/iNscyz8rGzjF/E5hV6U=
golang.org/x/crypto v0.31.0/go.mod h1:kDsLvtWBEx7MV9tJOj9bnXsPbxwJQ6csT/x4KIN4Ssk=
golang.org/x/net v0.0.0-20190404232315-eb5bcb51f2a3/go.mod h1:t9HGtf8HONx5eT2rtn7q6eTqICYqUVnKs3thJo3Qplg=
golang.org/x/net v0.33.0 h1:74SYHlV8BIgHIFC/LrYkOGIwL19eTYXQ5wc6TBuO36I=
golang.org/x/net v0.33.0/go.mod h1:HXLR5J+9DxmrqMwG9qjGCxZ+zKXxBru04zlTvWlWuN4=
golang.org/x/sys v0.0.0-20190215142949-d0b11bdaac8a/go.mod h1:STP8DvDyc/dI5b8T5hshtkjS+E42TnysNCUPdjciGhY=
golang.org/x/sys v0.0.0-20190412213103-97732733099d/go.mod h1:h1NjWce9XRLGQEsW7wpKNCjG9DtNlClVuFLEZdDNbEs=
golang.org/x/sys v0.28.0 h1:Fksou7UEQUWlKvIdsqzJmUmCX3cZuD2+P3XyyzwMhlA=
golang.org/x/sys v0.28.0/go.mod h1:/VUhepiaJMQUp4+oa/7Zr1D23ma6VTLIYjOOTFZPUcA=
golang.org/x/text v0.3.0/go.mod h1:NqM8EUOU14njkJ3fqMW+pc6Ldnwhi/IjpwHt7yyuwOQ=
golang.org/x/text v0.21.0 h1:zyQAAkrwaneQ066sspRyJaG9VNi/YJ1NfzcGB3hZ/qo=
golang.org/x/text v0.21.0/go.mod h1:4IBbMaMmOPCJ8SecivzSH54+73PCFmPWxNTLm+vZkEQ=
golang.org/x/xerrors v0.0.0-20191204190536-9bdfabe68543/go.mod h1:I/5z698sn9Ka8TeJc9MKroUUfqBBauWjQqLJ2OPfmY0=
gopkg.in/check.v1 v0.0.0-20161208181325-20d25e280405/go.mod h1:Co6ibVJAznAaIkqp8huTwlJQCZ016jof/cbN4VW5Yz0=
gopkg.in/check.v1 v1.0.0-20201130134442-10cb98267c6c h1:Hei/4ADfdWqJk1ZMxUNpqntNwaWcugrBjAiHlqqRiVk=
gopkg.in/check.v1 v1.0.0-20201130134442-10cb98267c6c/go.mod h1:JHkPIbrfpd72SG/EVd6muEfDQjcINNoR0C8j2r3qZ4Q=
gopkg.in/yaml.v3 v3.0.0-20200313102051-9f266ea9e77c/go.mod h1:K4uyk7z7BCEPqu6E+C64Yfv1cQ7kz7rIZviUmN+EgEM=
gopkg.in/yaml.v3 v3.0.1 h1:fxVm/GzAzEWqLHuvctI91KS9hhNmmWOoWu0XTYJS7CA=
gopkg.in/yaml.v3 v3.0.1/go.mod h1:K4uyk7z7BCEPqu6E+C64Yfv1cQ7kz7rIZviUmN+EgEM=
