github.com/Rican7/conjson v0.1.0 h1:8dNZzdy1mzwo9LOideWcOyY3PbKdsJPF7hj31/mrIiw=
github.com/Rican7/conjson v0.1.0/go.mod h1:CL1oWzzC9Ox36F2ghCPmtNpdW/ZKRunAc4dEoCL4Qyc=
github.com/davecgh/go-spew v1.1.2-0.20180830191138-d8f796af33cc h1:U9qPSI2PIWSS1VwoXQT9A3Wy9MM3WgvqSxFWenqJduM=
github.com/davecgh/go-spew v1.1.2-0.20180830191138-d8f796af33cc/go.mod h1:J7Y8YcW2NihsgmVo/mv3lAwl/skON4iLHjSsI+c5H38=
github.com/gabriel-vasile/mimetype v1.4.7 h1:SKFKl7kD0RiPdbht0s7hFtjl489WcQ1VyPW8ZzUMYCA=
github.com/gabriel-vasile/mimetype v1.4.7/go.mod h1:GDlAgAyIRT27BhFl53XNAFtfjzOkLaF35JdEG0P7LtU=
github.com/go-playground/assert/v2 v2.2.0 h1:JvknZsQTYeFEAhQwI4qEt9cyV5ONwRHC+lYKSsYSR8s=
github.com/go-playground/assert/v2 v2.2.0/go.mod h1:VDjEfimB/XKnb+ZQfWdccd7VUvScMdVu0Titje2rxJ4=
github.com/go-playground/locales v0.14.1 h1:EWaQ/wswjilfKLTECiXz7Rh+3BjFhfDFKv/oXslEjJA=
github.com/go-playground/locales v0.14.1/go.mod h1:hxrqLVvrK65+Rwrd5Fc6F2O76J/NuW9t0sjnWqG1slY=
github.com/go-playground/universal-translator v0.18.1 h1:Bcnm0ZwsGyWbCzImXv+pAJnYK9S473LQFuzCbDbfSFY=
github.com/go-playground/universal-translator v0.18.1/go.mod h1:xekY+UJKNuX9WP91TpwSH2VMlDf28Uj24BCp08ZFTUY=
github.com/go-playground/validator/v10 v10.23.0 h1:/PwmTwZhS0dPkav3cdK9kV1FsAmrL8sThn8IHr/sO+o=
github.com/go-playground/validator/v10 v10.23.0/go.mod h1:dbuPbCMFw/DrkbEynArYaCwl3amGuJotoKCe95atGMM=
github.com/leodido/go-urn v1.4.0 h1:WT9HwE9SGECu3lg4d/dIA+jxlljEa1/ffXKmRjqdmIQ=
github.com/leodido/go-urn v1.4.0/go.mod h1:bvxc+MVxLKB4z00jd1z+Dvzr47oO32F/QSNjSBOlFxI=
github.com/pmezard/go-difflib v1.0.1-0.20181226105442-5d4384ee4fb2 h1:Jamvg5psRIccs7FGNTlIRMkT8wgtp5eCXdBlqhYGL6U=
github.com/pmezard/go-difflib v1.0.1-0.20181226105442-5d4384ee4fb2/go.mod h1:iKH77koFhYxTK1pcRnkKkqfTogsbg7gZNVY4sRDYZ/4=
github.com/stretchr/testify v1.10.0 h1:Xv5erBjTwe/5IxqUQTdXv5kgmIvbHo3QQyRwhJsOfJA=
github.com/stretchr/testify v1.10.0/go.mod h1:r2ic/lqez/lEtzL7wO/rwa5dbSLXVDPFyf8C91i36aY=
github.com/teejays/gokutil/clog v0.0.0-20241226043601-855c42247dbc h1:4gCnFYiscT34nZA/5d2uCXozPUdUpJNpY9N9uYTJUeo=
github.com/teejays/gokutil/clog v0.0.0-20241226043601-855c42247dbc/go.mod h1:hNo+kINeDBD0TFAXy3xxB3c9u8C2Wp4U+ZrZ8lMXp+s=
github.com/teejays/gokutil/ctxutil v0.0.0-20241226043601-855c42247dbc h1:zbrjbX0K5GbCsrSjJeA6M9CpiaoPb5KfjWkDneekIPk=
github.com/teejays/gokutil/ctxutil v0.0.0-20241226043601-855c42247dbc/go.mod h1:iXyTY6v5Qv1cm+ilvwgTsfg63Z1s5/fZwYw4wQw2Nsk=
github.com/teejays/gokutil/env v0.0.0-20241226043601-855c42247dbc h1:tJs0oPpCtSW4y2G6Jox0HM+jfso9VsTrZFNWCsIEPRM=
github.com/teejays/gokutil/env v0.0.0-20241226043601-855c42247dbc/go.mod h1:ZT0zoZBo3uj5dKVnHi2n4exHRNroG7Ws3+fUnU2ygmc=
github.com/teejays/gokutil/errutil v0.0.0-20241226043601-855c42247dbc h1:z+Yo4zdsSQypoUOoN3dDRUqNeVQTbcSH2rtdX3Z/bzo=
github.com/teejays/gokutil/errutil v0.0.0-20241226043601-855c42247dbc/go.mod h1:IrAIhkgwnvflQ/dP+8AC3Eo7EqJ4h4h4sECKddtmPQE=
github.com/teejays/gokutil/gopi v0.0.0-20241226043601-855c42247dbc h1:zk3JiopxmUUOsDy9Wf618YnN7oEnVvK0KrjL91tVWZA=
github.com/teejays/gokutil/gopi v0.0.0-20241226043601-855c42247dbc/go.mod h1:eUb3Rfo9JcdicXYThmA8+6nGcGX9JHhF5XaFbV229VQ=
github.com/teejays/gokutil/log v0.0.0-20241226043601-855c42247dbc h1:5LMlc0g8uq+iknUTHhLEZEXMRJ5tfGgsUCc9mDIWoXg=
github.com/teejays/gokutil/log v0.0.0-20241226043601-855c42247dbc/go.mod h1:4ihAVu7mnSgpsz6EuiwPZvVyDD1IbVnES2Kmifw9m9o=
github.com/teejays/gokutil/panics v0.0.0-20241226043601-855c42247dbc h1:eMxSuCDpVWkeM01VQweC7F6U/v6qDHLH5/LQcJ+48Sk=
github.com/teejays/gokutil/panics v0.0.0-20241226043601-855c42247dbc/go.mod h1:02LGenLAbivQzXEl9ZHh+9ZdfrMEbJSHtChh5U4S+w4=
github.com/teejays/gokutil/sclog v0.0.0-20241226043601-855c42247dbc h1:Ewm27BlCoHrgQ1c6vEmVjdQzsEEUE1jV1IJRAb1TPYY=
github.com/teejays/gokutil/sclog v0.0.0-20241226043601-855c42247dbc/go.mod h1:zIwghvTmtF1uqYTwCKNWkKVOfTmnTyWgE85Er8zdxb4=
github.com/teejays/gokutil/validate v0.0.0-20241226043601-855c42247dbc h1:LaohiUHspqzgR05sIoSCSF8GKNNJDqv9kktevFM5chM=
github.com/teejays/gokutil/validate v0.0.0-20241226043601-855c42247dbc/go.mod h1:Rrdf5nEEsMA7NvPb1MEBzFdSuFo63ZkigQoBYH1CEV0=
golang.org/x/crypto v0.31.0 h1:ihbySMvVjLAeSH1IbfcRTkD/iNscyz8rGzjF/E5hV6U=
golang.org/x/crypto v0.31.0/go.mod h1:kDsLvtWBEx7MV9tJOj9bnXsPbxwJQ6csT/x4KIN4Ssk=
golang.org/x/net v0.33.0 h1:74SYHlV8BIgHIFC/LrYkOGIwL19eTYXQ5wc6TBuO36I=
golang.org/x/net v0.33.0/go.mod h1:HXLR5J+9DxmrqMwG9qjGCxZ+zKXxBru04zlTvWlWuN4=
golang.org/x/sys v0.28.0 h1:Fksou7UEQUWlKvIdsqzJmUmCX3cZuD2+P3XyyzwMhlA=
golang.org/x/sys v0.28.0/go.mod h1:/VUhepiaJMQUp4+oa/7Zr1D23ma6VTLIYjOOTFZPUcA=
golang.org/x/text v0.21.0 h1:zyQAAkrwaneQ066sspRyJaG9VNi/YJ1NfzcGB3hZ/qo=
golang.org/x/text v0.21.0/go.mod h1:4IBbMaMmOPCJ8SecivzSH54+73PCFmPWxNTLm+vZkEQ=
gopkg.in/yaml.v3 v3.0.1 h1:fxVm/GzAzEWqLHuvctI91KS9hhNmmWOoWu0XTYJS7CA=
gopkg.in/yaml.v3 v3.0.1/go.mod h1:K4uyk7z7BCEPqu6E+C64Yfv1cQ7kz7rIZviUmN+EgEM=
