github.com/Rican7/conjson v0.1.0 h1:8dNZzdy1mzwo9LOideWcOyY3PbKdsJPF7hj31/mrIiw=
github.com/Rican7/conjson v0.1.0/go.mod h1:CL1oWzzC9Ox36F2ghCPmtNpdW/ZKRunAc4dEoCL4Qyc=
github.com/davecgh/go-spew v1.1.2-0.20180830191138-d8f796af33cc h1:U9qPSI2PIWSS1VwoXQT9A3Wy9MM3WgvqSxFWenqJduM=
github.com/davecgh/go-spew v1.1.2-0.20180830191138-d8f796af33cc/go.mod h1:J7Y8YcW2NihsgmVo/mv3lAwl/skON4iLHjSsI+c5H38=
github.com/gabriel-vasile/mimetype v1.4.8 h1:FfZ3gj38NjllZIeJAmMhr+qKL8Wu+nOoI3GqacKw1NM=
github.com/gabriel-vasile/mimetype v1.4.8/go.mod h1:ByKUIKGjh1ODkGM1asKUbQZOLGrPjydw3hYPU2YU9t8=
github.com/go-playground/assert/v2 v2.2.0 h1:JvknZsQTYeFEAhQwI4qEt9cyV5ONwRHC+lYKSsYSR8s=
github.com/go-playground/assert/v2 v2.2.0/go.mod h1:VDjEfimB/XKnb+ZQfWdccd7VUvScMdVu0Titje2rxJ4=
github.com/go-playground/locales v0.14.1 h1:EWaQ/wswjilfKLTECiXz7Rh+3BjFhfDFKv/oXslEjJA=
github.com/go-playground/locales v0.14.1/go.mod h1:hxrqLVvrK65+Rwrd5Fc6F2O76J/NuW9t0sjnWqG1slY=
github.com/go-playground/universal-translator v0.18.1 h1:Bcnm0ZwsGyWbCzImXv+pAJnYK9S473LQFuzCbDbfSFY=
github.com/go-playground/universal-translator v0.18.1/go.mod h1:xekY+UJKNuX9WP91TpwSH2VMlDf28Uj24BCp08ZFTUY=
github.com/go-playground/validator/v10 v10.26.0 h1:SP05Nqhjcvz81uJaRfEV0YBSSSGMc/iMaVtFbr3Sw2k=
github.com/go-playground/validator/v10 v10.26.0/go.mod h1:I5QpIEbmr8On7W0TktmJAumgzX4CA1XNl4ZmDuVHKKo=
github.com/leodido/go-urn v1.4.0 h1:WT9HwE9SGECu3lg4d/dIA+jxlljEa1/ffXKmRjqdmIQ=
github.com/leodido/go-urn v1.4.0/go.mod h1:bvxc+MVxLKB4z00jd1z+Dvzr47oO32F/QSNjSBOlFxI=
github.com/pmezard/go-difflib v1.0.1-0.20181226105442-5d4384ee4fb2 h1:Jamvg5psRIccs7FGNTlIRMkT8wgtp5eCXdBlqhYGL6U=
github.com/pmezard/go-difflib v1.0.1-0.20181226105442-5d4384ee4fb2/go.mod h1:iKH77koFhYxTK1pcRnkKkqfTogsbg7gZNVY4sRDYZ/4=
github.com/stretchr/testify v1.10.0 h1:Xv5erBjTwe/5IxqUQTdXv5kgmIvbHo3QQyRwhJsOfJA=
github.com/stretchr/testify v1.10.0/go.mod h1:r2ic/lqez/lEtzL7wO/rwa5dbSLXVDPFyf8C91i36aY=
github.com/teejays/gokutil/clog v0.0.0-20250328145013-52d3fd7d23e9 h1:B3igjxB/tMqLcTjx/AE01SAkQLmNVFDDVk5xTZNDuwM=
github.com/teejays/gokutil/clog v0.0.0-20250328145013-52d3fd7d23e9/go.mod h1:hNo+kINeDBD0TFAXy3xxB3c9u8C2Wp4U+ZrZ8lMXp+s=
github.com/teejays/gokutil/ctxutil v0.0.0-20250328145013-52d3fd7d23e9 h1:wEsNW67xsfUVZr7KyWKT4o3p9nTpZulGIxfgVL2iIrs=
github.com/teejays/gokutil/ctxutil v0.0.0-20250328145013-52d3fd7d23e9/go.mod h1:G4mEYiT6hzOh1Cv7NsXZacAbLXcENto2kSK3HMMOK40=
github.com/teejays/gokutil/env v0.0.0-20250328145013-52d3fd7d23e9 h1:Po+Xw+YCh7LJ0PgpGaE3bzBRDzmZje0QrI9BYt9/IjY=
github.com/teejays/gokutil/env v0.0.0-20250328145013-52d3fd7d23e9/go.mod h1:J3yJVY/YsJXXocRitjimGdswbYd77BkuNYpPEJ4bUcw=
github.com/teejays/gokutil/errutil v0.0.0-20250328145013-52d3fd7d23e9 h1:Bh1W0gxsXA6F1z/g7Hxnpbd6J3IYMUxfz0PxJUnZt08=
github.com/teejays/gokutil/errutil v0.0.0-20250328145013-52d3fd7d23e9/go.mod h1:8nokQpvGA707qyXbezJxaExXxOTu4qi0eyaQ4PO7dk4=
github.com/teejays/gokutil/gopi v0.0.0-20250328145013-52d3fd7d23e9 h1:vFoOwrlalCY0UTvgRppMgaSpSB54iCS5Q+ErV8DfFmo=
github.com/teejays/gokutil/gopi v0.0.0-20250328145013-52d3fd7d23e9/go.mod h1:iPvdFWzoLfQ1JJlFVcAz7tU+qG+OLNj/064GJX0XOCA=
github.com/teejays/gokutil/log v0.0.0-20250328145013-52d3fd7d23e9 h1:jhe2VbnKJUQLQdh71hI9G+EcLs2XN0nZZgktr1O4lI0=
github.com/teejays/gokutil/log v0.0.0-20250328145013-52d3fd7d23e9/go.mod h1:5cWRvTk9sKnX7FhWJSCiXPv2rz7JRpjg+o728NkO6QY=
github.com/teejays/gokutil/panics v0.0.0-20250328145013-52d3fd7d23e9 h1:RAGJSSR0gmkvEk2l4Mt/rSTAInlVVeHYd5fhHB/0zmU=
github.com/teejays/gokutil/panics v0.0.0-20250328145013-52d3fd7d23e9/go.mod h1:02LGenLAbivQzXEl9ZHh+9ZdfrMEbJSHtChh5U4S+w4=
github.com/teejays/gokutil/sclog v0.0.0-20250328145013-52d3fd7d23e9 h1:3nvmll9jUQ39rIw7wAj5vA4581+jX97i0wF5ecE4lik=
github.com/teejays/gokutil/sclog v0.0.0-20250328145013-52d3fd7d23e9/go.mod h1:Tr8jnXx20HlV4PGc/Ayc07GkdXWR7/j93c4t5juLaKE=
github.com/teejays/gokutil/validate v0.0.0-20250328145013-52d3fd7d23e9 h1:rPH1YhQdXpBOeXcFuVRBNVq2oLmvql9gfdQFkaZcnas=
github.com/teejays/gokutil/validate v0.0.0-20250328145013-52d3fd7d23e9/go.mod h1:hIPeWnEDlEYv9tCol+aIfdfDMBvqyG8v42AC4yEWL4k=
golang.org/x/crypto v0.36.0 h1:AnAEvhDddvBdpY+uR+MyHmuZzzNqXSe/GvuDeob5L34=
golang.org/x/crypto v0.36.0/go.mod h1:Y4J0ReaxCR1IMaabaSMugxJES1EpwhBHhv2bDHklZvc=
golang.org/x/net v0.38.0 h1:vRMAPTMaeGqVhG5QyLJHqNDwecKTomGeqbnfZyKlBI8=
golang.org/x/net v0.38.0/go.mod h1:ivrbrMbzFq5J41QOQh0siUuly180yBYtLp+CKbEaFx8=
golang.org/x/sys v0.31.0 h1:ioabZlmFYtWhL+TRYpcnNlLwhyxaM9kWTDEmfnprqik=
golang.org/x/sys v0.31.0/go.mod h1:BJP2sWEmIv4KK5OTEluFJCKSidICx8ciO85XgH3Ak8k=
golang.org/x/text v0.23.0 h1:D71I7dUrlY+VX0gQShAThNGHFxZ13dGLBHQLVl1mJlY=
golang.org/x/text v0.23.0/go.mod h1:/BLNzu4aZCJ1+kcD0DNRotWKage4q2rGVAg4o22unh4=
gopkg.in/yaml.v3 v3.0.1 h1:fxVm/GzAzEWqLHuvctI91KS9hhNmmWOoWu0XTYJS7CA=
gopkg.in/yaml.v3 v3.0.1/go.mod h1:K4uyk7z7BCEPqu6E+C64Yfv1cQ7kz7rIZviUmN+EgEM=
