github.com/Rican7/conjson v0.1.0 h1:8dNZzdy1mzwo9LOideWcOyY3PbKdsJPF7hj31/mrIiw=
github.com/Rican7/conjson v0.1.0/go.mod h1:CL1oWzzC9Ox36F2ghCPmtNpdW/ZKRunAc4dEoCL4Qyc=
github.com/davecgh/go-spew v1.1.2-0.20180830191138-d8f796af33cc h1:U9qPSI2PIWSS1VwoXQT9A3Wy9MM3WgvqSxFWenqJduM=
github.com/davecgh/go-spew v1.1.2-0.20180830191138-d8f796af33cc/go.mod h1:J7Y8YcW2NihsgmVo/mv3lAwl/skON4iLHjSsI+c5H38=
github.com/gabriel-vasile/mimetype v1.4.7 h1:SKFKl7kD0RiPdbht0s7hFtjl489WcQ1VyPW8ZzUMYCA=
github.com/gabriel-vasile/mimetype v1.4.7/go.mod h1:GDlAgAyIRT27BhFl53XNAFtfjzOkLaF35JdEG0P7LtU=
github.com/go-playground/assert/v2 v2.2.0 h1:JvknZsQTYeFEAhQwI4qEt9cyV5ONwRHC+lYKSsYSR8s=
github.com/go-playground/assert/v2 v2.2.0/go.mod h1:VDjEfimB/XKnb+ZQfWdccd7VUvScMdVu0Titje2rxJ4=
github.com/go-playground/locales v0.14.1 h1:EWaQ/wswjilfKLTECiXz7Rh+3BjFhfDFKv/oXslEjJA=
github.com/go-playground/locales v0.14.1/go.mod h1:hxrqLVvrK65+Rwrd5Fc6F2O76J/NuW9t0sjnWqG1slY=
github.com/go-playground/universal-translator v0.18.1 h1:Bcnm0ZwsGyWbCzImXv+pAJnYK9S473LQFuzCbDbfSFY=
github.com/go-playground/universal-translator v0.18.1/go.mod h1:xekY+UJKNuX9WP91TpwSH2VMlDf28Uj24BCp08ZFTUY=
github.com/go-playground/validator/v10 v10.23.0 h1:/PwmTwZhS0dPkav3cdK9kV1FsAmrL8sThn8IHr/sO+o=
github.com/go-playground/validator/v10 v10.23.0/go.mod h1:dbuPbCMFw/DrkbEynArYaCwl3amGuJotoKCe95atGMM=
github.com/leodido/go-urn v1.4.0 h1:WT9HwE9SGECu3lg4d/dIA+jxlljEa1/ffXKmRjqdmIQ=
github.com/leodido/go-urn v1.4.0/go.mod h1:bvxc+MVxLKB4z00jd1z+Dvzr47oO32F/QSNjSBOlFxI=
github.com/pmezard/go-difflib v1.0.1-0.20181226105442-5d4384ee4fb2 h1:Jamvg5psRIccs7FGNTlIRMkT8wgtp5eCXdBlqhYGL6U=
github.com/pmezard/go-difflib v1.0.1-0.20181226105442-5d4384ee4fb2/go.mod h1:iKH77koFhYxTK1pcRnkKkqfTogsbg7gZNVY4sRDYZ/4=
github.com/stretchr/testify v1.10.0 h1:Xv5erBjTwe/5IxqUQTdXv5kgmIvbHo3QQyRwhJsOfJA=
github.com/stretchr/testify v1.10.0/go.mod h1:r2ic/lqez/lEtzL7wO/rwa5dbSLXVDPFyf8C91i36aY=
github.com/teejays/gokutil/clog v0.0.0-20241226032103-7e659bd4c334 h1:6RuOKFCIPXEBxiESMEYUmKz4Rr4z9TkV3eQFAItEVS0=
github.com/teejays/gokutil/clog v0.0.0-20241226032103-7e659bd4c334/go.mod h1:hNo+kINeDBD0TFAXy3xxB3c9u8C2Wp4U+ZrZ8lMXp+s=
github.com/teejays/gokutil/ctxutil v0.0.0-20241226032103-7e659bd4c334 h1:HXl4+byUU9LqtXrmj9M1K/aZm37tpQN7gh9V6AMwKyw=
github.com/teejays/gokutil/ctxutil v0.0.0-20241226032103-7e659bd4c334/go.mod h1:gtUvgugw9c2U2E8DwguCJW70wP6M1GjINvWSQj87ug8=
github.com/teejays/gokutil/env v0.0.0-20241226032103-7e659bd4c334 h1:kigWZJe5m6U+y4NN2Auz0AxviG9yiK36y98KEnLdmlI=
github.com/teejays/gokutil/env v0.0.0-20241226032103-7e659bd4c334/go.mod h1:4Zsqm7BdZvB3LZX7b4U9/nRlfS0OKWJDBLwM6w7VYOk=
github.com/teejays/gokutil/errutil v0.0.0-20241226032103-7e659bd4c334 h1:dra6oXlI3ZdLPBuNrLPVj+60wR5jawgXHdcFc34NwiM=
github.com/teejays/gokutil/errutil v0.0.0-20241226032103-7e659bd4c334/go.mod h1:bEJ4vHkc51l9leeVqFcmCGUht2fqMHXQcHjBtLDWyks=
github.com/teejays/gokutil/gopi v0.0.0-20241226032103-7e659bd4c334 h1:ZL0pL8m6xnWkWsqTstX7MhBzE6ihfH29HOWL405x5xg=
github.com/teejays/gokutil/gopi v0.0.0-20241226032103-7e659bd4c334/go.mod h1:mHnTzgC1WgaBCP/gn7eo7QF/vQAyM9zLAmAIz77N/mU=
github.com/teejays/gokutil/log v0.0.0-20241226032103-7e659bd4c334 h1:wF6odH8Oxlb8deYeu/U8R84vyiCAdoxgWZ104U6PbkM=
github.com/teejays/gokutil/log v0.0.0-20241226032103-7e659bd4c334/go.mod h1:SaokMiU3Y19OS/YV0AXpBOBooysYRg4kOFGQw/9U+ko=
github.com/teejays/gokutil/panics v0.0.0-20241226032103-7e659bd4c334 h1:sccrv4Wkum3XspFqTxFy+o4RzziA4kG0tb8V8lzcoq0=
github.com/teejays/gokutil/panics v0.0.0-20241226032103-7e659bd4c334/go.mod h1:02LGenLAbivQzXEl9ZHh+9ZdfrMEbJSHtChh5U4S+w4=
github.com/teejays/gokutil/sclog v0.0.0-20241226032103-7e659bd4c334 h1:L2jUH8kuO8r0Q9rWHSPt4B/ZVbVV5VTSz7DqnOvykqI=
github.com/teejays/gokutil/sclog v0.0.0-20241226032103-7e659bd4c334/go.mod h1:hbMsAc/5nHJcBWisJWrXQPK418pr7ztgpB/imax2FgM=
github.com/teejays/gokutil/validate v0.0.0-20241226032103-7e659bd4c334 h1:6udKoMcfB8Po3Jrjj4VAaFZOJpuXBaP2RpsMlG2SLqg=
github.com/teejays/gokutil/validate v0.0.0-20241226032103-7e659bd4c334/go.mod h1:OLt9DRmQJEJ0CoTUeALNbaNVtGu39gFO/O0YbPlKgfM=
golang.org/x/crypto v0.31.0 h1:ihbySMvVjLAeSH1IbfcRTkD/iNscyz8rGzjF/E5hV6U=
golang.org/x/crypto v0.31.0/go.mod h1:kDsLvtWBEx7MV9tJOj9bnXsPbxwJQ6csT/x4KIN4Ssk=
golang.org/x/net v0.33.0 h1:74SYHlV8BIgHIFC/LrYkOGIwL19eTYXQ5wc6TBuO36I=
golang.org/x/net v0.33.0/go.mod h1:HXLR5J+9DxmrqMwG9qjGCxZ+zKXxBru04zlTvWlWuN4=
golang.org/x/sys v0.28.0 h1:Fksou7UEQUWlKvIdsqzJmUmCX3cZuD2+P3XyyzwMhlA=
golang.org/x/sys v0.28.0/go.mod h1:/VUhepiaJMQUp4+oa/7Zr1D23ma6VTLIYjOOTFZPUcA=
golang.org/x/text v0.21.0 h1:zyQAAkrwaneQ066sspRyJaG9VNi/YJ1NfzcGB3hZ/qo=
golang.org/x/text v0.21.0/go.mod h1:4IBbMaMmOPCJ8SecivzSH54+73PCFmPWxNTLm+vZkEQ=
gopkg.in/yaml.v3 v3.0.1 h1:fxVm/GzAzEWqLHuvctI91KS9hhNmmWOoWu0XTYJS7CA=
gopkg.in/yaml.v3 v3.0.1/go.mod h1:K4uyk7z7BCEPqu6E+C64Yfv1cQ7kz7rIZviUmN+EgEM=
