github.com/creack/pty v1.1.9/go.mod h1:oKZEueFk5CKHvIhNR5MUki03XCEU+Q6VDXinZuGJ33E=
github.com/davecgh/go-spew v1.1.2-0.20180830191138-d8f796af33cc h1:U9qPSI2PIWSS1VwoXQT9A3Wy9MM3WgvqSxFWenqJduM=
github.com/davecgh/go-spew v1.1.2-0.20180830191138-d8f796af33cc/go.mod h1:J7Y8YcW2NihsgmVo/mv3lAwl/skON4iLHjSsI+c5H38=
github.com/kr/pretty v0.2.1/go.mod h1:ipq/a2n7PKx3OHsz4KJII5eveXtPO4qwEXGdVfWzfnI=
github.com/kr/pretty v0.3.1 h1:flRD4NNwYAUpkphVc1HcthR4KEIFJ65n8Mw5qdRn3LE=
github.com/kr/pretty v0.3.1/go.mod h1:hoEshYVHaxMs3cyo3Yncou5ZscifuDolrwPKZanG3xk=
github.com/kr/pty v1.1.1/go.mod h1:pFQYn66WHrOpPYNljwOMqo10TkYh1fy3cYio2l3bCsQ=
github.com/kr/text v0.1.0/go.mod h1:4Jbv+DJW3UT/LiOwJeYQe1efqtUx/iVham/4vfdArNI=
github.com/kr/text v0.2.0 h1:5Nx0Ya0ZqY2ygV366QzturHI13Jq95ApcVaJBhpS+AY=
github.com/kr/text v0.2.0/go.mod h1:eLer722TekiGuMkidMxC/pM04lWEeraHUUmBw8l2grE=
github.com/pkg/diff v0.0.0-20210226163009-20ebb0f2a09e/go.mod h1:pJLUxLENpZxwdsKMEsNbx1VGcRFpLqf3715MtcvvzbA=
github.com/pmezard/go-difflib v1.0.1-0.20181226105442-5d4384ee4fb2 h1:Jamvg5psRIccs7FGNTlIRMkT8wgtp5eCXdBlqhYGL6U=
github.com/pmezard/go-difflib v1.0.1-0.20181226105442-5d4384ee4fb2/go.mod h1:iKH77koFhYxTK1pcRnkKkqfTogsbg7gZNVY4sRDYZ/4=
github.com/rogpeppe/go-internal v1.9.0/go.mod h1:WtVeX8xhTBvf0smdhujwtBcq4Qrzq/fJaraNFVN+nFs=
github.com/rogpeppe/go-internal v1.14.1 h1:UQB4HGPB6osV0SQTLymcB4TgvyWu6ZyliaW0tI/otEQ=
github.com/rogpeppe/go-internal v1.14.1/go.mod h1:MaRKkUm5W0goXpeCfT7UZI6fk/L7L7so1lCWt35ZSgc=
github.com/stretchr/testify v1.10.0 h1:Xv5erBjTwe/5IxqUQTdXv5kgmIvbHo3QQyRwhJsOfJA=
github.com/stretchr/testify v1.10.0/go.mod h1:r2ic/lqez/lEtzL7wO/rwa5dbSLXVDPFyf8C91i36aY=
github.com/teejays/gokutil/clog v0.0.0-20250327182246-7e4e9489b49e h1:SZS1qAcCvjOaemSMHFfw2ReS+UMj1oedOoO81bioC+A=
github.com/teejays/gokutil/clog v0.0.0-20250327182246-7e4e9489b49e/go.mod h1:hNo+kINeDBD0TFAXy3xxB3c9u8C2Wp4U+ZrZ8lMXp+s=
github.com/teejays/gokutil/ctxutil v0.0.0-20250327182246-7e4e9489b49e h1:B3EkYKbQH9upe+2AhXtwBcE0BUcPNrgi0ElMk4zt8MA=
github.com/teejays/gokutil/ctxutil v0.0.0-20250327182246-7e4e9489b49e/go.mod h1:kYS51qfE6OEQVrHIAuQ5/IXr8OmblJCMHfTmNQfMSy8=
github.com/teejays/gokutil/env v0.0.0-20250327182246-7e4e9489b49e h1:BNhTwH/aKSrvPLG8QMvX+CfjshFElHX0eRhP66NuQRA=
github.com/teejays/gokutil/env v0.0.0-20250327182246-7e4e9489b49e/go.mod h1:KPxsTrw8yS8mkQVb47/An/7LLhJRbM18+uIzNajqIPE=
github.com/teejays/gokutil/errutil v0.0.0-20250327182246-7e4e9489b49e h1:CnMOH3Npqz2pI5P/LrbXhBkTlKRmLEdAHPOdsA3x1+o=
github.com/teejays/gokutil/errutil v0.0.0-20250327182246-7e4e9489b49e/go.mod h1:dUdO74zPEuyamdP9vkGxLfuONllFIvnPexY04/S284M=
github.com/teejays/gokutil/log v0.0.0-20250327182246-7e4e9489b49e h1:ctG91nkhaateCzo1aTPl3dLJiakVKW7sM7H0DDFeMtU=
github.com/teejays/gokutil/log v0.0.0-20250327182246-7e4e9489b49e/go.mod h1:k1KlgpP/c659+yorsv0QHQcRHAW9xVfBb0cGk6qVGLk=
github.com/teejays/gokutil/panics v0.0.0-20250327182246-7e4e9489b49e h1:4a9EeAjpGwbslS2IxEfDHViob++/wo4vodB9I+eGkPM=
github.com/teejays/gokutil/panics v0.0.0-20250327182246-7e4e9489b49e/go.mod h1:02LGenLAbivQzXEl9ZHh+9ZdfrMEbJSHtChh5U4S+w4=
github.com/teejays/gokutil/sclog v0.0.0-20250327182246-7e4e9489b49e h1:OyUI6UJJ/McW0hZD978/VA/7j4ZN/BGdSCh2UFWH05o=
github.com/teejays/gokutil/sclog v0.0.0-20250327182246-7e4e9489b49e/go.mod h1:an2BeO5H9ybaKqVwaGC+QtIaUKUavGoNVMgiGYDH0Ac=
gopkg.in/check.v1 v0.0.0-20161208181325-20d25e280405/go.mod h1:Co6ibVJAznAaIkqp8huTwlJQCZ016jof/cbN4VW5Yz0=
gopkg.in/check.v1 v1.0.0-20201130134442-10cb98267c6c h1:Hei/4ADfdWqJk1ZMxUNpqntNwaWcugrBjAiHlqqRiVk=
gopkg.in/check.v1 v1.0.0-20201130134442-10cb98267c6c/go.mod h1:JHkPIbrfpd72SG/EVd6muEfDQjcINNoR0C8j2r3qZ4Q=
gopkg.in/yaml.v3 v3.0.1 h1:fxVm/GzAzEWqLHuvctI91KS9hhNmmWOoWu0XTYJS7CA=
gopkg.in/yaml.v3 v3.0.1/go.mod h1:K4uyk7z7BCEPqu6E+C64Yfv1cQ7kz7rIZviUmN+EgEM=
