github.com/davecgh/go-spew v1.1.1 h1:vj9j/u1bqnvCEfJOwUhtlOARqs3+rkHYY13jYWTU97c=
github.com/davecgh/go-spew v1.1.1/go.mod h1:J7Y8YcW2NihsgmVo/mv3lAwl/skON4iLHjSsI+c5H38=
github.com/pmezard/go-difflib v1.0.0 h1:4DBwDE0NGyQoBHbLQYPwSUPoCMWR5BEzIk/f1lZbAQM=
github.com/pmezard/go-difflib v1.0.0/go.mod h1:iKH77koFhYxTK1pcRnkKkqfTogsbg7gZNVY4sRDYZ/4=
github.com/stretchr/testify v1.9.0 h1:HtqpIVDClZ4nwg75+f6Lvsy/wHu+3BoSGCbBAcpTsTg=
github.com/stretchr/testify v1.9.0/go.mod h1:r2ic/lqez/lEtzL7wO/rwa5dbSLXVDPFyf8C91i36aY=
github.com/teejays/gokutil/clog v0.0.0-20240805214016-33a217111a57 h1:FwukQoIp+K+gYhIh5fXfUtFX4Wk1bKuItI0hbffJJHw=
github.com/teejays/gokutil/clog v0.0.0-20240805214016-33a217111a57/go.mod h1:btwNHLQw53faufeKPYvT4oj0ceKQkQ2pP43uiKT4exw=
github.com/teejays/gokutil/env v0.0.0-20240805212105-b649d72941b2 h1:NcKL73wkWUciKRFGrnlogMNhjMFB32AJbmNF+Vt29lA=
github.com/teejays/gokutil/env v0.0.0-20240805212105-b649d72941b2/go.mod h1:lAxDiO8gMDGUlh6rSEUOPOt6Q2Y26EbmMpFsEO+2JWk=
github.com/teejays/gokutil/log v0.0.0-20240805214016-33a217111a57 h1:+dmuhsNtbDfVFa0Y5Qk00/K5sdqvEDkyV4/jDMUyPx4=
github.com/teejays/gokutil/log v0.0.0-20240805214016-33a217111a57/go.mod h1:QKQPCt2AhdvuGad5Y3Uzl3J8mdIAn2yYVjA2fzyAe4s=
github.com/teejays/gokutil/panics v0.0.0-20240805212105-b649d72941b2 h1:4VWjzxxdZpKN6LXyWJUUDxLur+Q/DeSz4tfr5Ncgnrc=
github.com/teejays/gokutil/panics v0.0.0-20240805212105-b649d72941b2/go.mod h1:fjJOwE3RWULsehGFVv9B9/jyc9e/qa5l4QpdWf2rlpE=
github.com/teejays/gokutil/sclog v0.0.0-20240805214626-394cbc22885f h1:BP0upBk/qD94L3OSogEVtlgB6cWBEftQOKGTVk/Taoc=
github.com/teejays/gokutil/sclog v0.0.0-20240805214626-394cbc22885f/go.mod h1:1nD22bJO6VJuPP+3J1C3j0AUSacMrquahCWkeIKdmwI=
gopkg.in/check.v1 v0.0.0-20161208181325-20d25e280405 h1:yhCVgyC4o1eVCa2tZl7eS0r+SDo693bJlVdllGtEeKM=
gopkg.in/check.v1 v0.0.0-20161208181325-20d25e280405/go.mod h1:Co6ibVJAznAaIkqp8huTwlJQCZ016jof/cbN4VW5Yz0=
gopkg.in/yaml.v3 v3.0.1 h1:fxVm/GzAzEWqLHuvctI91KS9hhNmmWOoWu0XTYJS7CA=
gopkg.in/yaml.v3 v3.0.1/go.mod h1:K4uyk7z7BCEPqu6E+C64Yfv1cQ7kz7rIZviUmN+EgEM=
