github.com/davecgh/go-spew v1.1.1 h1:vj9j/u1bqnvCEfJOwUhtlOARqs3+rkHYY13jYWTU97c=
github.com/davecgh/go-spew v1.1.1/go.mod h1:J7Y8YcW2NihsgmVo/mv3lAwl/skON4iLHjSsI+c5H38=
github.com/pmezard/go-difflib v1.0.0 h1:4DBwDE0NGyQoBHbLQYPwSUPoCMWR5BEzIk/f1lZbAQM=
github.com/pmezard/go-difflib v1.0.0/go.mod h1:iKH77koFhYxTK1pcRnkKkqfTogsbg7gZNVY4sRDYZ/4=
github.com/stretchr/testify v1.9.0 h1:HtqpIVDClZ4nwg75+f6Lvsy/wHu+3BoSGCbBAcpTsTg=
github.com/stretchr/testify v1.9.0/go.mod h1:r2ic/lqez/lEtzL7wO/rwa5dbSLXVDPFyf8C91i36aY=
github.com/teejays/gokutil/clog v0.0.0-20241209061137-430390abf901 h1:qfeFTKPVq69Ba4RT81ild5CZ0WnvUtuJ6VTGMny6Lq8=
github.com/teejays/gokutil/clog v0.0.0-20241209061137-430390abf901/go.mod h1:Util6ES8k79mUEL3LoB/RkrbzoXnsW+e2BoN7ItLGSk=
github.com/teejays/gokutil/ctxutil v0.0.0-20241209061137-430390abf901 h1:k1RAyFNFMZwh+khyQ7th7XT1ML6cwSM+IZYFw2AFg1s=
github.com/teejays/gokutil/ctxutil v0.0.0-20241209061137-430390abf901/go.mod h1:4M06GZad/BLbJ7KzXlnsbWYUyk/di+aE523sDuwkEK0=
github.com/teejays/gokutil/env v0.0.0-20241209061137-430390abf901 h1:IXmOQIXosD6zSCCMVO4zyyFpfTZQ2SDhFDdUbZbu/+E=
github.com/teejays/gokutil/env v0.0.0-20241209061137-430390abf901/go.mod h1:Y1lbJjncm4dWmBXBzQsx+NIWu3M0Mxdy6jvT4FI1s+c=
github.com/teejays/gokutil/log v0.0.0-20241209061137-430390abf901 h1:jj3vu00fkWKJcj96CBXy1s5FhFtWf37JVb5OFDG04Ck=
github.com/teejays/gokutil/log v0.0.0-20241209061137-430390abf901/go.mod h1:ijMw/uz2vDX8dI8J0k4WIPu4q/uQwFiAiGaYysSxR9s=
github.com/teejays/gokutil/panics v0.0.0-20241209061137-430390abf901 h1:G1DGWD7CHJRsJVdo405VNqz5cquu0Wf5OZK3Ahk/8Mw=
github.com/teejays/gokutil/panics v0.0.0-20241209061137-430390abf901/go.mod h1:ozbKMbDGOPikGWQ5byY801Jv2s1P1gaNxAdtJIQQGRo=
github.com/teejays/gokutil/sclog v0.0.0-20241209061137-430390abf901 h1:I0yrED0tt0zowj7S53UDL4RSxdqMa6p47+kIi0tJric=
github.com/teejays/gokutil/sclog v0.0.0-20241209061137-430390abf901/go.mod h1:W+2VI54XCwTjao3oqwdik1h4m2a4O6kIfsC9/U8E4/E=
gopkg.in/check.v1 v0.0.0-20161208181325-20d25e280405 h1:yhCVgyC4o1eVCa2tZl7eS0r+SDo693bJlVdllGtEeKM=
gopkg.in/check.v1 v0.0.0-20161208181325-20d25e280405/go.mod h1:Co6ibVJAznAaIkqp8huTwlJQCZ016jof/cbN4VW5Yz0=
gopkg.in/yaml.v3 v3.0.1 h1:fxVm/GzAzEWqLHuvctI91KS9hhNmmWOoWu0XTYJS7CA=
gopkg.in/yaml.v3 v3.0.1/go.mod h1:K4uyk7z7BCEPqu6E+C64Yfv1cQ7kz7rIZviUmN+EgEM=
