github.com/davecgh/go-spew v1.1.0/go.mod h1:J7Y8YcW2NihsgmVo/mv3lAwl/skON4iLHjSsI+c5H38=
github.com/davecgh/go-spew v1.1.1 h1:vj9j/u1bqnvCEfJOwUhtlOARqs3+rkHYY13jYWTU97c=
github.com/davecgh/go-spew v1.1.1/go.mod h1:J7Y8YcW2NihsgmVo/mv3lAwl/skON4iLHjSsI+c5H38=
github.com/go-logr/logr v1.2.2/go.mod h1:jdQByPbusPIv2/zmleS9BjJVeZ6kBagPoEUsqbVz/1A=
github.com/go-logr/logr v1.2.3/go.mod h1:jdQByPbusPIv2/zmleS9BjJVeZ6kBagPoEUsqbVz/1A=
github.com/go-logr/stdr v1.2.2/go.mod h1:mMo/vtBO5dYbehREoey6XUKy/eSumjCCveDpRre4VKE=
github.com/google/go-cmp v0.5.7/go.mod h1:n+brtR0CgQNWTVd5ZUFpTBC8YFBDLK/h/bpaJ8/DtOE=
github.com/google/uuid v1.6.0 h1:NIvaJDMOsjHA8n1jAhLSgzrAzy1Hgr+hNrb57e+94F0=
github.com/google/uuid v1.6.0/go.mod h1:TIyPZe4MgqvfeYDBFedMoGGpEw/LqOeaOT+nhxU+yHo=
github.com/graph-gophers/graphql-go v1.5.0 h1:fDqblo50TEpD0LY7RXk/LFVYEVqo3+tXMNMPSVXA1yc=
github.com/graph-gophers/graphql-go v1.5.0/go.mod h1:YtmJZDLbF1YYNrlNAuiO5zAStUWc3XZT07iGsVqe1Os=
github.com/iancoleman/strcase v0.3.0 h1:nTXanmYxhfFAMjZL34Ov6gkzEsSJZ5DbhxWjvSASxEI=
github.com/iancoleman/strcase v0.3.0/go.mod h1:iwCmte+B7n89clKwxIoIXy/HfoL7AsD47ZCWhYzw7ho=
github.com/opentracing/opentracing-go v1.2.0/go.mod h1:GxEUsuufX4nBwe+T+Wl9TAgYrxe9dPLANfrWvHYVTgc=
github.com/pmezard/go-difflib v1.0.0 h1:4DBwDE0NGyQoBHbLQYPwSUPoCMWR5BEzIk/f1lZbAQM=
github.com/pmezard/go-difflib v1.0.0/go.mod h1:iKH77koFhYxTK1pcRnkKkqfTogsbg7gZNVY4sRDYZ/4=
github.com/stretchr/objx v0.1.0/go.mod h1:HFkY916IF+rwdDfMAkV7OtwuqBVzrE8GR6GFx+wExME=
github.com/stretchr/testify v1.3.0/go.mod h1:M5WIy9Dh21IEIfnGCwXGc5bZfKNJtfHm1UVUgZn+9EI=
github.com/stretchr/testify v1.7.1/go.mod h1:6Fq8oRcR53rry900zMqJjRRixrwX3KX962/h/Wwjteg=
github.com/stretchr/testify v1.9.0 h1:HtqpIVDClZ4nwg75+f6Lvsy/wHu+3BoSGCbBAcpTsTg=
github.com/stretchr/testify v1.9.0/go.mod h1:r2ic/lqez/lEtzL7wO/rwa5dbSLXVDPFyf8C91i36aY=
github.com/teejays/gokutil/clog v0.0.0-20241030182005-63e4076a8cd5 h1:2t2iJK64wqwhcA4JLmW9wcrc+IiF5cxpY89exXfYIUo=
github.com/teejays/gokutil/clog v0.0.0-20241030182005-63e4076a8cd5/go.mod h1:Util6ES8k79mUEL3LoB/RkrbzoXnsW+e2BoN7ItLGSk=
github.com/teejays/gokutil/ctxutil v0.0.0-20241030182005-63e4076a8cd5 h1:JIh4KAGJvU0XpaMShLUNZunRZV+hRGFXJHo3er3ATWs=
github.com/teejays/gokutil/ctxutil v0.0.0-20241030182005-63e4076a8cd5/go.mod h1:jTrfUAFcBzbkP07MPAS1++jpoROYRoeMvPdheGjChys=
github.com/teejays/gokutil/env v0.0.0-20241030182005-63e4076a8cd5 h1:Xuxt/K2JgtR1gGlGUDatcUkZa2T/0wgDJDAWcyidRug=
github.com/teejays/gokutil/env v0.0.0-20241030182005-63e4076a8cd5/go.mod h1:vFyvKEb1E7KKHOl1psNavlAn+Aw36GOF0874x+4fn6s=
github.com/teejays/gokutil/log v0.0.0-20241030182005-63e4076a8cd5 h1:Vu0vwan7COwvkWGph1vkM3dOdoNRdqHU/CaRnR2kgAk=
github.com/teejays/gokutil/log v0.0.0-20241030182005-63e4076a8cd5/go.mod h1:SCb9wFj79RAp/Bc2S60mD5Jkw4j+C5sSmB9oNoM/Xnw=
github.com/teejays/gokutil/panics v0.0.0-20241030182005-63e4076a8cd5 h1:7YIA8d7KOqn4UiKppmZcluzCbI5WSWovcmkmV/e3n3c=
github.com/teejays/gokutil/panics v0.0.0-20241030182005-63e4076a8cd5/go.mod h1:ozbKMbDGOPikGWQ5byY801Jv2s1P1gaNxAdtJIQQGRo=
github.com/teejays/gokutil/scalars v0.0.0-20241030182005-63e4076a8cd5 h1:vpq4k/+2eCciMJn+OtrRRxIRR7gZWLegFj8pnjNEYnY=
github.com/teejays/gokutil/scalars v0.0.0-20241030182005-63e4076a8cd5/go.mod h1:bZcqNpnSxId0ZKgyE8Xw2pQ95+ShY2MQtZRA0fJ1RHY=
github.com/teejays/gokutil/sclog v0.0.0-20241030182005-63e4076a8cd5 h1:fyAOF8TK1dFi5uYDX9qXt//qBprQo3QOB//U+i3ismk=
github.com/teejays/gokutil/sclog v0.0.0-20241030182005-63e4076a8cd5/go.mod h1:qnbJTSmbppI3AK3v3FQuS30y3rBU0UNbgx+6iviyHkU=
github.com/teejays/gokutil/strcase v0.0.0-20241030182005-63e4076a8cd5 h1:ge2aERnorGTgjmgdifNp3yHi9szZu4CjAtjqiQu6CrQ=
github.com/teejays/gokutil/strcase v0.0.0-20241030182005-63e4076a8cd5/go.mod h1:wYRmL5c5YL0odoFMRgxUCqiMxRAaIFevq+5Fp/0aKas=
go.opentelemetry.io/otel v1.6.3/go.mod h1:7BgNga5fNlF/iZjG06hM3yofffp0ofKCDwSXx1GC4dI=
go.opentelemetry.io/otel/trace v1.6.3/go.mod h1:GNJQusJlUgZl9/TQBPKU/Y/ty+0iVB5fjhKeJGZPGFs=
golang.org/x/text v0.19.0 h1:kTxAhCbGbxhK0IwgSKiMO5awPoDQ0RpfiVYBfK860YM=
golang.org/x/text v0.19.0/go.mod h1:BuEKDfySbSR4drPmRPG/7iBdf8hvFMuRexcpahXilzY=
golang.org/x/xerrors v0.0.0-20191204190536-9bdfabe68543/go.mod h1:I/5z698sn9Ka8TeJc9MKroUUfqBBauWjQqLJ2OPfmY0=
gopkg.in/check.v1 v0.0.0-20161208181325-20d25e280405 h1:yhCVgyC4o1eVCa2tZl7eS0r+SDo693bJlVdllGtEeKM=
gopkg.in/check.v1 v0.0.0-20161208181325-20d25e280405/go.mod h1:Co6ibVJAznAaIkqp8huTwlJQCZ016jof/cbN4VW5Yz0=
gopkg.in/yaml.v3 v3.0.0-20200313102051-9f266ea9e77c/go.mod h1:K4uyk7z7BCEPqu6E+C64Yfv1cQ7kz7rIZviUmN+EgEM=
gopkg.in/yaml.v3 v3.0.1 h1:fxVm/GzAzEWqLHuvctI91KS9hhNmmWOoWu0XTYJS7CA=
gopkg.in/yaml.v3 v3.0.1/go.mod h1:K4uyk7z7BCEPqu6E+C64Yfv1cQ7kz7rIZviUmN+EgEM=
