github.com/bahlo/generic-list-go v0.2.0 h1:5sz/EEAK+ls5wF+NeqDpk5+iNdMDXrh3z3nPnH1Wvgk=
github.com/bahlo/generic-list-go v0.2.0/go.mod h1:2KvAjgMlE5NNynlg/5iLrrCCZ2+5xWbdbCW3pNTGyYg=
github.com/buger/jsonparser v1.1.1 h1:2PnMjfWD7wBILjqQbt530v576A/cAbQvEW9gGIpYMUs=
github.com/buger/jsonparser v1.1.1/go.mod h1:6RYKKt7H4d4+iWqouImQ9R2FZql3VbhNgx27UK13J/0=
github.com/davecgh/go-spew v1.1.2-0.20180830191138-d8f796af33cc h1:U9qPSI2PIWSS1VwoXQT9A3Wy9MM3WgvqSxFWenqJduM=
github.com/davecgh/go-spew v1.1.2-0.20180830191138-d8f796af33cc/go.mod h1:J7Y8YcW2NihsgmVo/mv3lAwl/skON4iLHjSsI+c5H38=
github.com/iancoleman/strcase v0.3.0 h1:nTXanmYxhfFAMjZL34Ov6gkzEsSJZ5DbhxWjvSASxEI=
github.com/iancoleman/strcase v0.3.0/go.mod h1:iwCmte+B7n89clKwxIoIXy/HfoL7AsD47ZCWhYzw7ho=
github.com/invopop/jsonschema v0.13.0 h1:KvpoAJWEjR3uD9Kbm2HWJmqsEaHt8lBUpd0qHcIi21E=
github.com/invopop/jsonschema v0.13.0/go.mod h1:ffZ5Km5SWWRAIN6wbDXItl95euhFz2uON45H2qjYt+0=
github.com/kr/pretty v0.3.1 h1:flRD4NNwYAUpkphVc1HcthR4KEIFJ65n8Mw5qdRn3LE=
github.com/kr/pretty v0.3.1/go.mod h1:hoEshYVHaxMs3cyo3Yncou5ZscifuDolrwPKZanG3xk=
github.com/kr/text v0.2.0 h1:5Nx0Ya0ZqY2ygV366QzturHI13Jq95ApcVaJBhpS+AY=
github.com/kr/text v0.2.0/go.mod h1:eLer722TekiGuMkidMxC/pM04lWEeraHUUmBw8l2grE=
github.com/mailru/easyjson v0.9.0 h1:PrnmzHw7262yW8sTBwxi1PdJA3Iw/EKBa8psRf7d9a4=
github.com/mailru/easyjson v0.9.0/go.mod h1:1+xMtQp2MRNVL/V1bOzuP3aP8VNwRW55fQUto+XFtTU=
github.com/pmezard/go-difflib v1.0.1-0.20181226105442-5d4384ee4fb2 h1:Jamvg5psRIccs7FGNTlIRMkT8wgtp5eCXdBlqhYGL6U=
github.com/pmezard/go-difflib v1.0.1-0.20181226105442-5d4384ee4fb2/go.mod h1:iKH77koFhYxTK1pcRnkKkqfTogsbg7gZNVY4sRDYZ/4=
github.com/rogpeppe/go-internal v1.13.1 h1:KvO1DLK/DRN07sQ1LQKScxyZJuNnedQ5/wKSR38lUII=
github.com/rogpeppe/go-internal v1.13.1/go.mod h1:uMEvuHeurkdAXX61udpOXGD/AzZDWNMNyH2VO9fmH0o=
github.com/stretchr/testify v1.10.0 h1:Xv5erBjTwe/5IxqUQTdXv5kgmIvbHo3QQyRwhJsOfJA=
github.com/stretchr/testify v1.10.0/go.mod h1:r2ic/lqez/lEtzL7wO/rwa5dbSLXVDPFyf8C91i36aY=
github.com/teejays/gokutil/clog v0.0.0-20250214222601-e8bf70e45260 h1:zZCYwa87Kpr7YrtGy4Shn/YxhEdB2wPbSzzeHu82Bqo=
github.com/teejays/gokutil/clog v0.0.0-20250214222601-e8bf70e45260/go.mod h1:hNo+kINeDBD0TFAXy3xxB3c9u8C2Wp4U+ZrZ8lMXp+s=
github.com/teejays/gokutil/ctxutil v0.0.0-20250214222601-e8bf70e45260 h1:8Icxs4SZHfz+mwIOyMFtMFcMfgKxTAw+ofV9g5guvIg=
github.com/teejays/gokutil/ctxutil v0.0.0-20250214222601-e8bf70e45260/go.mod h1:uIXjl42WnL0NgkUXw8qfzPVMmvq+VROEixEwOjh5RSE=
github.com/teejays/gokutil/env v0.0.0-20250214222601-e8bf70e45260 h1:K9O/EscDgr0UtYyLleVVYT8nTRO/bAVlzZ2rT+i7KDg=
github.com/teejays/gokutil/env v0.0.0-20250214222601-e8bf70e45260/go.mod h1:G4LHk0w6kySj2VL3rDRdiEm1QB+PUnnQqsi+9e8yXNQ=
github.com/teejays/gokutil/errutil v0.0.0-20250214222601-e8bf70e45260 h1:U1nTIVVzFZdvhIdpncOsTjOypL8TgcbgkYPNtYK4rd4=
github.com/teejays/gokutil/errutil v0.0.0-20250214222601-e8bf70e45260/go.mod h1:rdWlOKLxdCt9mWtYBdn6krekaRYYA4q0N6YtaOB2EJE=
github.com/teejays/gokutil/log v0.0.0-20250214222601-e8bf70e45260 h1:ywKFrQTl/gMIUvTuRi79yIwt6eUOUb6qPvJmrgxmcNw=
github.com/teejays/gokutil/log v0.0.0-20250214222601-e8bf70e45260/go.mod h1:I5ldXL1EHxvWUOeXnVup+eQK2bF2We8uo+ndbctlj5k=
github.com/teejays/gokutil/naam v0.0.0-20250214222601-e8bf70e45260 h1:TDH3p+h6TfLG0qNRe+2SwTG3J9kVbBeywnCd+A/UgAQ=
github.com/teejays/gokutil/naam v0.0.0-20250214222601-e8bf70e45260/go.mod h1:llragrpFHEfkyF+u+R2wpd2Fd8M4mJUNyt86RsUvn58=
github.com/teejays/gokutil/panics v0.0.0-20250214222601-e8bf70e45260 h1:YGEHW4nSnNcCF5tE5Sgm901ObS7vZw2SZx74uF/HRBE=
github.com/teejays/gokutil/panics v0.0.0-20250214222601-e8bf70e45260/go.mod h1:02LGenLAbivQzXEl9ZHh+9ZdfrMEbJSHtChh5U4S+w4=
github.com/teejays/gokutil/sclog v0.0.0-20250214222601-e8bf70e45260 h1:WSk+yTZKu1KTL0WbpFV06VSZZoMFoeyS6oUUc57dIk0=
github.com/teejays/gokutil/sclog v0.0.0-20250214222601-e8bf70e45260/go.mod h1:3aDDz9t0Jivy8rj9figTfzomEJk0lSpQlr6LQXzL/GU=
github.com/teejays/gokutil/strcase v0.0.0-20250214222601-e8bf70e45260 h1:Q/Xz5CzcMX0D4mZF89DcjFVaEEAx+2TaXokMaVjVXRw=
github.com/teejays/gokutil/strcase v0.0.0-20250214222601-e8bf70e45260/go.mod h1:/AXI1Ns+XFs+h/9wUQT4BO2l8y8NPmzaahIUmt7QD/Y=
github.com/wk8/go-ordered-map/v2 v2.1.8 h1:5h/BUHu93oj4gIdvHHHGsScSTMijfx5PeYkE/fJgbpc=
github.com/wk8/go-ordered-map/v2 v2.1.8/go.mod h1:5nJHM5DyteebpVlHnWMV0rPz6Zp7+xBAnxjb1X5vnTw=
golang.org/x/text v0.22.0 h1:bofq7m3/HAFvbF51jz3Q9wLg3jkvSPuiZu/pD1XwgtM=
golang.org/x/text v0.22.0/go.mod h1:YRoo4H8PVmsu+E3Ou7cqLVH8oXWIHVoX0jqUWALQhfY=
gopkg.in/check.v1 v0.0.0-20161208181325-20d25e280405/go.mod h1:Co6ibVJAznAaIkqp8huTwlJQCZ016jof/cbN4VW5Yz0=
gopkg.in/check.v1 v1.0.0-20201130134442-10cb98267c6c h1:Hei/4ADfdWqJk1ZMxUNpqntNwaWcugrBjAiHlqqRiVk=
gopkg.in/check.v1 v1.0.0-20201130134442-10cb98267c6c/go.mod h1:JHkPIbrfpd72SG/EVd6muEfDQjcINNoR0C8j2r3qZ4Q=
gopkg.in/yaml.v3 v3.0.1 h1:fxVm/GzAzEWqLHuvctI91KS9hhNmmWOoWu0XTYJS7CA=
gopkg.in/yaml.v3 v3.0.1/go.mod h1:K4uyk7z7BCEPqu6E+C64Yfv1cQ7kz7rIZviUmN+EgEM=
