github.com/Rican7/conjson v0.1.0 h1:8dNZzdy1mzwo9LOideWcOyY3PbKdsJPF7hj31/mrIiw=
github.com/Rican7/conjson v0.1.0/go.mod h1:CL1oWzzC9Ox36F2ghCPmtNpdW/ZKRunAc4dEoCL4Qyc=
github.com/teejays/gokutil/clog v0.0.0-20250319203619-f77790de5b73 h1:dUoq5PbWXC/oWDycN0S+s/QTlkFBE9VLXGNj8Ty4ONk=
github.com/teejays/gokutil/clog v0.0.0-20250319203619-f77790de5b73/go.mod h1:hNo+kINeDBD0TFAXy3xxB3c9u8C2Wp4U+ZrZ8lMXp+s=
github.com/teejays/gokutil/ctxutil v0.0.0-20250319203619-f77790de5b73 h1:+4tmJomJ0fmWeu/PLfXvrFOBSZl+xAMzDExe1JywLDI=
github.com/teejays/gokutil/ctxutil v0.0.0-20250319203619-f77790de5b73/go.mod h1:wDFYB3xPwcjyGV5edR/fgq7HqZ1YgEADvgU6rraqJq4=
github.com/teejays/gokutil/env v0.0.0-20250319203619-f77790de5b73 h1:dKuJ4hnjT/k0owSgAlahmuicgXlBjdJQniN4iWqZ+js=
github.com/teejays/gokutil/env v0.0.0-20250319203619-f77790de5b73/go.mod h1:di01ESrk4tKmfaOxSm4KnWsGIrryZoCf5j/wDFlLZ0w=
github.com/teejays/gokutil/errutil v0.0.0-20250319203619-f77790de5b73 h1:AFqJEy3fC1Y5kLELgCCw98zz0b4M6lp5AtCteDv//s8=
github.com/teejays/gokutil/errutil v0.0.0-20250319203619-f77790de5b73/go.mod h1:RekhY/zz4Sytd1S0B2mR+MAq1YE8FudjwyNudf3C9Ng=
github.com/teejays/gokutil/gopi v0.0.0-20250319203619-f77790de5b73 h1:i4WZ4iBre2B6YZlXcmAN4RJy8uNKUQzMZYSjVoPSz7Y=
github.com/teejays/gokutil/gopi v0.0.0-20250319203619-f77790de5b73/go.mod h1:OoOkIn5qHOqf7YVAev0Qv3RaZZ4/vtAi4B/mUaqod7w=
github.com/teejays/gokutil/log v0.0.0-20250319203619-f77790de5b73 h1:mwkNyarLsnsaHfQxnB6ylAErZ7cx3I+V5glisIQP0yM=
github.com/teejays/gokutil/log v0.0.0-20250319203619-f77790de5b73/go.mod h1:fdj84QIafuRBqvVimb4bwrCVZxrWFW21XAVkExYBN0c=
github.com/teejays/gokutil/panics v0.0.0-20250319203619-f77790de5b73 h1:VVTAbn7WxSO9DWQzxrlQocBQ85SfqddtG4p2ydq8vok=
github.com/teejays/gokutil/panics v0.0.0-20250319203619-f77790de5b73/go.mod h1:02LGenLAbivQzXEl9ZHh+9ZdfrMEbJSHtChh5U4S+w4=
github.com/teejays/gokutil/sclog v0.0.0-20250319203619-f77790de5b73 h1:b1DU5WWx3bFzP4Xp0AaOR96wes7KNe6B9Gkb5bUXoa8=
github.com/teejays/gokutil/sclog v0.0.0-20250319203619-f77790de5b73/go.mod h1:h+Q9dXeD32gtDiCkH3LO2eFnXMNy/IMSUoM0PkkXPVs=
