github.com/Rican7/conjson v0.1.0 h1:8dNZzdy1mzwo9LOideWcOyY3PbKdsJPF7hj31/mrIiw=
github.com/Rican7/conjson v0.1.0/go.mod h1:CL1oWzzC9Ox36F2ghCPmtNpdW/ZKRunAc4dEoCL4Qyc=
github.com/teejays/gokutil/clog v0.0.0-20250110183657-b8d5cbde594a h1:92Sq65YPs54vdJZ7JCZQj71Zz7SiDi5aRXDSeI/kVZ0=
github.com/teejays/gokutil/clog v0.0.0-20250110183657-b8d5cbde594a/go.mod h1:hNo+kINeDBD0TFAXy3xxB3c9u8C2Wp4U+ZrZ8lMXp+s=
github.com/teejays/gokutil/ctxutil v0.0.0-20250110183657-b8d5cbde594a h1:4Ru8MFoh/K6sko6tPEQn3tTPwtSOB0tMm/6vTBfrxmc=
github.com/teejays/gokutil/ctxutil v0.0.0-20250110183657-b8d5cbde594a/go.mod h1:wbH5wNXXPHnU19Er8YKK7s8Eo8Dj6chkhHyvQPStuZw=
github.com/teejays/gokutil/env v0.0.0-20250110183657-b8d5cbde594a h1:/pSYed0kTCmJ7VD8aIV28GgAKUz7wKqiKf+ptxtvefo=
github.com/teejays/gokutil/env v0.0.0-20250110183657-b8d5cbde594a/go.mod h1:LmjCSyIfALUlKuAEW+kVsMYkP3Pg5OFUKGb3Hl3xpCM=
github.com/teejays/gokutil/errutil v0.0.0-20250110183657-b8d5cbde594a h1:GNDk37AdHjdSQfBRWO3odoxERoFmMafOqOwu3NUzbB8=
github.com/teejays/gokutil/errutil v0.0.0-20250110183657-b8d5cbde594a/go.mod h1:A+zmzZdr/SFMfSFbyJRL4o25sMtyHsBR7++OZRJXzik=
github.com/teejays/gokutil/gopi v0.0.0-20250110183657-b8d5cbde594a h1:hlrChnv9eBO1NaUrtmF9UNOz/sMkcQBWN90Ib3ox8hU=
github.com/teejays/gokutil/gopi v0.0.0-20250110183657-b8d5cbde594a/go.mod h1:O3Ax2ELDkqBHVeQ8h5SDiW42SegZRW+DgJU6C/IO+3s=
github.com/teejays/gokutil/log v0.0.0-20250110183657-b8d5cbde594a h1:ndOHQBcAhotTEzxkSXuxL19h9a5vYOK5sY3RDE27sag=
github.com/teejays/gokutil/log v0.0.0-20250110183657-b8d5cbde594a/go.mod h1:1HrXYOsxJqJk4uEKpnECHhkXXkc9yCdy1pqXqjfhb7Y=
github.com/teejays/gokutil/panics v0.0.0-20250110183657-b8d5cbde594a h1:8U+T7h8olBfIQuRUIONDs1+5DKv5mmL6iSQrT5FRrHM=
github.com/teejays/gokutil/panics v0.0.0-20250110183657-b8d5cbde594a/go.mod h1:02LGenLAbivQzXEl9ZHh+9ZdfrMEbJSHtChh5U4S+w4=
github.com/teejays/gokutil/sclog v0.0.0-20250110183657-b8d5cbde594a h1:V+X8c1+yiMfomMj/jYGxtZZgMHgEuCY7pFo4lc0NTls=
github.com/teejays/gokutil/sclog v0.0.0-20250110183657-b8d5cbde594a/go.mod h1:eAnG4v8ucYbRh51PxnkU2Ys1oIWaoWXD+L3ohjn8fXw=
