github.com/Rican7/conjson v0.1.0 h1:8dNZzdy1mzwo9LOideWcOyY3PbKdsJPF7hj31/mrIiw=
github.com/Rican7/conjson v0.1.0/go.mod h1:CL1oWzzC9Ox36F2ghCPmtNpdW/ZKRunAc4dEoCL4Qyc=
github.com/teejays/gokutil/clog v0.0.0-20250416200432-9a95464f2763 h1:do6b46EoANh5mkCvfp15zWYp+yzVNuxu0BZj9UY5/yk=
github.com/teejays/gokutil/clog v0.0.0-20250416200432-9a95464f2763/go.mod h1:hNo+kINeDBD0TFAXy3xxB3c9u8C2Wp4U+ZrZ8lMXp+s=
github.com/teejays/gokutil/ctxutil v0.0.0-20250416200432-9a95464f2763 h1:bXXmb5LvLrGjNf8Yu4x+z9VuD366X5x1yM5CkxpH9nk=
github.com/teejays/gokutil/ctxutil v0.0.0-20250416200432-9a95464f2763/go.mod h1:D/z7/RAfuy2W3/ysxXPRSEjmIbwrKW8OyLYc1+UCo9A=
github.com/teejays/gokutil/env v0.0.0-20250416200432-9a95464f2763 h1:1t63wRrMR1o7DNlTpLzaFmIoA/i2+V4I6MmD4/3clk8=
github.com/teejays/gokutil/env v0.0.0-20250416200432-9a95464f2763/go.mod h1:kmemb6Iow/GA/9obE9AsBM+Y33Crhhe1eH3IYjR1cFA=
github.com/teejays/gokutil/errutil v0.0.0-20250416200432-9a95464f2763 h1:CSRMs6NeeIFd+U/rZzpoudbsS2qAmAvs5ufcS6WJiVQ=
github.com/teejays/gokutil/errutil v0.0.0-20250416200432-9a95464f2763/go.mod h1:WYVt83WYnHWgQsG5A0vFJgNLIk8V/V6GF0JpIH9uDzk=
github.com/teejays/gokutil/gopi v0.0.0-20250416200432-9a95464f2763 h1:/rQPxCgYAuzSOJNxE//LPSFPJFrw35c5tFelbZQhBSs=
github.com/teejays/gokutil/gopi v0.0.0-20250416200432-9a95464f2763/go.mod h1:FEKk/Y4GDtigCKenlkdCTNpTV9hnXWIgOKSg5ca/3SE=
github.com/teejays/gokutil/log v0.0.0-20250416200432-9a95464f2763 h1:XWHa+s8zUbqjK8d9GE1E5FnGJ/KdB92ADlIduXbwfKY=
github.com/teejays/gokutil/log v0.0.0-20250416200432-9a95464f2763/go.mod h1:gTlqlrQNrw938CYd4Vx7oVHev3l5LUZgtRI1DunhWLI=
github.com/teejays/gokutil/panics v0.0.0-20250416200432-9a95464f2763 h1:5YWr0RHwaD/ys6SUCSTr1N0VZRPHH7V7EoWD8KnJ4b4=
github.com/teejays/gokutil/panics v0.0.0-20250416200432-9a95464f2763/go.mod h1:02LGenLAbivQzXEl9ZHh+9ZdfrMEbJSHtChh5U4S+w4=
github.com/teejays/gokutil/sclog v0.0.0-20250416200432-9a95464f2763 h1:4LX6RV6UUyeCOdjidbX44BANLicmbiKSx5hlBoqM0JI=
github.com/teejays/gokutil/sclog v0.0.0-20250416200432-9a95464f2763/go.mod h1:RFNFPNVArJgrXmD9ftQ48YBVBLzKdPHmZzdzfaihJWY=
