github.com/teejays/gokutil/clog v0.0.0-20250414160725-cff099781c5b h1:LkE9+uMGVoNmEWI4UAHbXvjrb/kk7rKUgfyNbWusBOE=
github.com/teejays/gokutil/clog v0.0.0-20250414160725-cff099781c5b/go.mod h1:hNo+kINeDBD0TFAXy3xxB3c9u8C2Wp4U+ZrZ8lMXp+s=
github.com/teejays/gokutil/ctxutil v0.0.0-20250414160725-cff099781c5b h1:hseegGjsUvfJPLtBOsKHsasJAWkNc9U0TWDF09A2ccg=
github.com/teejays/gokutil/ctxutil v0.0.0-20250414160725-cff099781c5b/go.mod h1:SY6M2KMxXxZMIswUcUO9j3MO0uQLvIXAEhoAr5q07K0=
github.com/teejays/gokutil/env v0.0.0-20250414160725-cff099781c5b h1:yc4sHQNmKcdYDXQtTvN/Ebl3sUL1Lt6Ed/Fs3BdWVNI=
github.com/teejays/gokutil/env v0.0.0-20250414160725-cff099781c5b/go.mod h1:BgGw/PNfk8kCspxiJh6vfgrn10AcVUCkNfGSYoAKKs4=
github.com/teejays/gokutil/log v0.0.0-20250414160725-cff099781c5b h1:PsYk+u4XhgLp9waIg6O5XrJtquPqqu5206dhvVfIoKc=
github.com/teejays/gokutil/log v0.0.0-20250414160725-cff099781c5b/go.mod h1:MJyBofOdrQwbrt5sS8a56W6LW1FVlPh0x+gM8aydGHA=
github.com/teejays/gokutil/panics v0.0.0-20250414160725-cff099781c5b h1:XMDu9gm/dCEbNb5sEYJAWA3qpO0Qz6+SyHIxh1/eEGU=
github.com/teejays/gokutil/panics v0.0.0-20250414160725-cff099781c5b/go.mod h1:02LGenLAbivQzXEl9ZHh+9ZdfrMEbJSHtChh5U4S+w4=
github.com/teejays/gokutil/sclog v0.0.0-20250414160725-cff099781c5b h1:ek8hTbsjFl4UzGnUSi/0VfWqAtPQItBQ73dC2cFl0e8=
github.com/teejays/gokutil/sclog v0.0.0-20250414160725-cff099781c5b/go.mod h1:ReYzfwbNXIkKAohewpktDlv3sECE7FzTVswkO8qd2bU=
