github.com/teejays/gokutil/clog v0.0.0-20250319080617-959cf05b35b4 h1:4P4EubeMRa6tcmp7hfZvG4QB98tjfkQwlNuSvk34XNU=
github.com/teejays/gokutil/clog v0.0.0-20250319080617-959cf05b35b4/go.mod h1:hNo+kINeDBD0TFAXy3xxB3c9u8C2Wp4U+ZrZ8lMXp+s=
github.com/teejays/gokutil/ctxutil v0.0.0-20250319080617-959cf05b35b4 h1:/uAUpFJRlbU3KiHqCgLeduzVYNHc5gbnNs1qC+v9TGA=
github.com/teejays/gokutil/ctxutil v0.0.0-20250319080617-959cf05b35b4/go.mod h1:ssnz58tD36FIGrVMKoTIoV3TZcjpaomI3nnCgSThFgo=
github.com/teejays/gokutil/env v0.0.0-20250319080617-959cf05b35b4 h1:AQU3d5jMgz7xinuoprJa1lCeWzj2Q3tJcMZx2H7Q/EU=
github.com/teejays/gokutil/env v0.0.0-20250319080617-959cf05b35b4/go.mod h1:e4WW6Ig5r6V5e7175sKcAJfyar3q+9m49YvJy5sM2Sw=
github.com/teejays/gokutil/log v0.0.0-20250319080617-959cf05b35b4 h1:VDRAgEVlGhpRY5pOHSBtugiVyVlwCI88L8C4yIS0tac=
github.com/teejays/gokutil/log v0.0.0-20250319080617-959cf05b35b4/go.mod h1:MWZJuCW2LuQZuFwIXT+PwfcnuWE/jziOwvNIJQI38/U=
github.com/teejays/gokutil/panics v0.0.0-20250319080617-959cf05b35b4 h1:QwCm0/Cpkp3jH2+uvf3gvjET6tPX/Mf4wjDp0LDC0ug=
github.com/teejays/gokutil/panics v0.0.0-20250319080617-959cf05b35b4/go.mod h1:02LGenLAbivQzXEl9ZHh+9ZdfrMEbJSHtChh5U4S+w4=
github.com/teejays/gokutil/sclog v0.0.0-20250319080617-959cf05b35b4 h1:t/osSIbczsnXz0M8CMbJIg6z8Dfcij1Oz3flSUlzDJU=
github.com/teejays/gokutil/sclog v0.0.0-20250319080617-959cf05b35b4/go.mod h1:wIKSh1c9pljxUHR47l3QBblnsLoe98BqkSpPq7OvGu0=
