github.com/teejays/gokutil/clog v0.0.0-20250416200452-2eb3283ffe73 h1:RmD/rHaJIBac6QNeySmPHw7cAVoYlZ8DJjWFrnbR5VI=
github.com/teejays/gokutil/clog v0.0.0-20250416200452-2eb3283ffe73/go.mod h1:hNo+kINeDBD0TFAXy3xxB3c9u8C2Wp4U+ZrZ8lMXp+s=
github.com/teejays/gokutil/ctxutil v0.0.0-20250416200452-2eb3283ffe73 h1:1VXuomvhu0JRIK5KyU2fghbMVjCvJspV3zENfClyftM=
github.com/teejays/gokutil/ctxutil v0.0.0-20250416200452-2eb3283ffe73/go.mod h1:YvOQyUPIK4dw8cGwPivCFTpnL1hCXGAg3EtKMp/F6s4=
github.com/teejays/gokutil/env v0.0.0-20250416200452-2eb3283ffe73 h1:BdCl6TYdviIWHo+c914tpdsPSzsroZeCBwUlLA88Oqk=
github.com/teejays/gokutil/env v0.0.0-20250416200452-2eb3283ffe73/go.mod h1:pANShgzYPSsfTh9yyyKjeIP6DSyflWbwAWCPRlFklUI=
github.com/teejays/gokutil/log v0.0.0-20250416200452-2eb3283ffe73 h1:nGqRODHkF1zWuz8L6RGtWtk3GWNDIsyf1kbvoa9Xnj4=
github.com/teejays/gokutil/log v0.0.0-20250416200452-2eb3283ffe73/go.mod h1:XydhnoLzBwNyo2Ql+3Z8ZVVHK0sELaJyAZBiTV+k0FY=
github.com/teejays/gokutil/panics v0.0.0-20250416200452-2eb3283ffe73 h1:h5dyC6aN6fBVV7ytN7l88gi8zUuftX2cD9HtONgzokk=
github.com/teejays/gokutil/panics v0.0.0-20250416200452-2eb3283ffe73/go.mod h1:02LGenLAbivQzXEl9ZHh+9ZdfrMEbJSHtChh5U4S+w4=
github.com/teejays/gokutil/sclog v0.0.0-20250416200452-2eb3283ffe73 h1:oTllgx2fKQY3rNEqLzkIO+s8fjN3w/PzA3MoRk4DoUo=
github.com/teejays/gokutil/sclog v0.0.0-20250416200452-2eb3283ffe73/go.mod h1:Jeg2nyukIrLcaTYVoxGjv0iWJx2o/cTlZPAX3E8V6PI=
