github.com/Rican7/conjson v0.1.0 h1:8dNZzdy1mzwo9LOideWcOyY3PbKdsJPF7hj31/mrIiw=
github.com/Rican7/conjson v0.1.0/go.mod h1:CL1oWzzC9Ox36F2ghCPmtNpdW/ZKRunAc4dEoCL4Qyc=
github.com/aws/aws-sdk-go v1.55.6 h1:cSg4pvZ3m8dgYcgqB97MrcdjUmZ1BeMYKUxMMB89IPk=
github.com/aws/aws-sdk-go v1.55.6/go.mod h1:eRwEWoyTWFMVYVQzKMNHWP5/RV4xIUGMQfXQHfHkpNU=
github.com/davecgh/go-spew v1.1.0/go.mod h1:J7Y8YcW2NihsgmVo/mv3lAwl/skON4iLHjSsI+c5H38=
github.com/davecgh/go-spew v1.1.2-0.20180830191138-d8f796af33cc h1:U9qPSI2PIWSS1VwoXQT9A3Wy9MM3WgvqSxFWenqJduM=
github.com/davecgh/go-spew v1.1.2-0.20180830191138-d8f796af33cc/go.mod h1:J7Y8YcW2NihsgmVo/mv3lAwl/skON4iLHjSsI+c5H38=
github.com/felixge/httpsnoop v1.0.4 h1:NFTV2Zj1bL4mc9sqWACXbQFVBBg2W3GPvqp8/ESS2Wg=
github.com/felixge/httpsnoop v1.0.4/go.mod h1:m8KPJKqk1gH5J9DgRY2ASl2lWCfGKXixSwevea8zH2U=
github.com/gabriel-vasile/mimetype v1.4.8 h1:FfZ3gj38NjllZIeJAmMhr+qKL8Wu+nOoI3GqacKw1NM=
github.com/gabriel-vasile/mimetype v1.4.8/go.mod h1:ByKUIKGjh1ODkGM1asKUbQZOLGrPjydw3hYPU2YU9t8=
github.com/go-logr/logr v1.2.2/go.mod h1:jdQByPbusPIv2/zmleS9BjJVeZ6kBagPoEUsqbVz/1A=
github.com/go-logr/logr v1.2.3/go.mod h1:jdQByPbusPIv2/zmleS9BjJVeZ6kBagPoEUsqbVz/1A=
github.com/go-logr/stdr v1.2.2/go.mod h1:mMo/vtBO5dYbehREoey6XUKy/eSumjCCveDpRre4VKE=
github.com/go-playground/assert/v2 v2.2.0 h1:JvknZsQTYeFEAhQwI4qEt9cyV5ONwRHC+lYKSsYSR8s=
github.com/go-playground/assert/v2 v2.2.0/go.mod h1:VDjEfimB/XKnb+ZQfWdccd7VUvScMdVu0Titje2rxJ4=
github.com/go-playground/locales v0.14.1 h1:EWaQ/wswjilfKLTECiXz7Rh+3BjFhfDFKv/oXslEjJA=
github.com/go-playground/locales v0.14.1/go.mod h1:hxrqLVvrK65+Rwrd5Fc6F2O76J/NuW9t0sjnWqG1slY=
github.com/go-playground/universal-translator v0.18.1 h1:Bcnm0ZwsGyWbCzImXv+pAJnYK9S473LQFuzCbDbfSFY=
github.com/go-playground/universal-translator v0.18.1/go.mod h1:xekY+UJKNuX9WP91TpwSH2VMlDf28Uj24BCp08ZFTUY=
github.com/go-playground/validator/v10 v10.23.0 h1:/PwmTwZhS0dPkav3cdK9kV1FsAmrL8sThn8IHr/sO+o=
github.com/go-playground/validator/v10 v10.23.0/go.mod h1:dbuPbCMFw/DrkbEynArYaCwl3amGuJotoKCe95atGMM=
github.com/google/go-cmp v0.5.7/go.mod h1:n+brtR0CgQNWTVd5ZUFpTBC8YFBDLK/h/bpaJ8/DtOE=
github.com/google/uuid v1.6.0 h1:NIvaJDMOsjHA8n1jAhLSgzrAzy1Hgr+hNrb57e+94F0=
github.com/google/uuid v1.6.0/go.mod h1:TIyPZe4MgqvfeYDBFedMoGGpEw/LqOeaOT+nhxU+yHo=
github.com/gorilla/handlers v1.5.2 h1:cLTUSsNkgcwhgRqvCNmdbRWG0A3N4F+M2nWKdScwyEE=
github.com/gorilla/handlers v1.5.2/go.mod h1:dX+xVpaxdSw+q0Qek8SSsl3dfMk3jNddUkMzo0GtH0w=
github.com/gorilla/mux v1.8.1 h1:TuBL49tXwgrFYWhqrNgrUNEY92u81SPhu7sTdzQEiWY=
github.com/gorilla/mux v1.8.1/go.mod h1:AKf9I4AEqPTmMytcMc0KkNouC66V3BtZ4qD5fmWSiMQ=
github.com/graph-gophers/graphql-go v1.5.0 h1:fDqblo50TEpD0LY7RXk/LFVYEVqo3+tXMNMPSVXA1yc=
github.com/graph-gophers/graphql-go v1.5.0/go.mod h1:YtmJZDLbF1YYNrlNAuiO5zAStUWc3XZT07iGsVqe1Os=
github.com/jmespath/go-jmespath v0.4.0 h1:BEgLn5cpjn8UN1mAw4NjwDrS35OdebyEtFe+9YPoQUg=
github.com/jmespath/go-jmespath v0.4.0/go.mod h1:T8mJZnbsbmF+m6zOOFylbeCJqk5+pHWvzYPziyZiYoo=
github.com/jmespath/go-jmespath/internal/testify v1.5.1 h1:shLQSRRSCCPj3f2gpwzGwWFoC7ycTf1rcQZHOlsJ6N8=
github.com/jmespath/go-jmespath/internal/testify v1.5.1/go.mod h1:L3OGu8Wl2/fWfCI6z80xFu9LTZmf1ZRjMHUOPmWr69U=
github.com/leodido/go-urn v1.4.0 h1:WT9HwE9SGECu3lg4d/dIA+jxlljEa1/ffXKmRjqdmIQ=
github.com/leodido/go-urn v1.4.0/go.mod h1:bvxc+MVxLKB4z00jd1z+Dvzr47oO32F/QSNjSBOlFxI=
github.com/opentracing/opentracing-go v1.2.0/go.mod h1:GxEUsuufX4nBwe+T+Wl9TAgYrxe9dPLANfrWvHYVTgc=
github.com/pmezard/go-difflib v1.0.0/go.mod h1:iKH77koFhYxTK1pcRnkKkqfTogsbg7gZNVY4sRDYZ/4=
github.com/pmezard/go-difflib v1.0.1-0.20181226105442-5d4384ee4fb2 h1:Jamvg5psRIccs7FGNTlIRMkT8wgtp5eCXdBlqhYGL6U=
github.com/pmezard/go-difflib v1.0.1-0.20181226105442-5d4384ee4fb2/go.mod h1:iKH77koFhYxTK1pcRnkKkqfTogsbg7gZNVY4sRDYZ/4=
github.com/stretchr/objx v0.1.0/go.mod h1:HFkY916IF+rwdDfMAkV7OtwuqBVzrE8GR6GFx+wExME=
github.com/stretchr/testify v1.3.0/go.mod h1:M5WIy9Dh21IEIfnGCwXGc5bZfKNJtfHm1UVUgZn+9EI=
github.com/stretchr/testify v1.7.1/go.mod h1:6Fq8oRcR53rry900zMqJjRRixrwX3KX962/h/Wwjteg=
github.com/stretchr/testify v1.10.0 h1:Xv5erBjTwe/5IxqUQTdXv5kgmIvbHo3QQyRwhJsOfJA=
github.com/stretchr/testify v1.10.0/go.mod h1:r2ic/lqez/lEtzL7wO/rwa5dbSLXVDPFyf8C91i36aY=
github.com/teejays/gokutil/clog v0.0.0-20250110122726-e9343b460a18 h1:VUbGFuaXvunNEFA4gZU4w0bgoxuOGrPs/4ZT8RR4X6A=
github.com/teejays/gokutil/clog v0.0.0-20250110122726-e9343b460a18/go.mod h1:hNo+kINeDBD0TFAXy3xxB3c9u8C2Wp4U+ZrZ8lMXp+s=
github.com/teejays/gokutil/ctxutil v0.0.0-20250110122726-e9343b460a18 h1:/ZCtIA8CkpDAN/0isPjGFQn+aTqvAvSL4+1M80hRCfs=
github.com/teejays/gokutil/ctxutil v0.0.0-20250110122726-e9343b460a18/go.mod h1:fnu9Spf1MFYi+mCqNHTJu4zwzfAN0lCaHQlfwJwjJoQ=
github.com/teejays/gokutil/env v0.0.0-20250110122726-e9343b460a18 h1:1yMhyFThNtq/wVkOsox6BnJ8XrD1U7Vf9DLbeBzi2oI=
github.com/teejays/gokutil/env v0.0.0-20250110122726-e9343b460a18/go.mod h1:yd/N1ATb4TnaVyoYlexbTOVjZwiU0jPeB41kblVdKyQ=
github.com/teejays/gokutil/errutil v0.0.0-20250110122726-e9343b460a18 h1:ejXMEm7H61kOBtRgmA9JDltKOZkMvlRYqGy7DgfWisQ=
github.com/teejays/gokutil/errutil v0.0.0-20250110122726-e9343b460a18/go.mod h1:67ha0a8GPjm5kGb6NgqIysaIl7G3Wiwy1ifKotvH3qs=
github.com/teejays/gokutil/gopi v0.0.0-20250110123328-c5a2330f2fa2 h1:/4jzurfynzIyRdT7TTMOpacTF1vKEFvcwmoZyYmPFyE=
github.com/teejays/gokutil/gopi v0.0.0-20250110123328-c5a2330f2fa2/go.mod h1:O3Ax2ELDkqBHVeQ8h5SDiW42SegZRW+DgJU6C/IO+3s=
github.com/teejays/gokutil/httputil v0.0.0-20250110122726-e9343b460a18 h1:I7G2T2b5dA0PBIGQqg5+KVoY0e5EShfrK4PbsXCOEhg=
github.com/teejays/gokutil/httputil v0.0.0-20250110122726-e9343b460a18/go.mod h1:hoPz+NeVqAR/0CbivcA6/wUNBdDfGaqbaHfnEoGiV1Y=
github.com/teejays/gokutil/log v0.0.0-20250110123328-c5a2330f2fa2 h1:DrWn7TZU4Jx6Qz0CTLCbAb/t5uQP8nLOymkQ2jweQho=
github.com/teejays/gokutil/log v0.0.0-20250110123328-c5a2330f2fa2/go.mod h1:1HrXYOsxJqJk4uEKpnECHhkXXkc9yCdy1pqXqjfhb7Y=
github.com/teejays/gokutil/panics v0.0.0-20250110122726-e9343b460a18 h1:DdWLv2R4ZdBiTXSh5lvxLXZepl5zbl1sGMPSzDaOGfs=
github.com/teejays/gokutil/panics v0.0.0-20250110122726-e9343b460a18/go.mod h1:02LGenLAbivQzXEl9ZHh+9ZdfrMEbJSHtChh5U4S+w4=
github.com/teejays/gokutil/scalars v0.0.0-20240914053048-e3c291cb9e80 h1:z2lEszpFgBR5Dcs4jPO6tVPjMBVZU/CqM3cc7f0HpCk=
github.com/teejays/gokutil/scalars v0.0.0-20240914053048-e3c291cb9e80/go.mod h1:upBddeeY29IyyoNCIH2u8VDC9WqeltgiQSCz163JmWo=
github.com/teejays/gokutil/sclog v0.0.0-20250110122726-e9343b460a18 h1:I/bA/te8P58a3OeF9YEyb9PH9Jf0MpXj9rNrud8omxE=
github.com/teejays/gokutil/sclog v0.0.0-20250110122726-e9343b460a18/go.mod h1:/fe120vgB9AX9mY6xgyvh6iWKvVrNlaAUZQjI8WDGdg=
github.com/teejays/gokutil/validate v0.0.0-20250110122726-e9343b460a18 h1:O4Xo9H4t1Semt9WC+snMc9mMzErK6gxX4GmDy9HT57I=
github.com/teejays/gokutil/validate v0.0.0-20250110122726-e9343b460a18/go.mod h1:8wx4mqFPMqTmavljKNglxwgObOecDR/y9KNTZJOk+a0=
go.opentelemetry.io/otel v1.6.3/go.mod h1:7BgNga5fNlF/iZjG06hM3yofffp0ofKCDwSXx1GC4dI=
go.opentelemetry.io/otel/trace v1.6.3/go.mod h1:GNJQusJlUgZl9/TQBPKU/Y/ty+0iVB5fjhKeJGZPGFs=
golang.org/x/crypto v0.32.0 h1:euUpcYgM8WcP71gNpTqQCn6rC2t6ULUPiOzfWaXVVfc=
golang.org/x/crypto v0.32.0/go.mod h1:ZnnJkOaASj8g0AjIduWNlq2NRxL0PlBrbKVyZ6V/Ugc=
golang.org/x/net v0.34.0 h1:Mb7Mrk043xzHgnRM88suvJFwzVrRfHEHJEl5/71CKw0=
golang.org/x/net v0.34.0/go.mod h1:di0qlW3YNM5oh6GqDGQr92MyTozJPmybPK4Ev/Gm31k=
golang.org/x/sys v0.29.0 h1:TPYlXGxvx1MGTn2GiZDhnjPA9wZzZeGKHHmKhHYvgaU=
golang.org/x/sys v0.29.0/go.mod h1:/VUhepiaJMQUp4+oa/7Zr1D23ma6VTLIYjOOTFZPUcA=
golang.org/x/text v0.21.0 h1:zyQAAkrwaneQ066sspRyJaG9VNi/YJ1NfzcGB3hZ/qo=
golang.org/x/text v0.21.0/go.mod h1:4IBbMaMmOPCJ8SecivzSH54+73PCFmPWxNTLm+vZkEQ=
golang.org/x/xerrors v0.0.0-20191204190536-9bdfabe68543/go.mod h1:I/5z698sn9Ka8TeJc9MKroUUfqBBauWjQqLJ2OPfmY0=
gopkg.in/check.v1 v0.0.0-20161208181325-20d25e280405/go.mod h1:Co6ibVJAznAaIkqp8huTwlJQCZ016jof/cbN4VW5Yz0=
gopkg.in/yaml.v2 v2.2.8 h1:obN1ZagJSUGI0Ek/LBmuj4SNLPfIny3KsKFopxRdj10=
gopkg.in/yaml.v2 v2.2.8/go.mod h1:hI93XBmqTisBFMUTm0b8Fm+jr3Dg1NNxqwp+5A1VGuI=
gopkg.in/yaml.v3 v3.0.0-20200313102051-9f266ea9e77c/go.mod h1:K4uyk7z7BCEPqu6E+C64Yfv1cQ7kz7rIZviUmN+EgEM=
gopkg.in/yaml.v3 v3.0.1 h1:fxVm/GzAzEWqLHuvctI91KS9hhNmmWOoWu0XTYJS7CA=
gopkg.in/yaml.v3 v3.0.1/go.mod h1:K4uyk7z7BCEPqu6E+C64Yfv1cQ7kz7rIZviUmN+EgEM=
