github.com/Rican7/conjson v0.1.0 h1:8dNZzdy1mzwo9LOideWcOyY3PbKdsJPF7hj31/mrIiw=
github.com/Rican7/conjson v0.1.0/go.mod h1:CL1oWzzC9Ox36F2ghCPmtNpdW/ZKRunAc4dEoCL4Qyc=
github.com/davecgh/go-spew v1.1.0/go.mod h1:J7Y8YcW2NihsgmVo/mv3lAwl/skON4iLHjSsI+c5H38=
github.com/go-logr/logr v1.2.2/go.mod h1:jdQByPbusPIv2/zmleS9BjJVeZ6kBagPoEUsqbVz/1A=
github.com/go-logr/logr v1.2.3/go.mod h1:jdQByPbusPIv2/zmleS9BjJVeZ6kBagPoEUsqbVz/1A=
github.com/go-logr/stdr v1.2.2/go.mod h1:mMo/vtBO5dYbehREoey6XUKy/eSumjCCveDpRre4VKE=
github.com/google/go-cmp v0.5.7/go.mod h1:n+brtR0CgQNWTVd5ZUFpTBC8YFBDLK/h/bpaJ8/DtOE=
github.com/google/uuid v1.6.0 h1:NIvaJDMOsjHA8n1jAhLSgzrAzy1Hgr+hNrb57e+94F0=
github.com/google/uuid v1.6.0/go.mod h1:TIyPZe4MgqvfeYDBFedMoGGpEw/LqOeaOT+nhxU+yHo=
github.com/graph-gophers/graphql-go v1.5.0 h1:fDqblo50TEpD0LY7RXk/LFVYEVqo3+tXMNMPSVXA1yc=
github.com/graph-gophers/graphql-go v1.5.0/go.mod h1:YtmJZDLbF1YYNrlNAuiO5zAStUWc3XZT07iGsVqe1Os=
github.com/opentracing/opentracing-go v1.2.0/go.mod h1:GxEUsuufX4nBwe+T+Wl9TAgYrxe9dPLANfrWvHYVTgc=
github.com/pmezard/go-difflib v1.0.0/go.mod h1:iKH77koFhYxTK1pcRnkKkqfTogsbg7gZNVY4sRDYZ/4=
github.com/stretchr/objx v0.1.0/go.mod h1:HFkY916IF+rwdDfMAkV7OtwuqBVzrE8GR6GFx+wExME=
github.com/stretchr/testify v1.3.0/go.mod h1:M5WIy9Dh21IEIfnGCwXGc5bZfKNJtfHm1UVUgZn+9EI=
github.com/stretchr/testify v1.7.1/go.mod h1:6Fq8oRcR53rry900zMqJjRRixrwX3KX962/h/Wwjteg=
github.com/teejays/gokutil/clog v0.0.0-20250219150958-66256d2aea1e h1:ibhx/h2DdOoTGNFoTUcl4k6pAlNRndUx68HCdyvJaEI=
github.com/teejays/gokutil/clog v0.0.0-20250219150958-66256d2aea1e/go.mod h1:hNo+kINeDBD0TFAXy3xxB3c9u8C2Wp4U+ZrZ8lMXp+s=
github.com/teejays/gokutil/ctxutil v0.0.0-20250219150958-66256d2aea1e h1:T2DeCBNaCv0x9yPJ1FOsoAeO0wmR2ozKVhlOYpZJuB8=
github.com/teejays/gokutil/ctxutil v0.0.0-20250219150958-66256d2aea1e/go.mod h1:/zrxyus98D1vTkGi01KUGJgd6IYBt6Rv8yLGG42eEx4=
github.com/teejays/gokutil/env v0.0.0-20250219150958-66256d2aea1e h1:PB29yfj68PfJT/+AfZc2CuGfmd56oTnewkcS1jrMHHo=
github.com/teejays/gokutil/env v0.0.0-20250219150958-66256d2aea1e/go.mod h1:mX0bBj/CqO5MY3rzGfCb2kFwDG4ERkKzB0UtWCxElIY=
github.com/teejays/gokutil/errutil v0.0.0-20250219150958-66256d2aea1e h1:rXYil5ZQEnjF0aL3g0Z7THqcjl2KxPFw5Fec7Zno//k=
github.com/teejays/gokutil/errutil v0.0.0-20250219150958-66256d2aea1e/go.mod h1:ri1fzSsyTGLKYuTyRXMXhtFewrv5usJC1DYPJocGcIo=
github.com/teejays/gokutil/gopi v0.0.0-20250219150958-66256d2aea1e h1:/PBdUfFDyai2L5E7GELNVfCnA10O7ek4oCwj8ucnvJs=
github.com/teejays/gokutil/gopi v0.0.0-20250219150958-66256d2aea1e/go.mod h1:0Hdoolqy43Wi5+YLi+viq0av3of5hcfor/s5r+OHqYU=
github.com/teejays/gokutil/log v0.0.0-20250219150958-66256d2aea1e h1:p0/aF2EPHvXIdELVjY6t2XqsV1wSEKW/98oS8A+WGkg=
github.com/teejays/gokutil/log v0.0.0-20250219150958-66256d2aea1e/go.mod h1:kMSzIgVYo7AR5eb7Wvit9wFlLLjKdd8MxMzZ3ggBgKw=
github.com/teejays/gokutil/panics v0.0.0-20250219150958-66256d2aea1e h1:tck+3euIOR7teQ9X5iOoyL226ebPcW+6fhXK0gSyiJY=
github.com/teejays/gokutil/panics v0.0.0-20250219150958-66256d2aea1e/go.mod h1:02LGenLAbivQzXEl9ZHh+9ZdfrMEbJSHtChh5U4S+w4=
github.com/teejays/gokutil/sclog v0.0.0-20250219150958-66256d2aea1e h1:3jqmUJOe/3ApBvv/l/aIQGfMLkjGgYEShntWNDLqrro=
github.com/teejays/gokutil/sclog v0.0.0-20250219150958-66256d2aea1e/go.mod h1:rryZ/o9FiEtiuZ7cT/rz/LcMR6O9mcfdtFIrUcDiPJg=
go.opentelemetry.io/otel v1.6.3/go.mod h1:7BgNga5fNlF/iZjG06hM3yofffp0ofKCDwSXx1GC4dI=
go.opentelemetry.io/otel/trace v1.6.3/go.mod h1:GNJQusJlUgZl9/TQBPKU/Y/ty+0iVB5fjhKeJGZPGFs=
golang.org/x/xerrors v0.0.0-20191204190536-9bdfabe68543/go.mod h1:I/5z698sn9Ka8TeJc9MKroUUfqBBauWjQqLJ2OPfmY0=
gopkg.in/check.v1 v0.0.0-20161208181325-20d25e280405/go.mod h1:Co6ibVJAznAaIkqp8huTwlJQCZ016jof/cbN4VW5Yz0=
gopkg.in/yaml.v3 v3.0.0-20200313102051-9f266ea9e77c/go.mod h1:K4uyk7z7BCEPqu6E+C64Yfv1cQ7kz7rIZviUmN+EgEM=
