github.com/Rican7/conjson v0.1.0 h1:8dNZzdy1mzwo9LOideWcOyY3PbKdsJPF7hj31/mrIiw=
github.com/Rican7/conjson v0.1.0/go.mod h1:CL1oWzzC9Ox36F2ghCPmtNpdW/ZKRunAc4dEoCL4Qyc=
github.com/davecgh/go-spew v1.1.0/go.mod h1:J7Y8YcW2NihsgmVo/mv3lAwl/skON4iLHjSsI+c5H38=
github.com/go-logr/logr v1.2.2/go.mod h1:jdQByPbusPIv2/zmleS9BjJVeZ6kBagPoEUsqbVz/1A=
github.com/go-logr/logr v1.2.3/go.mod h1:jdQByPbusPIv2/zmleS9BjJVeZ6kBagPoEUsqbVz/1A=
github.com/go-logr/stdr v1.2.2/go.mod h1:mMo/vtBO5dYbehREoey6XUKy/eSumjCCveDpRre4VKE=
github.com/google/go-cmp v0.5.7/go.mod h1:n+brtR0CgQNWTVd5ZUFpTBC8YFBDLK/h/bpaJ8/DtOE=
github.com/google/uuid v1.6.0 h1:NIvaJDMOsjHA8n1jAhLSgzrAzy1Hgr+hNrb57e+94F0=
github.com/google/uuid v1.6.0/go.mod h1:TIyPZe4MgqvfeYDBFedMoGGpEw/LqOeaOT+nhxU+yHo=
github.com/graph-gophers/graphql-go v1.5.0 h1:fDqblo50TEpD0LY7RXk/LFVYEVqo3+tXMNMPSVXA1yc=
github.com/graph-gophers/graphql-go v1.5.0/go.mod h1:YtmJZDLbF1YYNrlNAuiO5zAStUWc3XZT07iGsVqe1Os=
github.com/opentracing/opentracing-go v1.2.0/go.mod h1:GxEUsuufX4nBwe+T+Wl9TAgYrxe9dPLANfrWvHYVTgc=
github.com/pmezard/go-difflib v1.0.0/go.mod h1:iKH77koFhYxTK1pcRnkKkqfTogsbg7gZNVY4sRDYZ/4=
github.com/stretchr/objx v0.1.0/go.mod h1:HFkY916IF+rwdDfMAkV7OtwuqBVzrE8GR6GFx+wExME=
github.com/stretchr/testify v1.3.0/go.mod h1:M5WIy9Dh21IEIfnGCwXGc5bZfKNJtfHm1UVUgZn+9EI=
github.com/stretchr/testify v1.7.1/go.mod h1:6Fq8oRcR53rry900zMqJjRRixrwX3KX962/h/Wwjteg=
github.com/teejays/gokutil/clog v0.0.0-20241224040923-8e1162d54511 h1:/CSBXKhA5YPlV4rKLyRdqtdLTUUiR+5I4UByi7Flz1A=
github.com/teejays/gokutil/clog v0.0.0-20241224040923-8e1162d54511/go.mod h1:hNo+kINeDBD0TFAXy3xxB3c9u8C2Wp4U+ZrZ8lMXp+s=
github.com/teejays/gokutil/ctxutil v0.0.0-20241224040923-8e1162d54511 h1:lsN6wDbDaWcKvk1b7LpXI2Ymafn6ekvfV8qmGLZr78E=
github.com/teejays/gokutil/ctxutil v0.0.0-20241224040923-8e1162d54511/go.mod h1:yH3+a21wJmtmH0aSsRrGCC+uwLZ0gg8cVvEzuMEqNhY=
github.com/teejays/gokutil/env v0.0.0-20241224040923-8e1162d54511 h1:trAuycEUu9IlPgDMgfWF+ovn22lISKlHhU7sOiXaI+w=
github.com/teejays/gokutil/env v0.0.0-20241224040923-8e1162d54511/go.mod h1:w5hrERa+OAVp3GzWwONPTvlxG4UMHnpvwFxPggm0Su4=
github.com/teejays/gokutil/errutil v0.0.0-20241224040923-8e1162d54511 h1:Rzhden/Ny1GSLOZNcETW7+QofcmKzSIka+C+7PVmLdI=
github.com/teejays/gokutil/errutil v0.0.0-20241224040923-8e1162d54511/go.mod h1:5jpPEGMrh/ILS4qeYOaDDU8w+A6B83oLpoSoY6MSSuc=
github.com/teejays/gokutil/gopi v0.0.0-20241224040923-8e1162d54511 h1:oTOPvBIIyVgHt2FrVcK+e7oEgrXbeMwjZtOa2KwYsBg=
github.com/teejays/gokutil/gopi v0.0.0-20241224040923-8e1162d54511/go.mod h1:CyovZ6nkaodQVT+iNF47iGlJGD/3hCZGGOynZXx7HQk=
github.com/teejays/gokutil/log v0.0.0-20241224040923-8e1162d54511 h1:kjsr5L2SoyoJlePiMxLOeRPfRwivHrx4dT/CcVIu8CM=
github.com/teejays/gokutil/log v0.0.0-20241224040923-8e1162d54511/go.mod h1:oXDK89m16oHvv0Uniq8VgkymCcjrlTb7ce/F9ljC/yE=
github.com/teejays/gokutil/panics v0.0.0-20241224040923-8e1162d54511 h1:rlvxhogvRaKzMdQ69KnuRprnkt8qJ4U9YvnpcPTAtMU=
github.com/teejays/gokutil/panics v0.0.0-20241224040923-8e1162d54511/go.mod h1:02LGenLAbivQzXEl9ZHh+9ZdfrMEbJSHtChh5U4S+w4=
github.com/teejays/gokutil/sclog v0.0.0-20241224040923-8e1162d54511 h1:m7YTiiNnSmJ17hme4RO8hHkq6mPXNGJBjmPhDeTDLos=
github.com/teejays/gokutil/sclog v0.0.0-20241224040923-8e1162d54511/go.mod h1:BFMr8cZ7n1TnHwYvxk9ZEp29AdyJhNesNfzexGPvKyM=
go.opentelemetry.io/otel v1.6.3/go.mod h1:7BgNga5fNlF/iZjG06hM3yofffp0ofKCDwSXx1GC4dI=
go.opentelemetry.io/otel/trace v1.6.3/go.mod h1:GNJQusJlUgZl9/TQBPKU/Y/ty+0iVB5fjhKeJGZPGFs=
golang.org/x/xerrors v0.0.0-20191204190536-9bdfabe68543/go.mod h1:I/5z698sn9Ka8TeJc9MKroUUfqBBauWjQqLJ2OPfmY0=
gopkg.in/check.v1 v0.0.0-20161208181325-20d25e280405/go.mod h1:Co6ibVJAznAaIkqp8huTwlJQCZ016jof/cbN4VW5Yz0=
gopkg.in/yaml.v3 v3.0.0-20200313102051-9f266ea9e77c/go.mod h1:K4uyk7z7BCEPqu6E+C64Yfv1cQ7kz7rIZviUmN+EgEM=
