github.com/Rican7/conjson v0.1.0 h1:8dNZzdy1mzwo9LOideWcOyY3PbKdsJPF7hj31/mrIiw=
github.com/Rican7/conjson v0.1.0/go.mod h1:CL1oWzzC9Ox36F2ghCPmtNpdW/ZKRunAc4dEoCL4Qyc=
github.com/davecgh/go-spew v1.1.0/go.mod h1:J7Y8YcW2NihsgmVo/mv3lAwl/skON4iLHjSsI+c5H38=
github.com/go-logr/logr v1.2.2/go.mod h1:jdQByPbusPIv2/zmleS9BjJVeZ6kBagPoEUsqbVz/1A=
github.com/go-logr/logr v1.2.3/go.mod h1:jdQByPbusPIv2/zmleS9BjJVeZ6kBagPoEUsqbVz/1A=
github.com/go-logr/stdr v1.2.2/go.mod h1:mMo/vtBO5dYbehREoey6XUKy/eSumjCCveDpRre4VKE=
github.com/google/go-cmp v0.5.7/go.mod h1:n+brtR0CgQNWTVd5ZUFpTBC8YFBDLK/h/bpaJ8/DtOE=
github.com/google/uuid v1.6.0 h1:NIvaJDMOsjHA8n1jAhLSgzrAzy1Hgr+hNrb57e+94F0=
github.com/google/uuid v1.6.0/go.mod h1:TIyPZe4MgqvfeYDBFedMoGGpEw/LqOeaOT+nhxU+yHo=
github.com/graph-gophers/graphql-go v1.5.0 h1:fDqblo50TEpD0LY7RXk/LFVYEVqo3+tXMNMPSVXA1yc=
github.com/graph-gophers/graphql-go v1.5.0/go.mod h1:YtmJZDLbF1YYNrlNAuiO5zAStUWc3XZT07iGsVqe1Os=
github.com/opentracing/opentracing-go v1.2.0/go.mod h1:GxEUsuufX4nBwe+T+Wl9TAgYrxe9dPLANfrWvHYVTgc=
github.com/pmezard/go-difflib v1.0.0/go.mod h1:iKH77koFhYxTK1pcRnkKkqfTogsbg7gZNVY4sRDYZ/4=
github.com/stretchr/objx v0.1.0/go.mod h1:HFkY916IF+rwdDfMAkV7OtwuqBVzrE8GR6GFx+wExME=
github.com/stretchr/testify v1.3.0/go.mod h1:M5WIy9Dh21IEIfnGCwXGc5bZfKNJtfHm1UVUgZn+9EI=
github.com/stretchr/testify v1.7.1/go.mod h1:6Fq8oRcR53rry900zMqJjRRixrwX3KX962/h/Wwjteg=
github.com/teejays/gokutil/clog v0.0.0-20241219203531-c26c5bf2586a h1:80XQonvLkdss4prZAl5FHq567/vhDwAwJev8VZpqQyM=
github.com/teejays/gokutil/clog v0.0.0-20241219203531-c26c5bf2586a/go.mod h1:hNo+kINeDBD0TFAXy3xxB3c9u8C2Wp4U+ZrZ8lMXp+s=
github.com/teejays/gokutil/ctxutil v0.0.0-20241219203531-c26c5bf2586a h1:ICFlASf2E8yJcNpopzHFZUSL1e+0PK69V6fka7bovKw=
github.com/teejays/gokutil/ctxutil v0.0.0-20241219203531-c26c5bf2586a/go.mod h1:e1VECS/CYxyEDSI9Z2LdpEiB+YmigdBhC3GORKO/Lb4=
github.com/teejays/gokutil/env v0.0.0-20241219203531-c26c5bf2586a h1:7mFhITAuQLO0sRuXK/FgV3x4/7xukK3h56Fnjq5qAP0=
github.com/teejays/gokutil/env v0.0.0-20241219203531-c26c5bf2586a/go.mod h1:60JtU/YJTga4WYJshqi2JAMfUaMLiR/sXpIcC+W165g=
github.com/teejays/gokutil/errutil v0.0.0-20241219203531-c26c5bf2586a h1:nlJWTVKYw7M+2EEdmREG4VK2oXJ2GKR+FZ7cPwd+eKk=
github.com/teejays/gokutil/errutil v0.0.0-20241219203531-c26c5bf2586a/go.mod h1:hsU5FojmMpSYm0L7FF9oBeJjgJKCQ1GnDytSvxxLsO0=
github.com/teejays/gokutil/gopi v0.0.0-20241219203531-c26c5bf2586a h1:JyPPDlH0Osio4yHb1ksPIKN2XdWw+nbRgN/M/hLTz/k=
github.com/teejays/gokutil/gopi v0.0.0-20241219203531-c26c5bf2586a/go.mod h1:3npfD+A4ceKB8NYGXyeYG7pMpfRp73zcFEVofQMJZhM=
github.com/teejays/gokutil/log v0.0.0-20241219203531-c26c5bf2586a h1:2Ig8ule3qpqwwQRQfmTBXUbylvFM3nL4g8RK1LzDQnc=
github.com/teejays/gokutil/log v0.0.0-20241219203531-c26c5bf2586a/go.mod h1:AQi+QB6j8+8Rktvynh3cKUu2jRgaT9rOdPB6+MvYpBo=
github.com/teejays/gokutil/panics v0.0.0-20241219203531-c26c5bf2586a h1:SZCw0KI2HJ94rJrrS31xS9ijdyZJFoYBUKY/vjgJd90=
github.com/teejays/gokutil/panics v0.0.0-20241219203531-c26c5bf2586a/go.mod h1:02LGenLAbivQzXEl9ZHh+9ZdfrMEbJSHtChh5U4S+w4=
github.com/teejays/gokutil/sclog v0.0.0-20241219203531-c26c5bf2586a h1:329Cbg2ojUUJ0BpJNQispIJJNhm3OHjfF2oQM0JfE5A=
github.com/teejays/gokutil/sclog v0.0.0-20241219203531-c26c5bf2586a/go.mod h1:NzcPtLVQwAOJcGN6CxhRoYeVNku01g3q3Ea5t3yH5PE=
go.opentelemetry.io/otel v1.6.3/go.mod h1:7BgNga5fNlF/iZjG06hM3yofffp0ofKCDwSXx1GC4dI=
go.opentelemetry.io/otel/trace v1.6.3/go.mod h1:GNJQusJlUgZl9/TQBPKU/Y/ty+0iVB5fjhKeJGZPGFs=
golang.org/x/xerrors v0.0.0-20191204190536-9bdfabe68543/go.mod h1:I/5z698sn9Ka8TeJc9MKroUUfqBBauWjQqLJ2OPfmY0=
gopkg.in/check.v1 v0.0.0-20161208181325-20d25e280405/go.mod h1:Co6ibVJAznAaIkqp8huTwlJQCZ016jof/cbN4VW5Yz0=
gopkg.in/yaml.v3 v3.0.0-20200313102051-9f266ea9e77c/go.mod h1:K4uyk7z7BCEPqu6E+C64Yfv1cQ7kz7rIZviUmN+EgEM=
