github.com/teejays/gokutil/clog v0.0.0-20250426215142-5dc7bd3f1fd0 h1:eLbtJEsR4YCejv9Bf5wvXy+2+S15HqstatPwqha3qw4=
github.com/teejays/gokutil/clog v0.0.0-20250426215142-5dc7bd3f1fd0/go.mod h1:hNo+kINeDBD0TFAXy3xxB3c9u8C2Wp4U+ZrZ8lMXp+s=
github.com/teejays/gokutil/ctxutil v0.0.0-20250426215142-5dc7bd3f1fd0 h1:9kvqXENz3660/UvfBk2TD9HYp6ecE4A2Z6s6vAkaFAU=
github.com/teejays/gokutil/ctxutil v0.0.0-20250426215142-5dc7bd3f1fd0/go.mod h1:IJgFH0pseRE2hFZYTH17I7vo+RI83hd1wy/vyLeeFmg=
github.com/teejays/gokutil/env v0.0.0-20250426215142-5dc7bd3f1fd0 h1:OIUoPIIEwfnsN5tlbFFdiT+ryIkSMMuUL47X+4t/PtM=
github.com/teejays/gokutil/env v0.0.0-20250426215142-5dc7bd3f1fd0/go.mod h1:ypWjGLw8IsGMSjq5CbhXzI0imSed/YIwnbePmLGHeMc=
github.com/teejays/gokutil/panics v0.0.0-20250426215142-5dc7bd3f1fd0 h1:3PbT+2++IyjXdBxBNTOwBTF7xkUEZBKKLD/e+AF+Oho=
github.com/teejays/gokutil/panics v0.0.0-20250426215142-5dc7bd3f1fd0/go.mod h1:02LGenLAbivQzXEl9ZHh+9ZdfrMEbJSHtChh5U4S+w4=
