github.com/teejays/gokutil/clog v0.0.0-20250319203619-f77790de5b73 h1:dUoq5PbWXC/oWDycN0S+s/QTlkFBE9VLXGNj8Ty4ONk=
github.com/teejays/gokutil/clog v0.0.0-20250319203619-f77790de5b73/go.mod h1:hNo+kINeDBD0TFAXy3xxB3c9u8C2Wp4U+ZrZ8lMXp+s=
github.com/teejays/gokutil/ctxutil v0.0.0-20250319203619-f77790de5b73 h1:+4tmJomJ0fmWeu/PLfXvrFOBSZl+xAMzDExe1JywLDI=
github.com/teejays/gokutil/ctxutil v0.0.0-20250319203619-f77790de5b73/go.mod h1:wDFYB3xPwcjyGV5edR/fgq7HqZ1YgEADvgU6rraqJq4=
github.com/teejays/gokutil/env v0.0.0-20250319203619-f77790de5b73 h1:dKuJ4hnjT/k0owSgAlahmuicgXlBjdJQniN4iWqZ+js=
github.com/teejays/gokutil/env v0.0.0-20250319203619-f77790de5b73/go.mod h1:di01ESrk4tKmfaOxSm4KnWsGIrryZoCf5j/wDFlLZ0w=
github.com/teejays/gokutil/panics v0.0.0-20250319203619-f77790de5b73 h1:VVTAbn7WxSO9DWQzxrlQocBQ85SfqddtG4p2ydq8vok=
github.com/teejays/gokutil/panics v0.0.0-20250319203619-f77790de5b73/go.mod h1:02LGenLAbivQzXEl9ZHh+9ZdfrMEbJSHtChh5U4S+w4=
