github.com/teejays/gokutil/clog v0.0.0-20241224040923-8e1162d54511 h1:/CSBXKhA5YPlV4rKLyRdqtdLTUUiR+5I4UByi7Flz1A=
github.com/teejays/gokutil/clog v0.0.0-20241224040923-8e1162d54511/go.mod h1:hNo+kINeDBD0TFAXy3xxB3c9u8C2Wp4U+ZrZ8lMXp+s=
github.com/teejays/gokutil/ctxutil v0.0.0-20241224040923-8e1162d54511 h1:lsN6wDbDaWcKvk1b7LpXI2Ymafn6ekvfV8qmGLZr78E=
github.com/teejays/gokutil/ctxutil v0.0.0-20241224040923-8e1162d54511/go.mod h1:yH3+a21wJmtmH0aSsRrGCC+uwLZ0gg8cVvEzuMEqNhY=
github.com/teejays/gokutil/env v0.0.0-20241226031657-3aca9f31068a h1:q5ltdG0agM+MexHaO6A5rkF3TyHrM6SHJ1q94IoGZsE=
github.com/teejays/gokutil/env v0.0.0-20241226031657-3aca9f31068a/go.mod h1:4Zsqm7BdZvB3LZX7b4U9/nRlfS0OKWJDBLwM6w7VYOk=
github.com/teejays/gokutil/panics v0.0.0-20241224040923-8e1162d54511 h1:rlvxhogvRaKzMdQ69KnuRprnkt8qJ4U9YvnpcPTAtMU=
github.com/teejays/gokutil/panics v0.0.0-20241224040923-8e1162d54511/go.mod h1:02LGenLAbivQzXEl9ZHh+9ZdfrMEbJSHtChh5U4S+w4=
