github.com/Rican7/conjson v0.1.0 h1:8dNZzdy1mzwo9LOideWcOyY3PbKdsJPF7hj31/mrIiw=
github.com/Rican7/conjson v0.1.0/go.mod h1:CL1oWzzC9Ox36F2ghCPmtNpdW/ZKRunAc4dEoCL4Qyc=
github.com/joho/godotenv v1.5.1 h1:7eLL/+HRGLY0ldzfGMeQkb7vMd0as4CfYvUVzLqw0N0=
github.com/joho/godotenv v1.5.1/go.mod h1:f4LDr5Voq0i2e/R5DDNOoa2zzDfwtkZa6DnEwAbqwq4=
github.com/teejays/gokutil/clog v0.0.0-20250311154532-16b275e4cc95 h1:0hDtqtRGuychL7lSRkTRdr6XlFUrQqhDOc/YJnP60KA=
github.com/teejays/gokutil/clog v0.0.0-20250311154532-16b275e4cc95/go.mod h1:hNo+kINeDBD0TFAXy3xxB3c9u8C2Wp4U+ZrZ8lMXp+s=
github.com/teejays/gokutil/ctxutil v0.0.0-20250311154532-16b275e4cc95 h1:bCIFPb5b6yNyBBuXZ7aSKpgIAlY91BfOT4c1R/W3b5s=
github.com/teejays/gokutil/ctxutil v0.0.0-20250311154532-16b275e4cc95/go.mod h1:bRK/B+yF246aA+5EnDulRkHuByX1Yx5TU1EUDD10r6w=
github.com/teejays/gokutil/env v0.0.0-20250311154532-16b275e4cc95 h1:Y3s7GMr81DysOnd2yXmyHYnsRGUV3Oa4WEnGFNFpshs=
github.com/teejays/gokutil/env v0.0.0-20250311154532-16b275e4cc95/go.mod h1:GNVnOID5zLFyP4/ClvZeHMj9y5gmsk9ZLrAGgv/bMNo=
github.com/teejays/gokutil/errutil v0.0.0-20250311154532-16b275e4cc95 h1:1MwhhduG99W8XPux17hLlGcS8KeH6E88Hj3IPAeDaqI=
github.com/teejays/gokutil/errutil v0.0.0-20250311154532-16b275e4cc95/go.mod h1:bEbb0e9q1Dya0Olp7GOmOv5rNnVcPnHl6HTVAyTOCco=
github.com/teejays/gokutil/gopi v0.0.0-20250311154532-16b275e4cc95 h1:JMUchlsL28HboaZhE/9v17cI13BM4jHezkdkWkNhYQg=
github.com/teejays/gokutil/gopi v0.0.0-20250311154532-16b275e4cc95/go.mod h1:HNI+noW7ljrj5Feqjyz9bhey8+MC+qdoLRyjhocULZ8=
github.com/teejays/gokutil/log v0.0.0-20250311154532-16b275e4cc95 h1:AVrOM7slVXtkB3hiWyKN0So2LgiCCsAhgxFBGAyzB4E=
github.com/teejays/gokutil/log v0.0.0-20250311154532-16b275e4cc95/go.mod h1:NkS+MbAiuemxCBnzRxL+K4j6lnbzLWUtrYIamt556zw=
github.com/teejays/gokutil/panics v0.0.0-20250311154532-16b275e4cc95 h1:IqF784NzmN1FH/y8KYQHPti0fVAiE3RVQ6Xbsf3w8Z0=
github.com/teejays/gokutil/panics v0.0.0-20250311154532-16b275e4cc95/go.mod h1:02LGenLAbivQzXEl9ZHh+9ZdfrMEbJSHtChh5U4S+w4=
github.com/teejays/gokutil/sclog v0.0.0-20250311154532-16b275e4cc95 h1:TYgxhPRt0YkkuQzvHd+nlA3L0AuYTxcfuOSpXxMxQas=
github.com/teejays/gokutil/sclog v0.0.0-20250311154532-16b275e4cc95/go.mod h1:ot+99/knW+rK5egvIERhrgvfek8Vf/ZGA1HoWn1h2Bo=
