github.com/Rican7/conjson v0.1.0 h1:8dNZzdy1mzwo9LOideWcOyY3PbKdsJPF7hj31/mrIiw=
github.com/Rican7/conjson v0.1.0/go.mod h1:CL1oWzzC9Ox36F2ghCPmtNpdW/ZKRunAc4dEoCL4Qyc=
github.com/bahlo/generic-list-go v0.2.0 h1:5sz/EEAK+ls5wF+NeqDpk5+iNdMDXrh3z3nPnH1Wvgk=
github.com/bahlo/generic-list-go v0.2.0/go.mod h1:2KvAjgMlE5NNynlg/5iLrrCCZ2+5xWbdbCW3pNTGyYg=
github.com/buger/jsonparser v1.1.1 h1:2PnMjfWD7wBILjqQbt530v576A/cAbQvEW9gGIpYMUs=
github.com/buger/jsonparser v1.1.1/go.mod h1:6RYKKt7H4d4+iWqouImQ9R2FZql3VbhNgx27UK13J/0=
github.com/davecgh/go-spew v1.1.2-0.20180830191138-d8f796af33cc h1:U9qPSI2PIWSS1VwoXQT9A3Wy9MM3WgvqSxFWenqJduM=
github.com/davecgh/go-spew v1.1.2-0.20180830191138-d8f796af33cc/go.mod h1:J7Y8YcW2NihsgmVo/mv3lAwl/skON4iLHjSsI+c5H38=
github.com/invopop/jsonschema v0.13.0 h1:KvpoAJWEjR3uD9Kbm2HWJmqsEaHt8lBUpd0qHcIi21E=
github.com/invopop/jsonschema v0.13.0/go.mod h1:ffZ5Km5SWWRAIN6wbDXItl95euhFz2uON45H2qjYt+0=
github.com/joho/godotenv v1.5.1 h1:7eLL/+HRGLY0ldzfGMeQkb7vMd0as4CfYvUVzLqw0N0=
github.com/joho/godotenv v1.5.1/go.mod h1:f4LDr5Voq0i2e/R5DDNOoa2zzDfwtkZa6DnEwAbqwq4=
github.com/mailru/easyjson v0.9.0 h1:PrnmzHw7262yW8sTBwxi1PdJA3Iw/EKBa8psRf7d9a4=
github.com/mailru/easyjson v0.9.0/go.mod h1:1+xMtQp2MRNVL/V1bOzuP3aP8VNwRW55fQUto+XFtTU=
github.com/pmezard/go-difflib v1.0.1-0.20181226105442-5d4384ee4fb2 h1:Jamvg5psRIccs7FGNTlIRMkT8wgtp5eCXdBlqhYGL6U=
github.com/pmezard/go-difflib v1.0.1-0.20181226105442-5d4384ee4fb2/go.mod h1:iKH77koFhYxTK1pcRnkKkqfTogsbg7gZNVY4sRDYZ/4=
github.com/stretchr/testify v1.10.0 h1:Xv5erBjTwe/5IxqUQTdXv5kgmIvbHo3QQyRwhJsOfJA=
github.com/stretchr/testify v1.10.0/go.mod h1:r2ic/lqez/lEtzL7wO/rwa5dbSLXVDPFyf8C91i36aY=
github.com/teejays/gokutil/clog v0.0.0-20250426215142-5dc7bd3f1fd0 h1:eLbtJEsR4YCejv9Bf5wvXy+2+S15HqstatPwqha3qw4=
github.com/teejays/gokutil/clog v0.0.0-20250426215142-5dc7bd3f1fd0/go.mod h1:hNo+kINeDBD0TFAXy3xxB3c9u8C2Wp4U+ZrZ8lMXp+s=
github.com/teejays/gokutil/ctxutil v0.0.0-20250426215142-5dc7bd3f1fd0 h1:9kvqXENz3660/UvfBk2TD9HYp6ecE4A2Z6s6vAkaFAU=
github.com/teejays/gokutil/ctxutil v0.0.0-20250426215142-5dc7bd3f1fd0/go.mod h1:IJgFH0pseRE2hFZYTH17I7vo+RI83hd1wy/vyLeeFmg=
github.com/teejays/gokutil/env v0.0.0-20250426215142-5dc7bd3f1fd0 h1:OIUoPIIEwfnsN5tlbFFdiT+ryIkSMMuUL47X+4t/PtM=
github.com/teejays/gokutil/env v0.0.0-20250426215142-5dc7bd3f1fd0/go.mod h1:ypWjGLw8IsGMSjq5CbhXzI0imSed/YIwnbePmLGHeMc=
github.com/teejays/gokutil/errutil v0.0.0-20250426215142-5dc7bd3f1fd0 h1:DdwtP1NIi1sdij0iz8YL4WPf1Jl9B6CK8zePezzW/kk=
github.com/teejays/gokutil/errutil v0.0.0-20250426215142-5dc7bd3f1fd0/go.mod h1:hRxQYaAYmdaZyHwpBP5XfOzHr8241/pqEKlbkvFyx1E=
github.com/teejays/gokutil/gopi v0.0.0-20250426215142-5dc7bd3f1fd0 h1:OdBTcOoJs0NRtkq3P3266a/ElG3nkMZEYVh77CjQkes=
github.com/teejays/gokutil/gopi v0.0.0-20250426215142-5dc7bd3f1fd0/go.mod h1:L6VguhhE3GvRMQSKYPhMAG4v9Slrz2q6pMedPXz1Hgo=
github.com/teejays/gokutil/log v0.0.0-20250426215142-5dc7bd3f1fd0 h1:C0BZfEzNcs6HNNN49RSECpwNteRwJvULyNnKREEyS+Q=
github.com/teejays/gokutil/log v0.0.0-20250426215142-5dc7bd3f1fd0/go.mod h1:C+iM5y+XHXRJaKnK2rv93r8Ee/DqRSAlcqLi2LdiKwE=
github.com/teejays/gokutil/panics v0.0.0-20250426215142-5dc7bd3f1fd0 h1:3PbT+2++IyjXdBxBNTOwBTF7xkUEZBKKLD/e+AF+Oho=
github.com/teejays/gokutil/panics v0.0.0-20250426215142-5dc7bd3f1fd0/go.mod h1:02LGenLAbivQzXEl9ZHh+9ZdfrMEbJSHtChh5U4S+w4=
github.com/teejays/gokutil/sclog v0.0.0-20250426215142-5dc7bd3f1fd0 h1:tUVzmLmUA7IJQmCyVCOFMUPeKX9SvY+JI6thxe380mQ=
github.com/teejays/gokutil/sclog v0.0.0-20250426215142-5dc7bd3f1fd0/go.mod h1:uXqosMDfEfA1zOlFvt7ecZmmMlBStUZgyTqE84bZ4CA=
github.com/wk8/go-ordered-map/v2 v2.1.8 h1:5h/BUHu93oj4gIdvHHHGsScSTMijfx5PeYkE/fJgbpc=
github.com/wk8/go-ordered-map/v2 v2.1.8/go.mod h1:5nJHM5DyteebpVlHnWMV0rPz6Zp7+xBAnxjb1X5vnTw=
gopkg.in/check.v1 v0.0.0-20161208181325-20d25e280405 h1:yhCVgyC4o1eVCa2tZl7eS0r+SDo693bJlVdllGtEeKM=
gopkg.in/check.v1 v0.0.0-20161208181325-20d25e280405/go.mod h1:Co6ibVJAznAaIkqp8huTwlJQCZ016jof/cbN4VW5Yz0=
gopkg.in/yaml.v3 v3.0.1 h1:fxVm/GzAzEWqLHuvctI91KS9hhNmmWOoWu0XTYJS7CA=
gopkg.in/yaml.v3 v3.0.1/go.mod h1:K4uyk7z7BCEPqu6E+C64Yfv1cQ7kz7rIZviUmN+EgEM=
