github.com/Rican7/conjson v0.1.0 h1:8dNZzdy1mzwo9LOideWcOyY3PbKdsJPF7hj31/mrIiw=
github.com/Rican7/conjson v0.1.0/go.mod h1:CL1oWzzC9Ox36F2ghCPmtNpdW/ZKRunAc4dEoCL4Qyc=
github.com/joho/godotenv v1.5.1 h1:7eLL/+HRGLY0ldzfGMeQkb7vMd0as4CfYvUVzLqw0N0=
github.com/joho/godotenv v1.5.1/go.mod h1:f4LDr5Voq0i2e/R5DDNOoa2zzDfwtkZa6DnEwAbqwq4=
github.com/teejays/gokutil/clog v0.0.0-20250220195147-e5b8aac82db4 h1:5zZ/Ys2BrpyJRlsoBxYADB+ClYNMgRi7TU2IfnnSUN4=
github.com/teejays/gokutil/clog v0.0.0-20250220195147-e5b8aac82db4/go.mod h1:hNo+kINeDBD0TFAXy3xxB3c9u8C2Wp4U+ZrZ8lMXp+s=
github.com/teejays/gokutil/ctxutil v0.0.0-20250220195147-e5b8aac82db4 h1:nIvwixpBYZ04XMZjGavn5r8zQU9jIqQqemkym3ec+5g=
github.com/teejays/gokutil/ctxutil v0.0.0-20250220195147-e5b8aac82db4/go.mod h1:bllNxEbifUogtoKUuqRLnIdBOnuwqQ8Q4eEvBZHgOJA=
github.com/teejays/gokutil/env v0.0.0-20250220195147-e5b8aac82db4 h1:VVA/1WCdsmlbJrswt+OUjY0zpWLdaVC9zxZAbAp88jk=
github.com/teejays/gokutil/env v0.0.0-20250220195147-e5b8aac82db4/go.mod h1:64CDnns6EeKYSXLeFmUsxPSBANh4zmsVuBww7heu39Q=
github.com/teejays/gokutil/errutil v0.0.0-20250220195147-e5b8aac82db4 h1:67G2MKD0AjqpwTU8lL7KRiUG4e9Up1/lCx3EqMicH6g=
github.com/teejays/gokutil/errutil v0.0.0-20250220195147-e5b8aac82db4/go.mod h1:BlitSdeA2DXsZztqsY59YwMssNSviEEAuZOIfqLp2HQ=
github.com/teejays/gokutil/gopi v0.0.0-20250220195147-e5b8aac82db4 h1:aZ0EWQR7tRVyhyuxDuWiAEc/lgt4OYGRwCGMMooR4R8=
github.com/teejays/gokutil/gopi v0.0.0-20250220195147-e5b8aac82db4/go.mod h1:1j51Huw+7TjRE09zmQUQcV7Cioz8wvsl5mtdcKIolGE=
github.com/teejays/gokutil/log v0.0.0-20250220195147-e5b8aac82db4 h1:8SVpBPGdcmwjQEAvdkm9JT/9/IGAlX/yqQo8rLYScjM=
github.com/teejays/gokutil/log v0.0.0-20250220195147-e5b8aac82db4/go.mod h1:2aHW7FSb5LjYDEEBQtxU6Tt1JHS4jY2PXlg1GIJfLjg=
github.com/teejays/gokutil/panics v0.0.0-20250220195147-e5b8aac82db4 h1:NXJEGHoV74lgY6FrywO/2f1EWWQtf0FvYIVoBQ3r1Sk=
github.com/teejays/gokutil/panics v0.0.0-20250220195147-e5b8aac82db4/go.mod h1:02LGenLAbivQzXEl9ZHh+9ZdfrMEbJSHtChh5U4S+w4=
github.com/teejays/gokutil/sclog v0.0.0-20250220195147-e5b8aac82db4 h1:DY9ODbKCIKabBvLyvEaAEFoY/JBX0iUkopluw94OWnQ=
github.com/teejays/gokutil/sclog v0.0.0-20250220195147-e5b8aac82db4/go.mod h1:0LhPd5KA44vkpbcKnmB9R/A287gLy0JnQKzPEXgaS/s=
