github.com/Rican7/conjson v0.1.0 h1:8dNZzdy1mzwo9LOideWcOyY3PbKdsJPF7hj31/mrIiw=
github.com/Rican7/conjson v0.1.0/go.mod h1:CL1oWzzC9Ox36F2ghCPmtNpdW/ZKRunAc4dEoCL4Qyc=
github.com/creack/pty v1.1.9/go.mod h1:oKZEueFk5CKHvIhNR5MUki03XCEU+Q6VDXinZuGJ33E=
github.com/davecgh/go-spew v1.1.2-0.20180830191138-d8f796af33cc h1:U9qPSI2PIWSS1VwoXQT9A3Wy9MM3WgvqSxFWenqJduM=
github.com/davecgh/go-spew v1.1.2-0.20180830191138-d8f796af33cc/go.mod h1:J7Y8YcW2NihsgmVo/mv3lAwl/skON4iLHjSsI+c5H38=
github.com/felixge/httpsnoop v1.0.4 h1:NFTV2Zj1bL4mc9sqWACXbQFVBBg2W3GPvqp8/ESS2Wg=
github.com/felixge/httpsnoop v1.0.4/go.mod h1:m8KPJKqk1gH5J9DgRY2ASl2lWCfGKXixSwevea8zH2U=
github.com/gabriel-vasile/mimetype v1.4.9 h1:5k+WDwEsD9eTLL8Tz3L0VnmVh9QxGjRmjBvAG7U/oYY=
github.com/gabriel-vasile/mimetype v1.4.9/go.mod h1:WnSQhFKJuBlRyLiKohA/2DtIlPFAbguNaG7QCHcyGok=
github.com/go-playground/assert/v2 v2.2.0 h1:JvknZsQTYeFEAhQwI4qEt9cyV5ONwRHC+lYKSsYSR8s=
github.com/go-playground/assert/v2 v2.2.0/go.mod h1:VDjEfimB/XKnb+ZQfWdccd7VUvScMdVu0Titje2rxJ4=
github.com/go-playground/locales v0.14.1 h1:EWaQ/wswjilfKLTECiXz7Rh+3BjFhfDFKv/oXslEjJA=
github.com/go-playground/locales v0.14.1/go.mod h1:hxrqLVvrK65+Rwrd5Fc6F2O76J/NuW9t0sjnWqG1slY=
github.com/go-playground/universal-translator v0.18.1 h1:Bcnm0ZwsGyWbCzImXv+pAJnYK9S473LQFuzCbDbfSFY=
github.com/go-playground/universal-translator v0.18.1/go.mod h1:xekY+UJKNuX9WP91TpwSH2VMlDf28Uj24BCp08ZFTUY=
github.com/go-playground/validator/v10 v10.26.0 h1:SP05Nqhjcvz81uJaRfEV0YBSSSGMc/iMaVtFbr3Sw2k=
github.com/go-playground/validator/v10 v10.26.0/go.mod h1:I5QpIEbmr8On7W0TktmJAumgzX4CA1XNl4ZmDuVHKKo=
github.com/gorilla/handlers v1.5.2 h1:cLTUSsNkgcwhgRqvCNmdbRWG0A3N4F+M2nWKdScwyEE=
github.com/gorilla/handlers v1.5.2/go.mod h1:dX+xVpaxdSw+q0Qek8SSsl3dfMk3jNddUkMzo0GtH0w=
github.com/gorilla/mux v1.8.1 h1:TuBL49tXwgrFYWhqrNgrUNEY92u81SPhu7sTdzQEiWY=
github.com/gorilla/mux v1.8.1/go.mod h1:AKf9I4AEqPTmMytcMc0KkNouC66V3BtZ4qD5fmWSiMQ=
github.com/kr/pretty v0.3.1 h1:flRD4NNwYAUpkphVc1HcthR4KEIFJ65n8Mw5qdRn3LE=
github.com/kr/pretty v0.3.1/go.mod h1:hoEshYVHaxMs3cyo3Yncou5ZscifuDolrwPKZanG3xk=
github.com/kr/text v0.2.0 h1:5Nx0Ya0ZqY2ygV366QzturHI13Jq95ApcVaJBhpS+AY=
github.com/kr/text v0.2.0/go.mod h1:eLer722TekiGuMkidMxC/pM04lWEeraHUUmBw8l2grE=
github.com/leodido/go-urn v1.4.0 h1:WT9HwE9SGECu3lg4d/dIA+jxlljEa1/ffXKmRjqdmIQ=
github.com/leodido/go-urn v1.4.0/go.mod h1:bvxc+MVxLKB4z00jd1z+Dvzr47oO32F/QSNjSBOlFxI=
github.com/pmezard/go-difflib v1.0.1-0.20181226105442-5d4384ee4fb2 h1:Jamvg5psRIccs7FGNTlIRMkT8wgtp5eCXdBlqhYGL6U=
github.com/pmezard/go-difflib v1.0.1-0.20181226105442-5d4384ee4fb2/go.mod h1:iKH77koFhYxTK1pcRnkKkqfTogsbg7gZNVY4sRDYZ/4=
github.com/rogpeppe/go-internal v1.13.1 h1:KvO1DLK/DRN07sQ1LQKScxyZJuNnedQ5/wKSR38lUII=
github.com/rogpeppe/go-internal v1.13.1/go.mod h1:uMEvuHeurkdAXX61udpOXGD/AzZDWNMNyH2VO9fmH0o=
github.com/stretchr/testify v1.10.0 h1:Xv5erBjTwe/5IxqUQTdXv5kgmIvbHo3QQyRwhJsOfJA=
github.com/stretchr/testify v1.10.0/go.mod h1:r2ic/lqez/lEtzL7wO/rwa5dbSLXVDPFyf8C91i36aY=
github.com/teejays/gokutil/clog v0.0.0-20250426215142-5dc7bd3f1fd0 h1:eLbtJEsR4YCejv9Bf5wvXy+2+S15HqstatPwqha3qw4=
github.com/teejays/gokutil/clog v0.0.0-20250426215142-5dc7bd3f1fd0/go.mod h1:hNo+kINeDBD0TFAXy3xxB3c9u8C2Wp4U+ZrZ8lMXp+s=
github.com/teejays/gokutil/ctxutil v0.0.0-20250426215142-5dc7bd3f1fd0 h1:9kvqXENz3660/UvfBk2TD9HYp6ecE4A2Z6s6vAkaFAU=
github.com/teejays/gokutil/ctxutil v0.0.0-20250426215142-5dc7bd3f1fd0/go.mod h1:IJgFH0pseRE2hFZYTH17I7vo+RI83hd1wy/vyLeeFmg=
github.com/teejays/gokutil/env v0.0.0-20250426215142-5dc7bd3f1fd0 h1:OIUoPIIEwfnsN5tlbFFdiT+ryIkSMMuUL47X+4t/PtM=
github.com/teejays/gokutil/env v0.0.0-20250426215142-5dc7bd3f1fd0/go.mod h1:ypWjGLw8IsGMSjq5CbhXzI0imSed/YIwnbePmLGHeMc=
github.com/teejays/gokutil/errutil v0.0.0-20250426215142-5dc7bd3f1fd0 h1:DdwtP1NIi1sdij0iz8YL4WPf1Jl9B6CK8zePezzW/kk=
github.com/teejays/gokutil/errutil v0.0.0-20250426215142-5dc7bd3f1fd0/go.mod h1:hRxQYaAYmdaZyHwpBP5XfOzHr8241/pqEKlbkvFyx1E=
github.com/teejays/gokutil/httputil v0.0.0-20250426215142-5dc7bd3f1fd0 h1:4ajZ41luNE5KXfLzucUilPzS7HjwJ/uPKmf8Edkj57s=
github.com/teejays/gokutil/httputil v0.0.0-20250426215142-5dc7bd3f1fd0/go.mod h1:9AEOGwgFrvNZRsZn//ZCHdpxLi9Nx8jM2bVWWnGQJfs=
github.com/teejays/gokutil/log v0.0.0-20250426215142-5dc7bd3f1fd0 h1:C0BZfEzNcs6HNNN49RSECpwNteRwJvULyNnKREEyS+Q=
github.com/teejays/gokutil/log v0.0.0-20250426215142-5dc7bd3f1fd0/go.mod h1:C+iM5y+XHXRJaKnK2rv93r8Ee/DqRSAlcqLi2LdiKwE=
github.com/teejays/gokutil/panics v0.0.0-20250426215142-5dc7bd3f1fd0 h1:3PbT+2++IyjXdBxBNTOwBTF7xkUEZBKKLD/e+AF+Oho=
github.com/teejays/gokutil/panics v0.0.0-20250426215142-5dc7bd3f1fd0/go.mod h1:02LGenLAbivQzXEl9ZHh+9ZdfrMEbJSHtChh5U4S+w4=
github.com/teejays/gokutil/sclog v0.0.0-20250426215142-5dc7bd3f1fd0 h1:tUVzmLmUA7IJQmCyVCOFMUPeKX9SvY+JI6thxe380mQ=
github.com/teejays/gokutil/sclog v0.0.0-20250426215142-5dc7bd3f1fd0/go.mod h1:uXqosMDfEfA1zOlFvt7ecZmmMlBStUZgyTqE84bZ4CA=
github.com/teejays/gokutil/validate v0.0.0-20250426215142-5dc7bd3f1fd0 h1:UyHCjjkk+Bw0V3xBIGgCD7wW3hbRN36c/LczxTT6EPQ=
github.com/teejays/gokutil/validate v0.0.0-20250426215142-5dc7bd3f1fd0/go.mod h1:m84LHyJefh41TYHy5Ufdn8XEytb74WpmMNfCqxc5W5I=
golang.org/x/crypto v0.37.0 h1:kJNSjF/Xp7kU0iB2Z+9viTPMW4EqqsrywMXLJOOsXSE=
golang.org/x/crypto v0.37.0/go.mod h1:vg+k43peMZ0pUMhYmVAWysMK35e6ioLh3wB8ZCAfbVc=
golang.org/x/net v0.39.0 h1:ZCu7HMWDxpXpaiKdhzIfaltL9Lp31x/3fCP11bc6/fY=
golang.org/x/net v0.39.0/go.mod h1:X7NRbYVEA+ewNkCNyJ513WmMdQ3BineSwVtN2zD/d+E=
golang.org/x/sys v0.32.0 h1:s77OFDvIQeibCmezSnk/q6iAfkdiQaJi4VzroCFrN20=
golang.org/x/sys v0.32.0/go.mod h1:BJP2sWEmIv4KK5OTEluFJCKSidICx8ciO85XgH3Ak8k=
golang.org/x/text v0.24.0 h1:dd5Bzh4yt5KYA8f9CJHCP4FB4D51c2c6JvN37xJJkJ0=
golang.org/x/text v0.24.0/go.mod h1:L8rBsPeo2pSS+xqN0d5u2ikmjtmoJbDBT1b7nHvFCdU=
gopkg.in/check.v1 v0.0.0-20161208181325-20d25e280405/go.mod h1:Co6ibVJAznAaIkqp8huTwlJQCZ016jof/cbN4VW5Yz0=
gopkg.in/check.v1 v1.0.0-20201130134442-10cb98267c6c h1:Hei/4ADfdWqJk1ZMxUNpqntNwaWcugrBjAiHlqqRiVk=
gopkg.in/check.v1 v1.0.0-20201130134442-10cb98267c6c/go.mod h1:JHkPIbrfpd72SG/EVd6muEfDQjcINNoR0C8j2r3qZ4Q=
gopkg.in/go-playground/assert.v1 v1.2.1 h1:xoYuJVE7KT85PYWrN730RguIQO0ePzVRfFMXadIrXTM=
gopkg.in/go-playground/assert.v1 v1.2.1/go.mod h1:9RXL0bg/zibRAgZUYszZSwO/z8Y/a8bDuhia5mkpMnE=
gopkg.in/go-playground/validator.v9 v9.31.0 h1:bmXmP2RSNtFES+bn4uYuHT7iJFJv7Vj+an+ZQdDaD1M=
gopkg.in/go-playground/validator.v9 v9.31.0/go.mod h1:+c9/zcJMFNgbLvly1L1V+PpxWdVbfP1avr/N00E2vyQ=
gopkg.in/yaml.v3 v3.0.1 h1:fxVm/GzAzEWqLHuvctI91KS9hhNmmWOoWu0XTYJS7CA=
gopkg.in/yaml.v3 v3.0.1/go.mod h1:K4uyk7z7BCEPqu6E+C64Yfv1cQ7kz7rIZviUmN+EgEM=
