github.com/Rican7/conjson v0.1.0 h1:8dNZzdy1mzwo9LOideWcOyY3PbKdsJPF7hj31/mrIiw=
github.com/Rican7/conjson v0.1.0/go.mod h1:CL1oWzzC9Ox36F2ghCPmtNpdW/ZKRunAc4dEoCL4Qyc=
github.com/davecgh/go-spew v1.1.1 h1:vj9j/u1bqnvCEfJOwUhtlOARqs3+rkHYY13jYWTU97c=
github.com/davecgh/go-spew v1.1.1/go.mod h1:J7Y8YcW2NihsgmVo/mv3lAwl/skON4iLHjSsI+c5H38=
github.com/felixge/httpsnoop v1.0.4 h1:NFTV2Zj1bL4mc9sqWACXbQFVBBg2W3GPvqp8/ESS2Wg=
github.com/felixge/httpsnoop v1.0.4/go.mod h1:m8KPJKqk1gH5J9DgRY2ASl2lWCfGKXixSwevea8zH2U=
github.com/gabriel-vasile/mimetype v1.4.7 h1:SKFKl7kD0RiPdbht0s7hFtjl489WcQ1VyPW8ZzUMYCA=
github.com/gabriel-vasile/mimetype v1.4.7/go.mod h1:GDlAgAyIRT27BhFl53XNAFtfjzOkLaF35JdEG0P7LtU=
github.com/go-playground/assert/v2 v2.2.0 h1:JvknZsQTYeFEAhQwI4qEt9cyV5ONwRHC+lYKSsYSR8s=
github.com/go-playground/assert/v2 v2.2.0/go.mod h1:VDjEfimB/XKnb+ZQfWdccd7VUvScMdVu0Titje2rxJ4=
github.com/go-playground/locales v0.14.1 h1:EWaQ/wswjilfKLTECiXz7Rh+3BjFhfDFKv/oXslEjJA=
github.com/go-playground/locales v0.14.1/go.mod h1:hxrqLVvrK65+Rwrd5Fc6F2O76J/NuW9t0sjnWqG1slY=
github.com/go-playground/universal-translator v0.18.1 h1:Bcnm0ZwsGyWbCzImXv+pAJnYK9S473LQFuzCbDbfSFY=
github.com/go-playground/universal-translator v0.18.1/go.mod h1:xekY+UJKNuX9WP91TpwSH2VMlDf28Uj24BCp08ZFTUY=
github.com/go-playground/validator/v10 v10.23.0 h1:/PwmTwZhS0dPkav3cdK9kV1FsAmrL8sThn8IHr/sO+o=
github.com/go-playground/validator/v10 v10.23.0/go.mod h1:dbuPbCMFw/DrkbEynArYaCwl3amGuJotoKCe95atGMM=
github.com/gorilla/handlers v1.5.2 h1:cLTUSsNkgcwhgRqvCNmdbRWG0A3N4F+M2nWKdScwyEE=
github.com/gorilla/handlers v1.5.2/go.mod h1:dX+xVpaxdSw+q0Qek8SSsl3dfMk3jNddUkMzo0GtH0w=
github.com/gorilla/mux v1.8.1 h1:TuBL49tXwgrFYWhqrNgrUNEY92u81SPhu7sTdzQEiWY=
github.com/gorilla/mux v1.8.1/go.mod h1:AKf9I4AEqPTmMytcMc0KkNouC66V3BtZ4qD5fmWSiMQ=
github.com/leodido/go-urn v1.4.0 h1:WT9HwE9SGECu3lg4d/dIA+jxlljEa1/ffXKmRjqdmIQ=
github.com/leodido/go-urn v1.4.0/go.mod h1:bvxc+MVxLKB4z00jd1z+Dvzr47oO32F/QSNjSBOlFxI=
github.com/pmezard/go-difflib v1.0.0 h1:4DBwDE0NGyQoBHbLQYPwSUPoCMWR5BEzIk/f1lZbAQM=
github.com/pmezard/go-difflib v1.0.0/go.mod h1:iKH77koFhYxTK1pcRnkKkqfTogsbg7gZNVY4sRDYZ/4=
github.com/stretchr/testify v1.9.0 h1:HtqpIVDClZ4nwg75+f6Lvsy/wHu+3BoSGCbBAcpTsTg=
github.com/stretchr/testify v1.9.0/go.mod h1:r2ic/lqez/lEtzL7wO/rwa5dbSLXVDPFyf8C91i36aY=
github.com/teejays/gokutil/clog v0.0.0-20241203082758-aa4200554049 h1:/YHKgfyYklk3exwfCtyN9peUu1iywZS1H1mGZYkdp5Q=
github.com/teejays/gokutil/clog v0.0.0-20241203082758-aa4200554049/go.mod h1:Util6ES8k79mUEL3LoB/RkrbzoXnsW+e2BoN7ItLGSk=
github.com/teejays/gokutil/ctxutil v0.0.0-20241203082758-aa4200554049 h1:QDUGqSlVK9w8OdMW+nm2SuxvwLC4VDW5ixOl14Vmwrc=
github.com/teejays/gokutil/ctxutil v0.0.0-20241203082758-aa4200554049/go.mod h1:EE5cU+hJiaUxP1q2BgLQjZW4tXRlHpFo96a2D15CSBE=
github.com/teejays/gokutil/env v0.0.0-20241203082758-aa4200554049 h1:M33lA6lOYj1H7uqQrVuUq77KH9UKsytf1OuSznOQZKA=
github.com/teejays/gokutil/env v0.0.0-20241203082758-aa4200554049/go.mod h1:Zwq/3H52J9+61oWrSSdL8aI5GZFzGpAqVQT5DdeVV54=
github.com/teejays/gokutil/errutil v0.0.0-20241203082758-aa4200554049 h1:2RMxRtlObB2ZeA9wM3kWHt4vZac1tNbIaxSETMPCwFo=
github.com/teejays/gokutil/errutil v0.0.0-20241203082758-aa4200554049/go.mod h1:dAm1AIdTVr9gSq3p+6hwumJ3irb8VIzeUdvyEnVxVvA=
github.com/teejays/gokutil/httputil v0.0.0-20241203082758-aa4200554049 h1:+6G3N+6k0o04GN6+mzd0aZX/U//eUypWvVE50Nv6qBs=
github.com/teejays/gokutil/httputil v0.0.0-20241203082758-aa4200554049/go.mod h1:pWPPjl6H4Sd204cko6ecTDOfYpwdJ/MxPocJhhXPEoU=
github.com/teejays/gokutil/log v0.0.0-20241203082758-aa4200554049 h1:zIPUcblL6P9s1BBhmyKyQytFJxqpfMmGfVkpDZyJPeg=
github.com/teejays/gokutil/log v0.0.0-20241203082758-aa4200554049/go.mod h1:3OsA/up3wq5vHlEyp69C7xeyMnsJw1xODfc5abxhAao=
github.com/teejays/gokutil/panics v0.0.0-20241203082758-aa4200554049 h1:NZu1BtKgmxbiI7yxhINH12EjVCeBEfPTjdeOYPhwWUU=
github.com/teejays/gokutil/panics v0.0.0-20241203082758-aa4200554049/go.mod h1:ozbKMbDGOPikGWQ5byY801Jv2s1P1gaNxAdtJIQQGRo=
github.com/teejays/gokutil/sclog v0.0.0-20241203082758-aa4200554049 h1:ErHMjk9CDFrpcdMinlIyv62sNf2HPOwESi2wybO4u0I=
github.com/teejays/gokutil/sclog v0.0.0-20241203082758-aa4200554049/go.mod h1:iRie5Kwg3faRBZfU+ugx0lR7WMlaht6I77OanJo8T2o=
github.com/teejays/gokutil/validate v0.0.0-20241203082758-aa4200554049 h1:GPuFWaOjKR6/Iew0VchJMzLuLTM4Q8eh+0j4n0vXgzU=
github.com/teejays/gokutil/validate v0.0.0-20241203082758-aa4200554049/go.mod h1:LMVtOdm/hImpNwOeVdb8lOCOW817OBHcob2EVX4mT5M=
golang.org/x/crypto v0.30.0 h1:RwoQn3GkWiMkzlX562cLB7OxWvjH1L8xutO2WoJcRoY=
golang.org/x/crypto v0.30.0/go.mod h1:kDsLvtWBEx7MV9tJOj9bnXsPbxwJQ6csT/x4KIN4Ssk=
golang.org/x/net v0.32.0 h1:ZqPmj8Kzc+Y6e0+skZsuACbx+wzMgo5MQsJh9Qd6aYI=
golang.org/x/net v0.32.0/go.mod h1:CwU0IoeOlnQQWJ6ioyFrfRuomB8GKF6KbYXZVyeXNfs=
golang.org/x/sys v0.28.0 h1:Fksou7UEQUWlKvIdsqzJmUmCX3cZuD2+P3XyyzwMhlA=
golang.org/x/sys v0.28.0/go.mod h1:/VUhepiaJMQUp4+oa/7Zr1D23ma6VTLIYjOOTFZPUcA=
golang.org/x/text v0.21.0 h1:zyQAAkrwaneQ066sspRyJaG9VNi/YJ1NfzcGB3hZ/qo=
golang.org/x/text v0.21.0/go.mod h1:4IBbMaMmOPCJ8SecivzSH54+73PCFmPWxNTLm+vZkEQ=
gopkg.in/check.v1 v0.0.0-20161208181325-20d25e280405 h1:yhCVgyC4o1eVCa2tZl7eS0r+SDo693bJlVdllGtEeKM=
gopkg.in/check.v1 v0.0.0-20161208181325-20d25e280405/go.mod h1:Co6ibVJAznAaIkqp8huTwlJQCZ016jof/cbN4VW5Yz0=
gopkg.in/go-playground/assert.v1 v1.2.1 h1:xoYuJVE7KT85PYWrN730RguIQO0ePzVRfFMXadIrXTM=
gopkg.in/go-playground/assert.v1 v1.2.1/go.mod h1:9RXL0bg/zibRAgZUYszZSwO/z8Y/a8bDuhia5mkpMnE=
gopkg.in/go-playground/validator.v9 v9.31.0 h1:bmXmP2RSNtFES+bn4uYuHT7iJFJv7Vj+an+ZQdDaD1M=
gopkg.in/go-playground/validator.v9 v9.31.0/go.mod h1:+c9/zcJMFNgbLvly1L1V+PpxWdVbfP1avr/N00E2vyQ=
gopkg.in/yaml.v3 v3.0.1 h1:fxVm/GzAzEWqLHuvctI91KS9hhNmmWOoWu0XTYJS7CA=
gopkg.in/yaml.v3 v3.0.1/go.mod h1:K4uyk7z7BCEPqu6E+C64Yfv1cQ7kz7rIZviUmN+EgEM=
