github.com/joho/godotenv v1.5.1 h1:7eLL/+HRGLY0ldzfGMeQkb7vMd0as4CfYvUVzLqw0N0=
github.com/joho/godotenv v1.5.1/go.mod h1:f4LDr5Voq0i2e/R5DDNOoa2zzDfwtkZa6DnEwAbqwq4=
github.com/teejays/gokutil/clog v0.0.0-20241124014017-33a80187ef14 h1:G9vzWlwMCTwCBB9Kds8FVjqYEFozWsbk/Scw8R/FEuM=
github.com/teejays/gokutil/clog v0.0.0-20241124014017-33a80187ef14/go.mod h1:Util6ES8k79mUEL3LoB/RkrbzoXnsW+e2BoN7ItLGSk=
github.com/teejays/gokutil/ctxutil v0.0.0-20241124014017-33a80187ef14 h1:ts60RV0YiInK4hqcHRfArz9oc7cG1g+NnZ7AFwe2pfg=
github.com/teejays/gokutil/ctxutil v0.0.0-20241124014017-33a80187ef14/go.mod h1:Tp/vXXYXPPX1JUqONQNGRtsPI3HJ8U9lfEjPfoYGxjg=
github.com/teejays/gokutil/errutil v0.0.0-20241129080937-a3d0cf712dbd h1:8J+FYBV7NArPMytFoOXt/y2RO29BjAMlRxWhjJuGnxM=
github.com/teejays/gokutil/errutil v0.0.0-20241129080937-a3d0cf712dbd/go.mod h1:OvbRx5c5MkiBDefz+Bth3rD1FF+diXgMlRWB06OZJ5g=
github.com/teejays/gokutil/log v0.0.0-20241124014017-33a80187ef14 h1:kn1D8mczEmR+bw7u4QY4qWPmhmxzPbpzwegw9lwXYkA=
github.com/teejays/gokutil/log v0.0.0-20241124014017-33a80187ef14/go.mod h1:qIbUliYQ6EkMQ2AWNuqb9TbtbSeM8U/QRDR+SuBa/EU=
github.com/teejays/gokutil/panics v0.0.0-20250121202708-b5a3068c5c6c h1:45Q67kfVesdrcj1/YEAkDYnGyphFyticcUfopJ21b3Y=
github.com/teejays/gokutil/panics v0.0.0-20250121202708-b5a3068c5c6c/go.mod h1:02LGenLAbivQzXEl9ZHh+9ZdfrMEbJSHtChh5U4S+w4=
github.com/teejays/gokutil/sclog v0.0.0-20241124014017-33a80187ef14 h1:25Hbq5eEVijXCWkTRXfUaad1HJuXM+zHS1i5t+Pxvgw=
github.com/teejays/gokutil/sclog v0.0.0-20241124014017-33a80187ef14/go.mod h1:J6HOb7YrKWaHQ4OGs+fNZlSTt0J8zZbxOCD+kzhJJXk=
