github.com/joho/godotenv v1.5.1 h1:7eLL/+HRGLY0ldzfGMeQkb7vMd0as4CfYvUVzLqw0N0=
github.com/joho/godotenv v1.5.1/go.mod h1:f4LDr5Voq0i2e/R5DDNOoa2zzDfwtkZa6DnEwAbqwq4=
github.com/teejays/gokutil/clog v0.0.0-20240804222343-f02386c3a6a3 h1:Y2ad+4565dlMH8KIh8zkbRKeFI2a2FitY/cd2xQYKI8=
github.com/teejays/gokutil/clog v0.0.0-20240804222343-f02386c3a6a3/go.mod h1:btwNHLQw53faufeKPYvT4oj0ceKQkQ2pP43uiKT4exw=
github.com/teejays/gokutil/log v0.0.0-20240805201441-7ba176910d62 h1:+CFT7WIhSNoWp9pAYqQuN8TydzUaj55gP7+BxCK2W4s=
github.com/teejays/gokutil/log v0.0.0-20240805201441-7ba176910d62/go.mod h1:Qgjic4p63XHZ+4gPqwklBl0KC8FnG5o1YWrQQILEqSI=
github.com/teejays/gokutil/panics v0.0.0-20240807004339-2e36dbb93e96 h1:sGnAxwvW8+1UuHmRWgTOrva3f7gFJSYhf8BtvvmroAQ=
github.com/teejays/gokutil/panics v0.0.0-20240807004339-2e36dbb93e96/go.mod h1:ozbKMbDGOPikGWQ5byY801Jv2s1P1gaNxAdtJIQQGRo=
